// !$*UTF8*$!
{
	archiveVersion = 1;
	classes = {
	};
	objectVersion = 46;
	objects = {
/* Begin PBXBuildFile section */
		0207DA581B56EA530066E2B4 /* Images.xcassets in Resources */ = {isa = PBXBuildFile; fileRef = 0207DA571B56EA530066E2B4 /* Images.xcassets */; };
		1D3623260D0F684500981E51 /* AppDelegate.m in Sources */ = {isa = PBXBuildFile; fileRef = 1D3623250D0F684500981E51 /* AppDelegate.m */; };
		1D60589B0D05DD56006BFB54 /* main.m in Sources */ = {isa = PBXBuildFile; fileRef = 29B97316FDCFA39411CA2CEA /* main.m */; };
		301BF552109A68D80062928A /* libCordova.a in Frameworks */ = {isa = PBXBuildFile; fileRef = 301BF535109A57CC0062928A /* libCordova.a */; };
		302D95F114D2391D003F00A1 /* MainViewController.m in Sources */ = {isa = PBXBuildFile; fileRef = 302D95EF14D2391D003F00A1 /* MainViewController.m */; };
		302D95F214D2391D003F00A1 /* MainViewController.xib in Resources */ = {isa = PBXBuildFile; fileRef = 302D95F014D2391D003F00A1 /* MainViewController.xib */; };
		3047A5121AB8059700498E2A /* build-debug.xcconfig in Resources */ = {isa = PBXBuildFile; fileRef = 3047A50F1AB8059700498E2A /* build-debug.xcconfig */; };
		3047A5131AB8059700498E2A /* build-release.xcconfig in Resources */ = {isa = PBXBuildFile; fileRef = 3047A5101AB8059700498E2A /* build-release.xcconfig */; };
		3047A5141AB8059700498E2A /* build.xcconfig in Resources */ = {isa = PBXBuildFile; fileRef = 3047A5111AB8059700498E2A /* build.xcconfig */; };
		6AFF5BF91D6E424B00AB3073 /* CDVLaunchScreen.storyboard in Resources */ = {isa = PBXBuildFile; fileRef = 6AFF5BF81D6E424B00AB3073 /* CDVLaunchScreen.storyboard */; };
		E48987573A634A8AA6E53E0C /* CDVDevice.m in Sources */ = {isa = PBXBuildFile; fileRef = 1DBA8E85FA594F5F83DE2644 /* CDVDevice.m */; };
		61892BDE702841B8B7596258 /* libz.tbd in Frameworks */ = {isa = PBXBuildFile; fileRef = FBA49755738D4C66BDE83015 /* libz.tbd */; };
		792255EAEFF844FD96DA7429 /* FCMPlugin.m in Sources */ = {isa = PBXBuildFile; fileRef = 56997B4A3F96402DB95195BE /* FCMPlugin.m */; };
		4C1D15599E9C45C48CCCBF07 /* AppDelegate+FCMPlugin.m in Sources */ = {isa = PBXBuildFile; fileRef = EB385E85A4114CE2A6066315 /* AppDelegate+FCMPlugin.m */; };
		0F62B2C0C59848218E7F6FE6 /* GoogleService-Info.plist in Resources */ = {isa = PBXBuildFile; fileRef = E0834DE3387F41BBBD4508C5 /* GoogleService-Info.plist */; };
		AF994936744544A482DEC102 /* FirebaseAnalytics.framework in Frameworks */ = {isa = PBXBuildFile; fileRef = F2ADEAAE5BF84C82B167AF11 /* FirebaseAnalytics.framework */; };
		222369264DAA4114A0E8DD2A /* FirebaseCore.framework in Frameworks */ = {isa = PBXBuildFile; fileRef = 21CFB9D3AD6F465F83EBA1E3 /* FirebaseCore.framework */; };
		7E1A85C2A67D4A60827A313C /* FirebaseInstanceID.framework in Frameworks */ = {isa = PBXBuildFile; fileRef = 21DD68A37C684921B5F79F2E /* FirebaseInstanceID.framework */; };
		67BA115B3EAD476AB0FF3F1F /* FirebaseMessaging.framework in Frameworks */ = {isa = PBXBuildFile; fileRef = 28DE3B585B504B5CB80A6440 /* FirebaseMessaging.framework */; };
		3357F4E49E7B4819AEF57D47 /* GoogleInterchangeUtilities.framework in Frameworks */ = {isa = PBXBuildFile; fileRef = BBA035E64F384BA480A269A4 /* GoogleInterchangeUtilities.framework */; };
		A88ECA446A074ECB8393A562 /* GoogleIPhoneUtilities.framework in Frameworks */ = {isa = PBXBuildFile; fileRef = 92FB326D415D492A9F598E15 /* GoogleIPhoneUtilities.framework */; };
		2C560D51932E4F86A64C16C5 /* GoogleSymbolUtilities.framework in Frameworks */ = {isa = PBXBuildFile; fileRef = E91000F6921E4B4EB87B05F4 /* GoogleSymbolUtilities.framework */; };
		442C95ABABAB46F48518632F /* GoogleUtilities.framework in Frameworks */ = {isa = PBXBuildFile; fileRef = 480CED2CEE824717826898C1 /* GoogleUtilities.framework */; };
		43359A6E18E14DABAA44F193 /* libc++.tbd in Frameworks */ = {isa = PBXBuildFile; fileRef = 9BBE1E6E4F82464395B75121 /* libc++.tbd */; };
		A730D0A4C07C4D2BA807620C /* AddressBook.framework in Frameworks */ = {isa = PBXBuildFile; fileRef = EA042061FE804D51923038BB /* AddressBook.framework */; };
		D6D8F84053934EC6B45698B7 /* libsqlite3.0.tbd in Frameworks */ = {isa = PBXBuildFile; fileRef = 0B39F51A0C09449FA4EFCE4E /* libsqlite3.0.tbd */; };
		EEF8922266D64434A2D2A04B /* Security.framework in Frameworks */ = {isa = PBXBuildFile; fileRef = F4F99E4CE1B542459A3BC0D2 /* Security.framework */; };
		F7B79F68C1A74DE89D7E7E42 /* CDVInAppBrowser.m in Sources */ = {isa = PBXBuildFile; fileRef = 8C9EF4CD1ADC413B9766D906 /* CDVInAppBrowser.m */; };
		BF603864B00E4309BB0AEBC9 /* CDVIonicKeyboard.m in Sources */ = {isa = PBXBuildFile; fileRef = F823512704E04F4A9F9A4A64 /* CDVIonicKeyboard.m */; };
		2D6192A9F08E4C73BB272C63 /* CDVWKWebViewEngine.m in Sources */ = {isa = PBXBuildFile; fileRef = 0B30B5D12C454F2685B7AC3D /* CDVWKWebViewEngine.m */; };
		10FAD49CB93744459E64F3BC /* CDVWKWebViewUIDelegate.m in Sources */ = {isa = PBXBuildFile; fileRef = 4F9C18B1C1904CF7974961D2 /* CDVWKWebViewUIDelegate.m */; };
		0419CA6FD3094D1F96427850 /* CDVWKProcessPoolFactory.m in Sources */ = {isa = PBXBuildFile; fileRef = 997D0930BA3444C5AA815030 /* CDVWKProcessPoolFactory.m */; };
		A5805E7357C0411D8C362F2F /* GCDWebServer.m in Sources */ = {isa = PBXBuildFile; fileRef = 7410BE92F0F2407F9BDB2E9C /* GCDWebServer.m */; };
		8AA7EDD4456248E793A9C8E3 /* GCDWebServerConnection.m in Sources */ = {isa = PBXBuildFile; fileRef = EA956347BB1B46A98551308C /* GCDWebServerConnection.m */; };
		2BF4315CFCB544A787975A30 /* GCDWebServerFunctions.m in Sources */ = {isa = PBXBuildFile; fileRef = 82F5748578874B9FAD830E35 /* GCDWebServerFunctions.m */; };
		C155D6879CE8424F82F5B24A /* GCDWebServerRequest.m in Sources */ = {isa = PBXBuildFile; fileRef = C2E24BC6AF8A4539B55EB915 /* GCDWebServerRequest.m */; };
		C2CC153FD9244AC9B2C95A56 /* GCDWebServerResponse.m in Sources */ = {isa = PBXBuildFile; fileRef = 29C12B7183944FD4BFF95508 /* GCDWebServerResponse.m */; };
		478C85E5F87C4EA6BCBE53AF /* GCDWebServerDataRequest.m in Sources */ = {isa = PBXBuildFile; fileRef = 29972A669CB2453DAF21F3D0 /* GCDWebServerDataRequest.m */; };
		F764AA0A363242D6A8979967 /* GCDWebServerFileRequest.m in Sources */ = {isa = PBXBuildFile; fileRef = E99DDCD9FBB6483381D8E314 /* GCDWebServerFileRequest.m */; };
		D36D5CC15EFB4938AF50D6CB /* GCDWebServerMultiPartFormRequest.m in Sources */ = {isa = PBXBuildFile; fileRef = 1895D5555358481E84A48FB7 /* GCDWebServerMultiPartFormRequest.m */; };
		CB103FCFD77644028078B99E /* GCDWebServerURLEncodedFormRequest.m in Sources */ = {isa = PBXBuildFile; fileRef = 66D53DE628BA4F9BA2E3192A /* GCDWebServerURLEncodedFormRequest.m */; };
		B4C0AB8A10444D25A1AA924D /* GCDWebServerDataResponse.m in Sources */ = {isa = PBXBuildFile; fileRef = 49F743045E4B4A17AD022B4F /* GCDWebServerDataResponse.m */; };
		3858DBB397AA45CF8A8AC4F3 /* GCDWebServerErrorResponse.m in Sources */ = {isa = PBXBuildFile; fileRef = 3253F776426F49789DE17A22 /* GCDWebServerErrorResponse.m */; };
		7F6A9A53627E44C78D323E0F /* GCDWebServerFileResponse.m in Sources */ = {isa = PBXBuildFile; fileRef = E9BF9EE26B2349E2832352EA /* GCDWebServerFileResponse.m */; };
		90C9489760794F93AF5380AF /* GCDWebServerStreamedResponse.m in Sources */ = {isa = PBXBuildFile; fileRef = 0C643B045ED64EB69E6D66C7 /* GCDWebServerStreamedResponse.m */; };
		805A522C36BD44DEBCB6A2B8 /* WebKit.framework in Frameworks */ = {isa = PBXBuildFile; fileRef = 656643A7C12B48C28D666E86 /* WebKit.framework */; settings = {ATTRIBUTES = (Weak, ); }; };
		09080FAAE1D94C7D85F8F224 /* CDVSplashScreen.m in Sources */ = {isa = PBXBuildFile; fileRef = B2B1E9FAB8FF4529BE23F1E3 /* CDVSplashScreen.m */; };
		179B737713374723B7F05651 /* CDVViewController+SplashScreen.m in Sources */ = {isa = PBXBuildFile; fileRef = 182A4DE1295645FEB7B5D0C1 /* CDVViewController+SplashScreen.m */; };
/* End PBXBuildFile section */

/* Begin PBXContainerItemProxy section */
		301BF534109A57CC0062928A /* PBXContainerItemProxy */ = {
			isa = PBXContainerItemProxy;
			containerPortal = 301BF52D109A57CC0062928A /* CordovaLib.xcodeproj */;
			proxyType = 2;
			remoteGlobalIDString = D2AAC07E0554694100DB518D;
			remoteInfo = CordovaLib;
		};
		301BF550109A68C00062928A /* PBXContainerItemProxy */ = {
			isa = PBXContainerItemProxy;
			containerPortal = 301BF52D109A57CC0062928A /* CordovaLib.xcodeproj */;
			proxyType = 1;
			remoteGlobalIDString = D2AAC07D0554694100DB518D;
			remoteInfo = CordovaLib;
		};
/* End PBXContainerItemProxy section */

/* Begin PBXFileReference section */
		0207DA571B56EA530066E2B4 /* Images.xcassets */ = {isa = PBXFileReference; lastKnownFileType = folder.assetcatalog; name = Images.xcassets; path = "Prata da Casa/Images.xcassets"; sourceTree = SOURCE_ROOT; };
		1D3623240D0F684500981E51 /* AppDelegate.h */ = {isa = PBXFileReference; fileEncoding = 4; lastKnownFileType = sourcecode.c.h; path = AppDelegate.h; sourceTree = "<group>"; };
		1D3623250D0F684500981E51 /* AppDelegate.m */ = {isa = PBXFileReference; fileEncoding = 4; lastKnownFileType = sourcecode.c.objc; path = AppDelegate.m; sourceTree = "<group>"; };
		1D6058910D05DD3D006BFB54 /* Prata da Casa.app */ = {isa = PBXFileReference; explicitFileType = wrapper.application; includeInIndex = 0; path = "Prata da Casa.app"; sourceTree = BUILT_PRODUCTS_DIR; };
		29B97316FDCFA39411CA2CEA /* main.m */ = {isa = PBXFileReference; fileEncoding = 4; lastKnownFileType = sourcecode.c.objc; path = main.m; sourceTree = "<group>"; };
		301BF52D109A57CC0062928A /* CordovaLib.xcodeproj */ = {isa = PBXFileReference; lastKnownFileType = "wrapper.pb-project"; path = CordovaLib/CordovaLib.xcodeproj; sourceTree = "<group>"; };
		301BF56E109A69640062928A /* www */ = {isa = PBXFileReference; lastKnownFileType = folder; path = www; sourceTree = SOURCE_ROOT; };
		302D95EE14D2391D003F00A1 /* MainViewController.h */ = {isa = PBXFileReference; fileEncoding = 4; lastKnownFileType = sourcecode.c.h; path = MainViewController.h; sourceTree = "<group>"; };
		302D95EF14D2391D003F00A1 /* MainViewController.m */ = {isa = PBXFileReference; fileEncoding = 4; lastKnownFileType = sourcecode.c.objc; path = MainViewController.m; sourceTree = "<group>"; };
		302D95F014D2391D003F00A1 /* MainViewController.xib */ = {isa = PBXFileReference; fileEncoding = 4; lastKnownFileType = file.xib; path = MainViewController.xib; sourceTree = "<group>"; };
		3047A50F1AB8059700498E2A /* build-debug.xcconfig */ = {isa = PBXFileReference; fileEncoding = 4; lastKnownFileType = text.xcconfig; name = "build-debug.xcconfig"; path = cordova/build-debug.xcconfig; sourceTree = SOURCE_ROOT; };
		3047A5101AB8059700498E2A /* build-release.xcconfig */ = {isa = PBXFileReference; fileEncoding = 4; lastKnownFileType = text.xcconfig; name = "build-release.xcconfig"; path = cordova/build-release.xcconfig; sourceTree = SOURCE_ROOT; };
		3047A5111AB8059700498E2A /* build.xcconfig */ = {isa = PBXFileReference; fileEncoding = 4; lastKnownFileType = text.xcconfig; name = build.xcconfig; path = cordova/build.xcconfig; sourceTree = SOURCE_ROOT; };
		32CA4F630368D1EE00C91783 /* Prata da Casa-Prefix.pch */ = {isa = PBXFileReference; fileEncoding = 4; lastKnownFileType = sourcecode.c.h; path = "Prata da Casa-Prefix.pch"; sourceTree = "<group>"; };
		6AFF5BF81D6E424B00AB3073 /* CDVLaunchScreen.storyboard */ = {isa = PBXFileReference; fileEncoding = 4; lastKnownFileType = file.storyboard; name = CDVLaunchScreen.storyboard; path = "Prata da Casa/CDVLaunchScreen.storyboard"; sourceTree = SOURCE_ROOT; };
		8D1107310486CEB800E47090 /* Prata da Casa-Info.plist */ = {isa = PBXFileReference; fileEncoding = 4; lastKnownFileType = text.plist.xml; name = "Prata da Casa-Info.plist"; path = "Prata da Casa/Prata da Casa-Info.plist"; plistStructureDefinitionIdentifier = "com.apple.xcode.plist.structure-definition.iphone.info-plist"; sourceTree = SOURCE_ROOT; };
		EB87FDF31871DA8E0020F90C /* www */ = {isa = PBXFileReference; lastKnownFileType = folder; name = www; path = ../../www; sourceTree = "<group>"; };
		EB87FDF41871DAF40020F90C /* config.xml */ = {isa = PBXFileReference; lastKnownFileType = text.xml; name = config.xml; path = ../../config.xml; sourceTree = "<group>"; };
		F840E1F0165FE0F500CFE078 /* config.xml */ = {isa = PBXFileReference; lastKnownFileType = text.xml; name = config.xml; path = "Prata da Casa/config.xml"; sourceTree = "<group>"; };
		ED33DF2A687741AEAF9F8254 /* Bridging-Header.h */ = {isa = PBXFileReference; fileEncoding = 4; lastKnownFileType = sourcecode.c.h; name = "Bridging-Header.h"; path = "Bridging-Header.h"; sourceTree = "<group>"; };
		1DBA8E85FA594F5F83DE2644 /* CDVDevice.m */ = {isa = PBXFileReference; name = "CDVDevice.m"; path = "cordova-plugin-device/CDVDevice.m"; sourceTree = "<group>"; fileEncoding = 4; lastKnownFileType = sourcecode.c.objc; explicitFileType = undefined; includeInIndex = 0; };
		02511BF521A04A29BA0FD66F /* CDVDevice.h */ = {isa = PBXFileReference; name = "CDVDevice.h"; path = "cordova-plugin-device/CDVDevice.h"; sourceTree = "<group>"; fileEncoding = 4; lastKnownFileType = sourcecode.c.h; explicitFileType = undefined; includeInIndex = 0; };
		FBA49755738D4C66BDE83015 /* libz.tbd */ = {isa = PBXFileReference; name = "libz.tbd"; path = "usr/lib/libz.tbd"; sourceTree = SDKROOT; fileEncoding = undefined; lastKnownFileType = sourcecode.text-based-dylib-definition; explicitFileType = undefined; includeInIndex = 0; };
		56997B4A3F96402DB95195BE /* FCMPlugin.m */ = {isa = PBXFileReference; name = "FCMPlugin.m"; path = "cordova-plugin-fcm/FCMPlugin.m"; sourceTree = "<group>"; fileEncoding = 4; lastKnownFileType = sourcecode.c.objc; explicitFileType = undefined; includeInIndex = 0; };
		EB385E85A4114CE2A6066315 /* AppDelegate+FCMPlugin.m */ = {isa = PBXFileReference; name = "AppDelegate+FCMPlugin.m"; path = "cordova-plugin-fcm/AppDelegate+FCMPlugin.m"; sourceTree = "<group>"; fileEncoding = 4; lastKnownFileType = sourcecode.c.objc; explicitFileType = undefined; includeInIndex = 0; };
		786E241D65274381A8CFDA45 /* FCMPlugin.h */ = {isa = PBXFileReference; name = "FCMPlugin.h"; path = "cordova-plugin-fcm/FCMPlugin.h"; sourceTree = "<group>"; fileEncoding = 4; lastKnownFileType = sourcecode.c.h; explicitFileType = undefined; includeInIndex = 0; };
		5CBFE748B6EF4E4094CB06CA /* AppDelegate+FCMPlugin.h */ = {isa = PBXFileReference; name = "AppDelegate+FCMPlugin.h"; path = "cordova-plugin-fcm/AppDelegate+FCMPlugin.h"; sourceTree = "<group>"; fileEncoding = 4; lastKnownFileType = sourcecode.c.h; explicitFileType = undefined; includeInIndex = 0; };
		63A386E983F242C8A76C4327 /* Firebase.h */ = {isa = PBXFileReference; name = "Firebase.h"; path = "cordova-plugin-fcm/Firebase.h"; sourceTree = "<group>"; fileEncoding = 4; lastKnownFileType = sourcecode.c.h; explicitFileType = undefined; includeInIndex = 0; };
		E0834DE3387F41BBBD4508C5 /* GoogleService-Info.plist */ = {isa = PBXFileReference; name = "GoogleService-Info.plist"; path = "Resources/GoogleService-Info.plist"; sourceTree = "<group>"; fileEncoding = 4; lastKnownFileType = text.plist.xml; explicitFileType = undefined; includeInIndex = 0; };
		F2ADEAAE5BF84C82B167AF11 /* FirebaseAnalytics.framework */ = {isa = PBXFileReference; name = "FirebaseAnalytics.framework"; path = "Prata da Casa/Plugins/cordova-plugin-fcm/FirebaseAnalytics.framework"; sourceTree = "<group>"; fileEncoding = undefined; lastKnownFileType = wrapper.framework; explicitFileType = undefined; includeInIndex = 0; };
		21CFB9D3AD6F465F83EBA1E3 /* FirebaseCore.framework */ = {isa = PBXFileReference; name = "FirebaseCore.framework"; path = "Prata da Casa/Plugins/cordova-plugin-fcm/FirebaseCore.framework"; sourceTree = "<group>"; fileEncoding = undefined; lastKnownFileType = wrapper.framework; explicitFileType = undefined; includeInIndex = 0; };
		21DD68A37C684921B5F79F2E /* FirebaseInstanceID.framework */ = {isa = PBXFileReference; name = "FirebaseInstanceID.framework"; path = "Prata da Casa/Plugins/cordova-plugin-fcm/FirebaseInstanceID.framework"; sourceTree = "<group>"; fileEncoding = undefined; lastKnownFileType = wrapper.framework; explicitFileType = undefined; includeInIndex = 0; };
		28DE3B585B504B5CB80A6440 /* FirebaseMessaging.framework */ = {isa = PBXFileReference; name = "FirebaseMessaging.framework"; path = "Prata da Casa/Plugins/cordova-plugin-fcm/FirebaseMessaging.framework"; sourceTree = "<group>"; fileEncoding = undefined; lastKnownFileType = wrapper.framework; explicitFileType = undefined; includeInIndex = 0; };
		BBA035E64F384BA480A269A4 /* GoogleInterchangeUtilities.framework */ = {isa = PBXFileReference; name = "GoogleInterchangeUtilities.framework"; path = "Prata da Casa/Plugins/cordova-plugin-fcm/GoogleInterchangeUtilities.framework"; sourceTree = "<group>"; fileEncoding = undefined; lastKnownFileType = wrapper.framework; explicitFileType = undefined; includeInIndex = 0; };
		92FB326D415D492A9F598E15 /* GoogleIPhoneUtilities.framework */ = {isa = PBXFileReference; name = "GoogleIPhoneUtilities.framework"; path = "Prata da Casa/Plugins/cordova-plugin-fcm/GoogleIPhoneUtilities.framework"; sourceTree = "<group>"; fileEncoding = undefined; lastKnownFileType = wrapper.framework; explicitFileType = undefined; includeInIndex = 0; };
		E91000F6921E4B4EB87B05F4 /* GoogleSymbolUtilities.framework */ = {isa = PBXFileReference; name = "GoogleSymbolUtilities.framework"; path = "Prata da Casa/Plugins/cordova-plugin-fcm/GoogleSymbolUtilities.framework"; sourceTree = "<group>"; fileEncoding = undefined; lastKnownFileType = wrapper.framework; explicitFileType = undefined; includeInIndex = 0; };
		480CED2CEE824717826898C1 /* GoogleUtilities.framework */ = {isa = PBXFileReference; name = "GoogleUtilities.framework"; path = "Prata da Casa/Plugins/cordova-plugin-fcm/GoogleUtilities.framework"; sourceTree = "<group>"; fileEncoding = undefined; lastKnownFileType = wrapper.framework; explicitFileType = undefined; includeInIndex = 0; };
		9BBE1E6E4F82464395B75121 /* libc++.tbd */ = {isa = PBXFileReference; name = "libc++.tbd"; path = "usr/lib/libc++.tbd"; sourceTree = SDKROOT; fileEncoding = undefined; lastKnownFileType = sourcecode.text-based-dylib-definition; explicitFileType = undefined; includeInIndex = 0; };
		EA042061FE804D51923038BB /* AddressBook.framework */ = {isa = PBXFileReference; name = "AddressBook.framework"; path = "System/Library/Frameworks/AddressBook.framework"; sourceTree = SDKROOT; fileEncoding = undefined; lastKnownFileType = wrapper.framework; explicitFileType = undefined; includeInIndex = 0; };
		0B39F51A0C09449FA4EFCE4E /* libsqlite3.0.tbd */ = {isa = PBXFileReference; name = "libsqlite3.0.tbd"; path = "usr/lib/libsqlite3.0.tbd"; sourceTree = SDKROOT; fileEncoding = undefined; lastKnownFileType = sourcecode.text-based-dylib-definition; explicitFileType = undefined; includeInIndex = 0; };
		F4F99E4CE1B542459A3BC0D2 /* Security.framework */ = {isa = PBXFileReference; name = "Security.framework"; path = "System/Library/Frameworks/Security.framework"; sourceTree = SDKROOT; fileEncoding = undefined; lastKnownFileType = wrapper.framework; explicitFileType = undefined; includeInIndex = 0; };
		8C9EF4CD1ADC413B9766D906 /* CDVInAppBrowser.m */ = {isa = PBXFileReference; name = "CDVInAppBrowser.m"; path = "cordova-plugin-inappbrowser/CDVInAppBrowser.m"; sourceTree = "<group>"; fileEncoding = 4; lastKnownFileType = sourcecode.c.objc; explicitFileType = undefined; includeInIndex = 0; };
		E721D72383294C95AF868502 /* CDVInAppBrowser.h */ = {isa = PBXFileReference; name = "CDVInAppBrowser.h"; path = "cordova-plugin-inappbrowser/CDVInAppBrowser.h"; sourceTree = "<group>"; fileEncoding = 4; lastKnownFileType = sourcecode.c.h; explicitFileType = undefined; includeInIndex = 0; };
		F823512704E04F4A9F9A4A64 /* CDVIonicKeyboard.m */ = {isa = PBXFileReference; name = "CDVIonicKeyboard.m"; path = "cordova-plugin-ionic-keyboard/CDVIonicKeyboard.m"; sourceTree = "<group>"; fileEncoding = 4; lastKnownFileType = sourcecode.c.objc; explicitFileType = undefined; includeInIndex = 0; };
		608DA879D87A4F5CA9A57E84 /* CDVIonicKeyboard.h */ = {isa = PBXFileReference; name = "CDVIonicKeyboard.h"; path = "cordova-plugin-ionic-keyboard/CDVIonicKeyboard.h"; sourceTree = "<group>"; fileEncoding = 4; lastKnownFileType = sourcecode.c.h; explicitFileType = undefined; includeInIndex = 0; };
		0B30B5D12C454F2685B7AC3D /* CDVWKWebViewEngine.m */ = {isa = PBXFileReference; name = "CDVWKWebViewEngine.m"; path = "cordova-plugin-ionic-webview/CDVWKWebViewEngine.m"; sourceTree = "<group>"; fileEncoding = 4; lastKnownFileType = sourcecode.c.objc; explicitFileType = undefined; includeInIndex = 0; };
		4F9C18B1C1904CF7974961D2 /* CDVWKWebViewUIDelegate.m */ = {isa = PBXFileReference; name = "CDVWKWebViewUIDelegate.m"; path = "cordova-plugin-ionic-webview/CDVWKWebViewUIDelegate.m"; sourceTree = "<group>"; fileEncoding = 4; lastKnownFileType = sourcecode.c.objc; explicitFileType = undefined; includeInIndex = 0; };
		997D0930BA3444C5AA815030 /* CDVWKProcessPoolFactory.m */ = {isa = PBXFileReference; name = "CDVWKProcessPoolFactory.m"; path = "cordova-plugin-ionic-webview/CDVWKProcessPoolFactory.m"; sourceTree = "<group>"; fileEncoding = 4; lastKnownFileType = sourcecode.c.objc; explicitFileType = undefined; includeInIndex = 0; };
		7410BE92F0F2407F9BDB2E9C /* GCDWebServer.m */ = {isa = PBXFileReference; name = "GCDWebServer.m"; path = "cordova-plugin-ionic-webview/GCDWebServer.m"; sourceTree = "<group>"; fileEncoding = 4; lastKnownFileType = sourcecode.c.objc; explicitFileType = undefined; includeInIndex = 0; };
		EA956347BB1B46A98551308C /* GCDWebServerConnection.m */ = {isa = PBXFileReference; name = "GCDWebServerConnection.m"; path = "cordova-plugin-ionic-webview/GCDWebServerConnection.m"; sourceTree = "<group>"; fileEncoding = 4; lastKnownFileType = sourcecode.c.objc; explicitFileType = undefined; includeInIndex = 0; };
		82F5748578874B9FAD830E35 /* GCDWebServerFunctions.m */ = {isa = PBXFileReference; name = "GCDWebServerFunctions.m"; path = "cordova-plugin-ionic-webview/GCDWebServerFunctions.m"; sourceTree = "<group>"; fileEncoding = 4; lastKnownFileType = sourcecode.c.objc; explicitFileType = undefined; includeInIndex = 0; };
		C2E24BC6AF8A4539B55EB915 /* GCDWebServerRequest.m */ = {isa = PBXFileReference; name = "GCDWebServerRequest.m"; path = "cordova-plugin-ionic-webview/GCDWebServerRequest.m"; sourceTree = "<group>"; fileEncoding = 4; lastKnownFileType = sourcecode.c.objc; explicitFileType = undefined; includeInIndex = 0; };
		29C12B7183944FD4BFF95508 /* GCDWebServerResponse.m */ = {isa = PBXFileReference; name = "GCDWebServerResponse.m"; path = "cordova-plugin-ionic-webview/GCDWebServerResponse.m"; sourceTree = "<group>"; fileEncoding = 4; lastKnownFileType = sourcecode.c.objc; explicitFileType = undefined; includeInIndex = 0; };
		29972A669CB2453DAF21F3D0 /* GCDWebServerDataRequest.m */ = {isa = PBXFileReference; name = "GCDWebServerDataRequest.m"; path = "cordova-plugin-ionic-webview/GCDWebServerDataRequest.m"; sourceTree = "<group>"; fileEncoding = 4; lastKnownFileType = sourcecode.c.objc; explicitFileType = undefined; includeInIndex = 0; };
		E99DDCD9FBB6483381D8E314 /* GCDWebServerFileRequest.m */ = {isa = PBXFileReference; name = "GCDWebServerFileRequest.m"; path = "cordova-plugin-ionic-webview/GCDWebServerFileRequest.m"; sourceTree = "<group>"; fileEncoding = 4; lastKnownFileType = sourcecode.c.objc; explicitFileType = undefined; includeInIndex = 0; };
		1895D5555358481E84A48FB7 /* GCDWebServerMultiPartFormRequest.m */ = {isa = PBXFileReference; name = "GCDWebServerMultiPartFormRequest.m"; path = "cordova-plugin-ionic-webview/GCDWebServerMultiPartFormRequest.m"; sourceTree = "<group>"; fileEncoding = 4; lastKnownFileType = sourcecode.c.objc; explicitFileType = undefined; includeInIndex = 0; };
		66D53DE628BA4F9BA2E3192A /* GCDWebServerURLEncodedFormRequest.m */ = {isa = PBXFileReference; name = "GCDWebServerURLEncodedFormRequest.m"; path = "cordova-plugin-ionic-webview/GCDWebServerURLEncodedFormRequest.m"; sourceTree = "<group>"; fileEncoding = 4; lastKnownFileType = sourcecode.c.objc; explicitFileType = undefined; includeInIndex = 0; };
		49F743045E4B4A17AD022B4F /* GCDWebServerDataResponse.m */ = {isa = PBXFileReference; name = "GCDWebServerDataResponse.m"; path = "cordova-plugin-ionic-webview/GCDWebServerDataResponse.m"; sourceTree = "<group>"; fileEncoding = 4; lastKnownFileType = sourcecode.c.objc; explicitFileType = undefined; includeInIndex = 0; };
		3253F776426F49789DE17A22 /* GCDWebServerErrorResponse.m */ = {isa = PBXFileReference; name = "GCDWebServerErrorResponse.m"; path = "cordova-plugin-ionic-webview/GCDWebServerErrorResponse.m"; sourceTree = "<group>"; fileEncoding = 4; lastKnownFileType = sourcecode.c.objc; explicitFileType = undefined; includeInIndex = 0; };
		E9BF9EE26B2349E2832352EA /* GCDWebServerFileResponse.m */ = {isa = PBXFileReference; name = "GCDWebServerFileResponse.m"; path = "cordova-plugin-ionic-webview/GCDWebServerFileResponse.m"; sourceTree = "<group>"; fileEncoding = 4; lastKnownFileType = sourcecode.c.objc; explicitFileType = undefined; includeInIndex = 0; };
		0C643B045ED64EB69E6D66C7 /* GCDWebServerStreamedResponse.m */ = {isa = PBXFileReference; name = "GCDWebServerStreamedResponse.m"; path = "cordova-plugin-ionic-webview/GCDWebServerStreamedResponse.m"; sourceTree = "<group>"; fileEncoding = 4; lastKnownFileType = sourcecode.c.objc; explicitFileType = undefined; includeInIndex = 0; };
		D1EF353B64484376B4E2454E /* CDVWKWebViewEngine.h */ = {isa = PBXFileReference; name = "CDVWKWebViewEngine.h"; path = "cordova-plugin-ionic-webview/CDVWKWebViewEngine.h"; sourceTree = "<group>"; fileEncoding = 4; lastKnownFileType = sourcecode.c.h; explicitFileType = undefined; includeInIndex = 0; };
		11A5F128396649E0AC797B7F /* CDVWKWebViewUIDelegate.h */ = {isa = PBXFileReference; name = "CDVWKWebViewUIDelegate.h"; path = "cordova-plugin-ionic-webview/CDVWKWebViewUIDelegate.h"; sourceTree = "<group>"; fileEncoding = 4; lastKnownFileType = sourcecode.c.h; explicitFileType = undefined; includeInIndex = 0; };
		FA163309166D4654BF2F931B /* CDVWKProcessPoolFactory.h */ = {isa = PBXFileReference; name = "CDVWKProcessPoolFactory.h"; path = "cordova-plugin-ionic-webview/CDVWKProcessPoolFactory.h"; sourceTree = "<group>"; fileEncoding = 4; lastKnownFileType = sourcecode.c.h; explicitFileType = undefined; includeInIndex = 0; };
		180EAA3704064A608A00A998 /* GCDWebServer.h */ = {isa = PBXFileReference; name = "GCDWebServer.h"; path = "cordova-plugin-ionic-webview/GCDWebServer.h"; sourceTree = "<group>"; fileEncoding = 4; lastKnownFileType = sourcecode.c.h; explicitFileType = undefined; includeInIndex = 0; };
		71813355025F4231A4012D6E /* GCDWebServerConnection.h */ = {isa = PBXFileReference; name = "GCDWebServerConnection.h"; path = "cordova-plugin-ionic-webview/GCDWebServerConnection.h"; sourceTree = "<group>"; fileEncoding = 4; lastKnownFileType = sourcecode.c.h; explicitFileType = undefined; includeInIndex = 0; };
		02BD8A645990475CA2315BF9 /* GCDWebServerFunctions.h */ = {isa = PBXFileReference; name = "GCDWebServerFunctions.h"; path = "cordova-plugin-ionic-webview/GCDWebServerFunctions.h"; sourceTree = "<group>"; fileEncoding = 4; lastKnownFileType = sourcecode.c.h; explicitFileType = undefined; includeInIndex = 0; };
		AEB7982084074B9C87350490 /* GCDWebServerHTTPStatusCodes.h */ = {isa = PBXFileReference; name = "GCDWebServerHTTPStatusCodes.h"; path = "cordova-plugin-ionic-webview/GCDWebServerHTTPStatusCodes.h"; sourceTree = "<group>"; fileEncoding = 4; lastKnownFileType = sourcecode.c.h; explicitFileType = undefined; includeInIndex = 0; };
		5AA392B745434D1DB342D739 /* GCDWebServerPrivate.h */ = {isa = PBXFileReference; name = "GCDWebServerPrivate.h"; path = "cordova-plugin-ionic-webview/GCDWebServerPrivate.h"; sourceTree = "<group>"; fileEncoding = 4; lastKnownFileType = sourcecode.c.h; explicitFileType = undefined; includeInIndex = 0; };
		E718BE4CF07D4251B245C7D3 /* GCDWebServerRequest.h */ = {isa = PBXFileReference; name = "GCDWebServerRequest.h"; path = "cordova-plugin-ionic-webview/GCDWebServerRequest.h"; sourceTree = "<group>"; fileEncoding = 4; lastKnownFileType = sourcecode.c.h; explicitFileType = undefined; includeInIndex = 0; };
		9578E21089B34250AC6C3294 /* GCDWebServerResponse.h */ = {isa = PBXFileReference; name = "GCDWebServerResponse.h"; path = "cordova-plugin-ionic-webview/GCDWebServerResponse.h"; sourceTree = "<group>"; fileEncoding = 4; lastKnownFileType = sourcecode.c.h; explicitFileType = undefined; includeInIndex = 0; };
		0BE9CD4CF0CE4004A19F10EB /* GCDWebServerDataRequest.h */ = {isa = PBXFileReference; name = "GCDWebServerDataRequest.h"; path = "cordova-plugin-ionic-webview/GCDWebServerDataRequest.h"; sourceTree = "<group>"; fileEncoding = 4; lastKnownFileType = sourcecode.c.h; explicitFileType = undefined; includeInIndex = 0; };
		49B99D70A6034EB485227BCF /* GCDWebServerFileRequest.h */ = {isa = PBXFileReference; name = "GCDWebServerFileRequest.h"; path = "cordova-plugin-ionic-webview/GCDWebServerFileRequest.h"; sourceTree = "<group>"; fileEncoding = 4; lastKnownFileType = sourcecode.c.h; explicitFileType = undefined; includeInIndex = 0; };
		7F2FBAAB38464E12B19F3C3F /* GCDWebServerMultiPartFormRequest.h */ = {isa = PBXFileReference; name = "GCDWebServerMultiPartFormRequest.h"; path = "cordova-plugin-ionic-webview/GCDWebServerMultiPartFormRequest.h"; sourceTree = "<group>"; fileEncoding = 4; lastKnownFileType = sourcecode.c.h; explicitFileType = undefined; includeInIndex = 0; };
		2C8D4BA8CCA54F0384E0EE09 /* GCDWebServerURLEncodedFormRequest.h */ = {isa = PBXFileReference; name = "GCDWebServerURLEncodedFormRequest.h"; path = "cordova-plugin-ionic-webview/GCDWebServerURLEncodedFormRequest.h"; sourceTree = "<group>"; fileEncoding = 4; lastKnownFileType = sourcecode.c.h; explicitFileType = undefined; includeInIndex = 0; };
		882F5C3CCCC441B289B62DE1 /* GCDWebServerDataResponse.h */ = {isa = PBXFileReference; name = "GCDWebServerDataResponse.h"; path = "cordova-plugin-ionic-webview/GCDWebServerDataResponse.h"; sourceTree = "<group>"; fileEncoding = 4; lastKnownFileType = sourcecode.c.h; explicitFileType = undefined; includeInIndex = 0; };
		D43CD448B764401DAE7263C5 /* GCDWebServerErrorResponse.h */ = {isa = PBXFileReference; name = "GCDWebServerErrorResponse.h"; path = "cordova-plugin-ionic-webview/GCDWebServerErrorResponse.h"; sourceTree = "<group>"; fileEncoding = 4; lastKnownFileType = sourcecode.c.h; explicitFileType = undefined; includeInIndex = 0; };
		3DBD5A0216674530ABB2F081 /* GCDWebServerFileResponse.h */ = {isa = PBXFileReference; name = "GCDWebServerFileResponse.h"; path = "cordova-plugin-ionic-webview/GCDWebServerFileResponse.h"; sourceTree = "<group>"; fileEncoding = 4; lastKnownFileType = sourcecode.c.h; explicitFileType = undefined; includeInIndex = 0; };
		4DB29EC9DCB34972ACA18B53 /* GCDWebServerStreamedResponse.h */ = {isa = PBXFileReference; name = "GCDWebServerStreamedResponse.h"; path = "cordova-plugin-ionic-webview/GCDWebServerStreamedResponse.h"; sourceTree = "<group>"; fileEncoding = 4; lastKnownFileType = sourcecode.c.h; explicitFileType = undefined; includeInIndex = 0; };
		656643A7C12B48C28D666E86 /* WebKit.framework */ = {isa = PBXFileReference; name = "WebKit.framework"; path = "System/Library/Frameworks/WebKit.framework"; sourceTree = SDKROOT; fileEncoding = undefined; lastKnownFileType = wrapper.framework; explicitFileType = undefined; includeInIndex = 0; };
		B2B1E9FAB8FF4529BE23F1E3 /* CDVSplashScreen.m */ = {isa = PBXFileReference; name = "CDVSplashScreen.m"; path = "cordova-plugin-splashscreen/CDVSplashScreen.m"; sourceTree = "<group>"; fileEncoding = 4; lastKnownFileType = sourcecode.c.objc; explicitFileType = undefined; includeInIndex = 0; };
		182A4DE1295645FEB7B5D0C1 /* CDVViewController+SplashScreen.m */ = {isa = PBXFileReference; name = "CDVViewController+SplashScreen.m"; path = "cordova-plugin-splashscreen/CDVViewController+SplashScreen.m"; sourceTree = "<group>"; fileEncoding = 4; lastKnownFileType = sourcecode.c.objc; explicitFileType = undefined; includeInIndex = 0; };
		DB1A8AC0358C4A219872EAE4 /* CDVSplashScreen.h */ = {isa = PBXFileReference; name = "CDVSplashScreen.h"; path = "cordova-plugin-splashscreen/CDVSplashScreen.h"; sourceTree = "<group>"; fileEncoding = 4; lastKnownFileType = sourcecode.c.h; explicitFileType = undefined; includeInIndex = 0; };
		5D54BC56C6A6432D9A03195B /* CDVViewController+SplashScreen.h */ = {isa = PBXFileReference; name = "CDVViewController+SplashScreen.h"; path = "cordova-plugin-splashscreen/CDVViewController+SplashScreen.h"; sourceTree = "<group>"; fileEncoding = 4; lastKnownFileType = sourcecode.c.h; explicitFileType = undefined; includeInIndex = 0; };
/* End PBXFileReference section */

/* Begin PBXFrameworksBuildPhase section */
		1D60588F0D05DD3D006BFB54 /* Frameworks */ = {
			isa = PBXFrameworksBuildPhase;
			buildActionMask = 2147483647;
			files = (
				301BF552109A68D80062928A /* libCordova.a in Frameworks */,
				61892BDE702841B8B7596258 /* libz.tbd in Frameworks */,
				AF994936744544A482DEC102 /* FirebaseAnalytics.framework in Frameworks */,
				222369264DAA4114A0E8DD2A /* FirebaseCore.framework in Frameworks */,
				7E1A85C2A67D4A60827A313C /* FirebaseInstanceID.framework in Frameworks */,
				67BA115B3EAD476AB0FF3F1F /* FirebaseMessaging.framework in Frameworks */,
				3357F4E49E7B4819AEF57D47 /* GoogleInterchangeUtilities.framework in Frameworks */,
				A88ECA446A074ECB8393A562 /* GoogleIPhoneUtilities.framework in Frameworks */,
				2C560D51932E4F86A64C16C5 /* GoogleSymbolUtilities.framework in Frameworks */,
				442C95ABABAB46F48518632F /* GoogleUtilities.framework in Frameworks */,
				43359A6E18E14DABAA44F193 /* libc++.tbd in Frameworks */,
				A730D0A4C07C4D2BA807620C /* AddressBook.framework in Frameworks */,
				D6D8F84053934EC6B45698B7 /* libsqlite3.0.tbd in Frameworks */,
				EEF8922266D64434A2D2A04B /* Security.framework in Frameworks */,
				805A522C36BD44DEBCB6A2B8 /* WebKit.framework in Frameworks */,
			);
			runOnlyForDeploymentPostprocessing = 0;
		};
/* End PBXFrameworksBuildPhase section */

/* Begin PBXGroup section */
		080E96DDFE201D6D7F000001 /* Classes */ = {
			isa = PBXGroup;
			children = (
				302D95EE14D2391D003F00A1 /* MainViewController.h */,
				302D95EF14D2391D003F00A1 /* MainViewController.m */,
				302D95F014D2391D003F00A1 /* MainViewController.xib */,
				1D3623240D0F684500981E51 /* AppDelegate.h */,
				1D3623250D0F684500981E51 /* AppDelegate.m */,
			);
			name = Classes;
			path = "Prata da Casa/Classes";
			sourceTree = SOURCE_ROOT;
		};
		19C28FACFE9D520D11CA2CBB /* Products */ = {
			isa = PBXGroup;
			children = (
				1D6058910D05DD3D006BFB54 /* Prata da Casa.app */,
			);
			name = Products;
			sourceTree = "<group>";
		};
		29B97314FDCFA39411CA2CEA /* CustomTemplate */ = {
			isa = PBXGroup;
			children = (
				EB87FDF41871DAF40020F90C /* config.xml */,
				EB87FDF31871DA8E0020F90C /* www */,
				EB87FDF11871DA420020F90C /* Staging */,
				301BF52D109A57CC0062928A /* CordovaLib.xcodeproj */,
				080E96DDFE201D6D7F000001 /* Classes */,
				307C750510C5A3420062BCA9 /* Plugins */,
				29B97315FDCFA39411CA2CEA /* Other Sources */,
				29B97317FDCFA39411CA2CEA /* Resources */,
				29B97323FDCFA39411CA2CEA /* Frameworks */,
				19C28FACFE9D520D11CA2CBB /* Products */,
			);
			name = CustomTemplate;
			sourceTree = "<group>";
		};
		29B97315FDCFA39411CA2CEA /* Other Sources */ = {
			isa = PBXGroup;
			children = (
				32CA4F630368D1EE00C91783 /* Prata da Casa-Prefix.pch */,
				29B97316FDCFA39411CA2CEA /* main.m */,
				ED33DF2A687741AEAF9F8254 /* Bridging-Header.h */,
			);
			name = "Other Sources";
			path = "Prata da Casa";
			sourceTree = "<group>";
		};
		29B97317FDCFA39411CA2CEA /* Resources */ = {
			isa = PBXGroup;
			children = (
				0207DA571B56EA530066E2B4 /* Images.xcassets */,
				3047A50E1AB8057F00498E2A /* config */,
				8D1107310486CEB800E47090 /* Prata da Casa-Info.plist */,
				6AFF5BF81D6E424B00AB3073 /* CDVLaunchScreen.storyboard */,
				E0834DE3387F41BBBD4508C5 /* GoogleService-Info.plist */,
			);
			name = Resources;
			path = "Prata da Casa/Resources";
			sourceTree = "<group>";
		};
		29B97323FDCFA39411CA2CEA /* Frameworks */ = {
			isa = PBXGroup;
			children = (
				FBA49755738D4C66BDE83015 /* libz.tbd */,
				F2ADEAAE5BF84C82B167AF11 /* FirebaseAnalytics.framework */,
				21CFB9D3AD6F465F83EBA1E3 /* FirebaseCore.framework */,
				21DD68A37C684921B5F79F2E /* FirebaseInstanceID.framework */,
				28DE3B585B504B5CB80A6440 /* FirebaseMessaging.framework */,
				BBA035E64F384BA480A269A4 /* GoogleInterchangeUtilities.framework */,
				92FB326D415D492A9F598E15 /* GoogleIPhoneUtilities.framework */,
				E91000F6921E4B4EB87B05F4 /* GoogleSymbolUtilities.framework */,
				480CED2CEE824717826898C1 /* GoogleUtilities.framework */,
				9BBE1E6E4F82464395B75121 /* libc++.tbd */,
				EA042061FE804D51923038BB /* AddressBook.framework */,
				0B39F51A0C09449FA4EFCE4E /* libsqlite3.0.tbd */,
				F4F99E4CE1B542459A3BC0D2 /* Security.framework */,
				656643A7C12B48C28D666E86 /* WebKit.framework */,
			);
			name = Frameworks;
			sourceTree = "<group>";
		};
		301BF52E109A57CC0062928A /* Products */ = {
			isa = PBXGroup;
			children = (
				301BF535109A57CC0062928A /* libCordova.a */,
			);
			name = Products;
			sourceTree = "<group>";
		};
		3047A50E1AB8057F00498E2A /* config */ = {
			isa = PBXGroup;
			children = (
				3047A50F1AB8059700498E2A /* build-debug.xcconfig */,
				3047A5101AB8059700498E2A /* build-release.xcconfig */,
				3047A5111AB8059700498E2A /* build.xcconfig */,
			);
			name = config;
			sourceTree = "<group>";
		};
		307C750510C5A3420062BCA9 /* Plugins */ = {
			isa = PBXGroup;
			children = (
				1DBA8E85FA594F5F83DE2644 /* CDVDevice.m */,
				02511BF521A04A29BA0FD66F /* CDVDevice.h */,
				56997B4A3F96402DB95195BE /* FCMPlugin.m */,
				EB385E85A4114CE2A6066315 /* AppDelegate+FCMPlugin.m */,
				786E241D65274381A8CFDA45 /* FCMPlugin.h */,
				5CBFE748B6EF4E4094CB06CA /* AppDelegate+FCMPlugin.h */,
				63A386E983F242C8A76C4327 /* Firebase.h */,
				8C9EF4CD1ADC413B9766D906 /* CDVInAppBrowser.m */,
				E721D72383294C95AF868502 /* CDVInAppBrowser.h */,
				F823512704E04F4A9F9A4A64 /* CDVIonicKeyboard.m */,
				608DA879D87A4F5CA9A57E84 /* CDVIonicKeyboard.h */,
				0B30B5D12C454F2685B7AC3D /* CDVWKWebViewEngine.m */,
				4F9C18B1C1904CF7974961D2 /* CDVWKWebViewUIDelegate.m */,
				997D0930BA3444C5AA815030 /* CDVWKProcessPoolFactory.m */,
				7410BE92F0F2407F9BDB2E9C /* GCDWebServer.m */,
				EA956347BB1B46A98551308C /* GCDWebServerConnection.m */,
				82F5748578874B9FAD830E35 /* GCDWebServerFunctions.m */,
				C2E24BC6AF8A4539B55EB915 /* GCDWebServerRequest.m */,
				29C12B7183944FD4BFF95508 /* GCDWebServerResponse.m */,
				29972A669CB2453DAF21F3D0 /* GCDWebServerDataRequest.m */,
				E99DDCD9FBB6483381D8E314 /* GCDWebServerFileRequest.m */,
				1895D5555358481E84A48FB7 /* GCDWebServerMultiPartFormRequest.m */,
				66D53DE628BA4F9BA2E3192A /* GCDWebServerURLEncodedFormRequest.m */,
				49F743045E4B4A17AD022B4F /* GCDWebServerDataResponse.m */,
				3253F776426F49789DE17A22 /* GCDWebServerErrorResponse.m */,
				E9BF9EE26B2349E2832352EA /* GCDWebServerFileResponse.m */,
				0C643B045ED64EB69E6D66C7 /* GCDWebServerStreamedResponse.m */,
				D1EF353B64484376B4E2454E /* CDVWKWebViewEngine.h */,
				11A5F128396649E0AC797B7F /* CDVWKWebViewUIDelegate.h */,
				FA163309166D4654BF2F931B /* CDVWKProcessPoolFactory.h */,
				180EAA3704064A608A00A998 /* GCDWebServer.h */,
				71813355025F4231A4012D6E /* GCDWebServerConnection.h */,
				02BD8A645990475CA2315BF9 /* GCDWebServerFunctions.h */,
				AEB7982084074B9C87350490 /* GCDWebServerHTTPStatusCodes.h */,
				5AA392B745434D1DB342D739 /* GCDWebServerPrivate.h */,
				E718BE4CF07D4251B245C7D3 /* GCDWebServerRequest.h */,
				9578E21089B34250AC6C3294 /* GCDWebServerResponse.h */,
				0BE9CD4CF0CE4004A19F10EB /* GCDWebServerDataRequest.h */,
				49B99D70A6034EB485227BCF /* GCDWebServerFileRequest.h */,
				7F2FBAAB38464E12B19F3C3F /* GCDWebServerMultiPartFormRequest.h */,
				2C8D4BA8CCA54F0384E0EE09 /* GCDWebServerURLEncodedFormRequest.h */,
				882F5C3CCCC441B289B62DE1 /* GCDWebServerDataResponse.h */,
				D43CD448B764401DAE7263C5 /* GCDWebServerErrorResponse.h */,
				3DBD5A0216674530ABB2F081 /* GCDWebServerFileResponse.h */,
				4DB29EC9DCB34972ACA18B53 /* GCDWebServerStreamedResponse.h */,
				B2B1E9FAB8FF4529BE23F1E3 /* CDVSplashScreen.m */,
				182A4DE1295645FEB7B5D0C1 /* CDVViewController+SplashScreen.m */,
				DB1A8AC0358C4A219872EAE4 /* CDVSplashScreen.h */,
				5D54BC56C6A6432D9A03195B /* CDVViewController+SplashScreen.h */,
			);
			name = Plugins;
			path = "Prata da Casa/Plugins";
			sourceTree = SOURCE_ROOT;
		};
		EB87FDF11871DA420020F90C /* Staging */ = {
			isa = PBXGroup;
			children = (
				F840E1F0165FE0F500CFE078 /* config.xml */,
				301BF56E109A69640062928A /* www */,
			);
			name = Staging;
			sourceTree = "<group>";
		};
/* End PBXGroup section */

/* Begin PBXNativeTarget section */
		1D6058900D05DD3D006BFB54 /* Prata da Casa */ = {
			isa = PBXNativeTarget;
			buildConfigurationList = 1D6058960D05DD3E006BFB54 /* Build configuration list for PBXNativeTarget "Prata da Casa" */;
			buildPhases = (
				304B58A110DAC018002A0835 /* Copy www directory */,
				1D60588D0D05DD3D006BFB54 /* Resources */,
				1D60588E0D05DD3D006BFB54 /* Sources */,
				1D60588F0D05DD3D006BFB54 /* Frameworks */,
			);
			buildRules = (
			);
			dependencies = (
				301BF551109A68C00062928A /* PBXTargetDependency */,
			);
			name = "Prata da Casa";
			productName = "Prata da Casa";
			productReference = 1D6058910D05DD3D006BFB54 /* Prata da Casa.app */;
			productType = "com.apple.product-type.application";
		};
/* End PBXNativeTarget section */

/* Begin PBXProject section */
		29B97313FDCFA39411CA2CEA /* Project object */ = {
			isa = PBXProject;
			attributes = {
				LastUpgradeCheck = 510;
			};
			buildConfigurationList = C01FCF4E08A954540054247B /* Build configuration list for PBXProject "__NON-CLI__" */;
			compatibilityVersion = "Xcode 3.2";
			developmentRegion = English;
			hasScannedForEncodings = 1;
			mainGroup = 29B97314FDCFA39411CA2CEA /* CustomTemplate */;
			projectDirPath = "";
			projectReferences = (
				{
					ProductGroup = 301BF52E109A57CC0062928A /* Products */;
					ProjectRef = 301BF52D109A57CC0062928A /* CordovaLib.xcodeproj */;
				},
			);
			projectRoot = "";
			targets = (
				1D6058900D05DD3D006BFB54 /* Prata da Casa */,
			);
		};
/* End PBXProject section */

/* Begin PBXReferenceProxy section */
		301BF535109A57CC0062928A /* libCordova.a */ = {
			isa = PBXReferenceProxy;
			fileType = archive.ar;
			path = libCordova.a;
			remoteRef = 301BF534109A57CC0062928A /* PBXContainerItemProxy */;
			sourceTree = BUILT_PRODUCTS_DIR;
		};
/* End PBXReferenceProxy section */

/* Begin PBXResourcesBuildPhase section */
		1D60588D0D05DD3D006BFB54 /* Resources */ = {
			isa = PBXResourcesBuildPhase;
			buildActionMask = 2147483647;
			files = (
				302D95F214D2391D003F00A1 /* MainViewController.xib in Resources */,
				0207DA581B56EA530066E2B4 /* Images.xcassets in Resources */,
				6AFF5BF91D6E424B00AB3073 /* CDVLaunchScreen.storyboard in Resources */,
				0F62B2C0C59848218E7F6FE6 /* GoogleService-Info.plist in Resources */,
			);
			runOnlyForDeploymentPostprocessing = 0;
		};
/* End PBXResourcesBuildPhase section */

/* Begin PBXShellScriptBuildPhase section */
		304B58A110DAC018002A0835 /* Copy www directory */ = {
			isa = PBXShellScriptBuildPhase;
			buildActionMask = 2147483647;
			files = (
			);
			inputPaths = (
			);
			name = "Copy www directory";
			outputPaths = (
			);
			runOnlyForDeploymentPostprocessing = 0;
			shellPath = /bin/sh;
			shellScript = "NODEJS_PATH=/usr/local/bin; NVM_NODE_PATH=~/.nvm/versions/node/`nvm version 2>/dev/null`/bin; N_NODE_PATH=`find /usr/local/n/versions/node/* -maxdepth 0 -type d 2>/dev/null | tail -1`/bin; XCODE_NODE_PATH=`xcode-select --print-path`/usr/share/xcs/Node/bin; PATH=$NODEJS_PATH:$NVM_NODE_PATH:$N_NODE_PATH:$XCODE_NODE_PATH:$PATH && node cordova/lib/copy-www-build-step.js";
			showEnvVarsInLog = 0;
		};
/* End PBXShellScriptBuildPhase section */

/* Begin PBXSourcesBuildPhase section */
		1D60588E0D05DD3D006BFB54 /* Sources */ = {
			isa = PBXSourcesBuildPhase;
			buildActionMask = 2147483647;
			files = (
				1D60589B0D05DD56006BFB54 /* main.m in Sources */,
				1D3623260D0F684500981E51 /* AppDelegate.m in Sources */,
				302D95F114D2391D003F00A1 /* MainViewController.m in Sources */,
				E48987573A634A8AA6E53E0C /* CDVDevice.m in Sources */,
				792255EAEFF844FD96DA7429 /* FCMPlugin.m in Sources */,
				4C1D15599E9C45C48CCCBF07 /* AppDelegate+FCMPlugin.m in Sources */,
				F7B79F68C1A74DE89D7E7E42 /* CDVInAppBrowser.m in Sources */,
				BF603864B00E4309BB0AEBC9 /* CDVIonicKeyboard.m in Sources */,
				2D6192A9F08E4C73BB272C63 /* CDVWKWebViewEngine.m in Sources */,
				10FAD49CB93744459E64F3BC /* CDVWKWebViewUIDelegate.m in Sources */,
				0419CA6FD3094D1F96427850 /* CDVWKProcessPoolFactory.m in Sources */,
				A5805E7357C0411D8C362F2F /* GCDWebServer.m in Sources */,
				8AA7EDD4456248E793A9C8E3 /* GCDWebServerConnection.m in Sources */,
				2BF4315CFCB544A787975A30 /* GCDWebServerFunctions.m in Sources */,
				C155D6879CE8424F82F5B24A /* GCDWebServerRequest.m in Sources */,
				C2CC153FD9244AC9B2C95A56 /* GCDWebServerResponse.m in Sources */,
				478C85E5F87C4EA6BCBE53AF /* GCDWebServerDataRequest.m in Sources */,
				F764AA0A363242D6A8979967 /* GCDWebServerFileRequest.m in Sources */,
				D36D5CC15EFB4938AF50D6CB /* GCDWebServerMultiPartFormRequest.m in Sources */,
				CB103FCFD77644028078B99E /* GCDWebServerURLEncodedFormRequest.m in Sources */,
				B4C0AB8A10444D25A1AA924D /* GCDWebServerDataResponse.m in Sources */,
				3858DBB397AA45CF8A8AC4F3 /* GCDWebServerErrorResponse.m in Sources */,
				7F6A9A53627E44C78D323E0F /* GCDWebServerFileResponse.m in Sources */,
				90C9489760794F93AF5380AF /* GCDWebServerStreamedResponse.m in Sources */,
				09080FAAE1D94C7D85F8F224 /* CDVSplashScreen.m in Sources */,
				179B737713374723B7F05651 /* CDVViewController+SplashScreen.m in Sources */,
			);
			runOnlyForDeploymentPostprocessing = 0;
		};
/* End PBXSourcesBuildPhase section */

/* Begin PBXTargetDependency section */
		301BF551109A68C00062928A /* PBXTargetDependency */ = {
			isa = PBXTargetDependency;
			name = CordovaLib;
			targetProxy = 301BF550109A68C00062928A /* PBXContainerItemProxy */;
		};
/* End PBXTargetDependency section */

/* Begin XCBuildConfiguration section */
		1D6058940D05DD3E006BFB54 /* Debug */ = {
			isa = XCBuildConfiguration;
			baseConfigurationReference = 3047A50F1AB8059700498E2A /* build-debug.xcconfig */;
			buildSettings = {
				ALWAYS_SEARCH_USER_PATHS = NO;
				ASSETCATALOG_COMPILER_APPICON_NAME = AppIcon;
				ASSETCATALOG_COMPILER_LAUNCHIMAGE_NAME = LaunchImage;
				CLANG_ENABLE_MODULES = YES;
				CLANG_ENABLE_OBJC_ARC = YES;
				COPY_PHASE_STRIP = NO;
				GCC_DYNAMIC_NO_PIC = NO;
				GCC_OPTIMIZATION_LEVEL = 0;
				GCC_PRECOMPILE_PREFIX_HEADER = YES;
				GCC_PREFIX_HEADER = "Prata da Casa/Prata da Casa-Prefix.pch";
				GCC_THUMB_SUPPORT = NO;
				GCC_VERSION = "";
				INFOPLIST_FILE = "Prata da Casa/Prata da Casa-Info.plist";
				IPHONEOS_DEPLOYMENT_TARGET = 9.0;
				LD_RUNPATH_SEARCH_PATHS = "@executable_path/Frameworks";
				TARGETED_DEVICE_FAMILY = "1,2";
				PRODUCT_NAME = "Prata da Casa";
				FRAMEWORK_SEARCH_PATHS = (
					"$(inherited)",
					"\"Prata da Casa/Plugins/cordova-plugin-fcm\"",
					"\"Prata da Casa/Plugins/cordova-plugin-fcm\"",
					"\"Prata da Casa/Plugins/cordova-plugin-fcm\"",
					"\"Prata da Casa/Plugins/cordova-plugin-fcm\"",
					"\"Prata da Casa/Plugins/cordova-plugin-fcm\"",
					"\"Prata da Casa/Plugins/cordova-plugin-fcm\"",
					"\"Prata da Casa/Plugins/cordova-plugin-fcm\"",
					"\"Prata da Casa/Plugins/cordova-plugin-fcm\"",
				);
			};
			name = Debug;
		};
		1D6058950D05DD3E006BFB54 /* Release */ = {
			isa = XCBuildConfiguration;
			baseConfigurationReference = 3047A5101AB8059700498E2A /* build-release.xcconfig */;
			buildSettings = {
				ALWAYS_SEARCH_USER_PATHS = NO;
				ASSETCATALOG_COMPILER_APPICON_NAME = AppIcon;
				ASSETCATALOG_COMPILER_LAUNCHIMAGE_NAME = LaunchImage;
				CLANG_ENABLE_MODULES = YES;
				CLANG_ENABLE_OBJC_ARC = YES;
				COPY_PHASE_STRIP = YES;
				GCC_PRECOMPILE_PREFIX_HEADER = YES;
				GCC_PREFIX_HEADER = "Prata da Casa/Prata da Casa-Prefix.pch";
				GCC_THUMB_SUPPORT = NO;
				GCC_VERSION = "";
				INFOPLIST_FILE = "Prata da Casa/Prata da Casa-Info.plist";
				IPHONEOS_DEPLOYMENT_TARGET = 9.0;
				LD_RUNPATH_SEARCH_PATHS = "@executable_path/Frameworks";
				TARGETED_DEVICE_FAMILY = "1,2";
				PRODUCT_NAME = "Prata da Casa";
				FRAMEWORK_SEARCH_PATHS = (
					"$(inherited)",
					"\"Prata da Casa/Plugins/cordova-plugin-fcm\"",
					"\"Prata da Casa/Plugins/cordova-plugin-fcm\"",
					"\"Prata da Casa/Plugins/cordova-plugin-fcm\"",
					"\"Prata da Casa/Plugins/cordova-plugin-fcm\"",
					"\"Prata da Casa/Plugins/cordova-plugin-fcm\"",
					"\"Prata da Casa/Plugins/cordova-plugin-fcm\"",
					"\"Prata da Casa/Plugins/cordova-plugin-fcm\"",
					"\"Prata da Casa/Plugins/cordova-plugin-fcm\"",
				);
			};
			name = Release;
		};
		C01FCF4F08A954540054247B /* Debug */ = {
			isa = XCBuildConfiguration;
			baseConfigurationReference = 3047A5111AB8059700498E2A /* build.xcconfig */;
			buildSettings = {
				CLANG_ENABLE_MODULES = YES;
				CLANG_ENABLE_OBJC_ARC = YES;
				CLANG_WARN_BOOL_CONVERSION = YES;
				CLANG_WARN_CONSTANT_CONVERSION = YES;
				CLANG_WARN_EMPTY_BODY = YES;
				CLANG_WARN_ENUM_CONVERSION = YES;
				CLANG_WARN_INT_CONVERSION = YES;
				CLANG_WARN__DUPLICATE_METHOD_MATCH = YES;
				GCC_C_LANGUAGE_STANDARD = c99;
				GCC_THUMB_SUPPORT = NO;
				GCC_VERSION = "";
				GCC_WARN_ABOUT_RETURN_TYPE = YES;
				GCC_WARN_UNDECLARED_SELECTOR = YES;
				GCC_WARN_UNINITIALIZED_AUTOS = YES;
				GCC_WARN_UNUSED_FUNCTION = YES;
				GCC_WARN_UNUSED_VARIABLE = YES;
				ONLY_ACTIVE_ARCH = YES;
				SDKROOT = iphoneos;
				SKIP_INSTALL = NO;
			};
			name = Debug;
		};
		C01FCF5008A954540054247B /* Release */ = {
			isa = XCBuildConfiguration;
			baseConfigurationReference = 3047A5111AB8059700498E2A /* build.xcconfig */;
			buildSettings = {
				CLANG_ENABLE_MODULES = YES;
				CLANG_ENABLE_OBJC_ARC = YES;
				CLANG_WARN_BOOL_CONVERSION = YES;
				CLANG_WARN_CONSTANT_CONVERSION = YES;
				CLANG_WARN_EMPTY_BODY = YES;
				CLANG_WARN_ENUM_CONVERSION = YES;
				CLANG_WARN_INT_CONVERSION = YES;
				CLANG_WARN__DUPLICATE_METHOD_MATCH = YES;
				GCC_C_LANGUAGE_STANDARD = c99;
				GCC_THUMB_SUPPORT = NO;
				GCC_VERSION = "";
				GCC_WARN_ABOUT_RETURN_TYPE = YES;
				GCC_WARN_UNDECLARED_SELECTOR = YES;
				GCC_WARN_UNINITIALIZED_AUTOS = YES;
				GCC_WARN_UNUSED_FUNCTION = YES;
				GCC_WARN_UNUSED_VARIABLE = YES;
				SDKROOT = iphoneos;
				SKIP_INSTALL = NO;
			};
			name = Release;
		};
/* End XCBuildConfiguration section */

/* Begin XCConfigurationList section */
		1D6058960D05DD3E006BFB54 /* Build configuration list for PBXNativeTarget "Prata da Casa" */ = {
			isa = XCConfigurationList;
			buildConfigurations = (
				1D6058940D05DD3E006BFB54 /* Debug */,
				1D6058950D05DD3E006BFB54 /* Release */,
			);
			defaultConfigurationIsVisible = 0;
			defaultConfigurationName = Release;
		};
		C01FCF4E08A954540054247B /* Build configuration list for PBXProject "__NON-CLI__" */ = {
			isa = XCConfigurationList;
			buildConfigurations = (
				C01FCF4F08A954540054247B /* Debug */,
				C01FCF5008A954540054247B /* Release */,
			);
			defaultConfigurationIsVisible = 0;
			defaultConfigurationName = Release;
		};
/* End XCConfigurationList section */
	};
	rootObject = 29B97313FDCFA39411CA2CEA /* Project object */;
}
