// !$*UTF8*$!
{
	archiveVersion = 1;
	classes = {
	};
	objectVersion = 46;
	objects = {
/* Begin PBXBuildFile section */
		0207DA581B56EA530066E2B4 /* Images.xcassets in Resources */ = {isa = PBXBuildFile; fileRef = 0207DA571B56EA530066E2B4 /* Images.xcassets */; };
		1D3623260D0F684500981E51 /* AppDelegate.m in Sources */ = {isa = PBXBuildFile; fileRef = 1D3623250D0F684500981E51 /* AppDelegate.m */; };
		1D60589B0D05DD56006BFB54 /* main.m in Sources */ = {isa = PBXBuildFile; fileRef = 29B97316FDCFA39411CA2CEA /* main.m */; };
		301BF552109A68D80062928A /* libCordova.a in Frameworks */ = {isa = PBXBuildFile; fileRef = 301BF535109A57CC0062928A /* libCordova.a */; };
		302D95F114D2391D003F00A1 /* MainViewController.m in Sources */ = {isa = PBXBuildFile; fileRef = 302D95EF14D2391D003F00A1 /* MainViewController.m */; };
		302D95F214D2391D003F00A1 /* MainViewController.xib in Resources */ = {isa = PBXBuildFile; fileRef = 302D95F014D2391D003F00A1 /* MainViewController.xib */; };
		3047A5121AB8059700498E2A /* build-debug.xcconfig in Resources */ = {isa = PBXBuildFile; fileRef = 3047A50F1AB8059700498E2A /* build-debug.xcconfig */; };
		3047A5131AB8059700498E2A /* build-release.xcconfig in Resources */ = {isa = PBXBuildFile; fileRef = 3047A5101AB8059700498E2A /* build-release.xcconfig */; };
		3047A5141AB8059700498E2A /* build.xcconfig in Resources */ = {isa = PBXBuildFile; fileRef = 3047A5111AB8059700498E2A /* build.xcconfig */; };
		6AFF5BF91D6E424B00AB3073 /* CDVLaunchScreen.storyboard in Resources */ = {isa = PBXBuildFile; fileRef = 6AFF5BF81D6E424B00AB3073 /* CDVLaunchScreen.storyboard */; };
		86628CEEB434421E93C6705D /* CDVDevice.m in Sources */ = {isa = PBXBuildFile; fileRef = 740B096CCDB74284B1618A1A /* CDVDevice.m */; };
		8DDAD59E2B384586AA54FD09 /* libz.tbd in Frameworks */ = {isa = PBXBuildFile; fileRef = 7327B0C3BA4548D9942EC526 /* libz.tbd */; };
		1FDE894793104AAE9FD11168 /* FCMPlugin.m in Sources */ = {isa = PBXBuildFile; fileRef = 206F0AB01A834D29AD8506FB /* FCMPlugin.m */; };
		00F52ACA1DC444C1BFF80603 /* AppDelegate+FCMPlugin.m in Sources */ = {isa = PBXBuildFile; fileRef = CFFC96F9F5D44D3D8048191F /* AppDelegate+FCMPlugin.m */; };
		917CBEA7CC114BFC8A263E2B /* GoogleService-Info.plist in Resources */ = {isa = PBXBuildFile; fileRef = 9E947E7222F84D0EAF71D202 /* GoogleService-Info.plist */; };
		81262E85C0EF41BA9BDA0D67 /* FirebaseAnalytics.framework in Frameworks */ = {isa = PBXBuildFile; fileRef = BF5493AC6B1547C490570819 /* FirebaseAnalytics.framework */; };
		02661C5303C4458F8DFC23EA /* FirebaseCore.framework in Frameworks */ = {isa = PBXBuildFile; fileRef = FDFBEBEFC6F0472B9BB388F5 /* FirebaseCore.framework */; };
		C66BBA0B84574822BB92A379 /* FirebaseInstanceID.framework in Frameworks */ = {isa = PBXBuildFile; fileRef = 327B280D4A004FB1B27822B6 /* FirebaseInstanceID.framework */; };
		20991D8821C143689337242C /* FirebaseMessaging.framework in Frameworks */ = {isa = PBXBuildFile; fileRef = FDDD1BE6FADD4EECAB618E89 /* FirebaseMessaging.framework */; };
		DCDCB9A07D9646238D62E35D /* GoogleInterchangeUtilities.framework in Frameworks */ = {isa = PBXBuildFile; fileRef = DEB37FD16D1444899951FC3E /* GoogleInterchangeUtilities.framework */; };
		F5E7C96496EF42C8952A2CBF /* GoogleIPhoneUtilities.framework in Frameworks */ = {isa = PBXBuildFile; fileRef = 1A50D7089C8E482E9CFB0E85 /* GoogleIPhoneUtilities.framework */; };
		33BAEC4030CE4CAE8A326985 /* GoogleSymbolUtilities.framework in Frameworks */ = {isa = PBXBuildFile; fileRef = F23BC30993A24A958A139F66 /* GoogleSymbolUtilities.framework */; };
		30F9F1CE1CC5409E87B3B7A7 /* GoogleUtilities.framework in Frameworks */ = {isa = PBXBuildFile; fileRef = 7F7389DB720C4573905B0629 /* GoogleUtilities.framework */; };
		A3702BB81D2C4D059DA292FF /* libc++.tbd in Frameworks */ = {isa = PBXBuildFile; fileRef = C440B0712D6E4C6081D6AD02 /* libc++.tbd */; };
		35EEEA46594945729DAB9F7F /* AddressBook.framework in Frameworks */ = {isa = PBXBuildFile; fileRef = EBDCF4DD5E55471193662596 /* AddressBook.framework */; };
		0E6946CCC3464BFE84C35F9D /* libsqlite3.0.tbd in Frameworks */ = {isa = PBXBuildFile; fileRef = 13F644F6ADDE4F979BE2A519 /* libsqlite3.0.tbd */; };
		732AA09C7B7844B7996DC797 /* Security.framework in Frameworks */ = {isa = PBXBuildFile; fileRef = F966CBBE4BE64870B7AC02E9 /* Security.framework */; };
		B918EA6436C046D89D845D73 /* CDVInAppBrowser.m in Sources */ = {isa = PBXBuildFile; fileRef = 51DC9DD7B38648A4A5C3D3AC /* CDVInAppBrowser.m */; };
		54D9C3E3FD464515AD3B517F /* CDVIonicKeyboard.m in Sources */ = {isa = PBXBuildFile; fileRef = 0EA8C6405B484A7FAE191395 /* CDVIonicKeyboard.m */; };
		FC62A94F6DD54B01AABBAFCC /* CDVWKWebViewEngine.m in Sources */ = {isa = PBXBuildFile; fileRef = 783F5B5824184690A2945B33 /* CDVWKWebViewEngine.m */; };
		F13DBFF7B3424CF091C789DE /* CDVWKWebViewUIDelegate.m in Sources */ = {isa = PBXBuildFile; fileRef = 8CCC907D9F304CE494B4C7DA /* CDVWKWebViewUIDelegate.m */; };
		2E26D8D544F84E99B5BB16CE /* CDVWKProcessPoolFactory.m in Sources */ = {isa = PBXBuildFile; fileRef = 6AE3AC30A1AC4964A4CACDEA /* CDVWKProcessPoolFactory.m */; };
		B4D25B89C4B14A4EB6AEBE09 /* GCDWebServer.m in Sources */ = {isa = PBXBuildFile; fileRef = 91F4A3CF75D94731A69B01C7 /* GCDWebServer.m */; };
		2FB4386E5E6645BDA7B6A908 /* GCDWebServerConnection.m in Sources */ = {isa = PBXBuildFile; fileRef = 2FEF08E9CD5C4A4983CB3620 /* GCDWebServerConnection.m */; };
		4E02C88E59E44040B35D5BCF /* GCDWebServerFunctions.m in Sources */ = {isa = PBXBuildFile; fileRef = 5F3DEB32F9A847ED9B16334F /* GCDWebServerFunctions.m */; };
		E574C5F67B8747DDA7CC391F /* GCDWebServerRequest.m in Sources */ = {isa = PBXBuildFile; fileRef = AEA87F46CCD44C7CACE84E65 /* GCDWebServerRequest.m */; };
		2FC89B37A9474A2E8F83FEDF /* GCDWebServerResponse.m in Sources */ = {isa = PBXBuildFile; fileRef = 234088BD1E4F43259662FDCC /* GCDWebServerResponse.m */; };
		9D81EB815B294A1E9E3286DD /* GCDWebServerDataRequest.m in Sources */ = {isa = PBXBuildFile; fileRef = B3E5448F37D046B585A66656 /* GCDWebServerDataRequest.m */; };
		A992C699A228430194EC2A68 /* GCDWebServerFileRequest.m in Sources */ = {isa = PBXBuildFile; fileRef = 98EA6E7E3B1843B48848B565 /* GCDWebServerFileRequest.m */; };
		BA0B9DD93C4747C48F669318 /* GCDWebServerMultiPartFormRequest.m in Sources */ = {isa = PBXBuildFile; fileRef = C19C276C93644E3FA5A4A961 /* GCDWebServerMultiPartFormRequest.m */; };
		6117DD8209D846EB837031C9 /* GCDWebServerURLEncodedFormRequest.m in Sources */ = {isa = PBXBuildFile; fileRef = C09A1A8975C44D248C204002 /* GCDWebServerURLEncodedFormRequest.m */; };
		897C8C1156D5434BB728320F /* GCDWebServerDataResponse.m in Sources */ = {isa = PBXBuildFile; fileRef = C31E1F86A8604522A22DD361 /* GCDWebServerDataResponse.m */; };
		4806714A002C479CB03D6512 /* GCDWebServerErrorResponse.m in Sources */ = {isa = PBXBuildFile; fileRef = AF82EC3B75F948DD932B6FDD /* GCDWebServerErrorResponse.m */; };
		0B4D607264924E0584097C27 /* GCDWebServerFileResponse.m in Sources */ = {isa = PBXBuildFile; fileRef = 1B04912CA1054D82A7E20B1E /* GCDWebServerFileResponse.m */; };
		5963AD05F0294255A53D4978 /* GCDWebServerStreamedResponse.m in Sources */ = {isa = PBXBuildFile; fileRef = 5628D5A9CC9740CA88A84CD1 /* GCDWebServerStreamedResponse.m */; };
		1B810CF31CF4473790954DF5 /* WebKit.framework in Frameworks */ = {isa = PBXBuildFile; fileRef = 80C7A3277CE24074A6AACBE3 /* WebKit.framework */; settings = {ATTRIBUTES = (Weak, ); }; };
		07007C05F8224E359C462DA4 /* CDVSplashScreen.m in Sources */ = {isa = PBXBuildFile; fileRef = 9624D23550E243019CF57DEA /* CDVSplashScreen.m */; };
		73995F3B5F5B4CE79906C810 /* CDVViewController+SplashScreen.m in Sources */ = {isa = PBXBuildFile; fileRef = A3655F66E35646B28FD97FA3 /* CDVViewController+SplashScreen.m */; };
/* End PBXBuildFile section */

/* Begin PBXContainerItemProxy section */
		301BF534109A57CC0062928A /* PBXContainerItemProxy */ = {
			isa = PBXContainerItemProxy;
			containerPortal = 301BF52D109A57CC0062928A /* CordovaLib.xcodeproj */;
			proxyType = 2;
			remoteGlobalIDString = D2AAC07E0554694100DB518D;
			remoteInfo = CordovaLib;
		};
		301BF550109A68C00062928A /* PBXContainerItemProxy */ = {
			isa = PBXContainerItemProxy;
			containerPortal = 301BF52D109A57CC0062928A /* CordovaLib.xcodeproj */;
			proxyType = 1;
			remoteGlobalIDString = D2AAC07D0554694100DB518D;
			remoteInfo = CordovaLib;
		};
/* End PBXContainerItemProxy section */

/* Begin PBXFileReference section */
		0207DA571B56EA530066E2B4 /* Images.xcassets */ = {isa = PBXFileReference; lastKnownFileType = folder.assetcatalog; name = Images.xcassets; path = "Prata da Casa/Images.xcassets"; sourceTree = SOURCE_ROOT; };
		1D3623240D0F684500981E51 /* AppDelegate.h */ = {isa = PBXFileReference; fileEncoding = 4; lastKnownFileType = sourcecode.c.h; path = AppDelegate.h; sourceTree = "<group>"; };
		1D3623250D0F684500981E51 /* AppDelegate.m */ = {isa = PBXFileReference; fileEncoding = 4; lastKnownFileType = sourcecode.c.objc; path = AppDelegate.m; sourceTree = "<group>"; };
		1D6058910D05DD3D006BFB54 /* Prata da Casa.app */ = {isa = PBXFileReference; explicitFileType = wrapper.application; includeInIndex = 0; path = "Prata da Casa.app"; sourceTree = BUILT_PRODUCTS_DIR; };
		29B97316FDCFA39411CA2CEA /* main.m */ = {isa = PBXFileReference; fileEncoding = 4; lastKnownFileType = sourcecode.c.objc; path = main.m; sourceTree = "<group>"; };
		301BF52D109A57CC0062928A /* CordovaLib.xcodeproj */ = {isa = PBXFileReference; lastKnownFileType = "wrapper.pb-project"; path = CordovaLib/CordovaLib.xcodeproj; sourceTree = "<group>"; };
		301BF56E109A69640062928A /* www */ = {isa = PBXFileReference; lastKnownFileType = folder; path = www; sourceTree = SOURCE_ROOT; };
		302D95EE14D2391D003F00A1 /* MainViewController.h */ = {isa = PBXFileReference; fileEncoding = 4; lastKnownFileType = sourcecode.c.h; path = MainViewController.h; sourceTree = "<group>"; };
		302D95EF14D2391D003F00A1 /* MainViewController.m */ = {isa = PBXFileReference; fileEncoding = 4; lastKnownFileType = sourcecode.c.objc; path = MainViewController.m; sourceTree = "<group>"; };
		302D95F014D2391D003F00A1 /* MainViewController.xib */ = {isa = PBXFileReference; fileEncoding = 4; lastKnownFileType = file.xib; path = MainViewController.xib; sourceTree = "<group>"; };
		3047A50F1AB8059700498E2A /* build-debug.xcconfig */ = {isa = PBXFileReference; fileEncoding = 4; lastKnownFileType = text.xcconfig; name = "build-debug.xcconfig"; path = cordova/build-debug.xcconfig; sourceTree = SOURCE_ROOT; };
		3047A5101AB8059700498E2A /* build-release.xcconfig */ = {isa = PBXFileReference; fileEncoding = 4; lastKnownFileType = text.xcconfig; name = "build-release.xcconfig"; path = cordova/build-release.xcconfig; sourceTree = SOURCE_ROOT; };
		3047A5111AB8059700498E2A /* build.xcconfig */ = {isa = PBXFileReference; fileEncoding = 4; lastKnownFileType = text.xcconfig; name = build.xcconfig; path = cordova/build.xcconfig; sourceTree = SOURCE_ROOT; };
		32CA4F630368D1EE00C91783 /* Prata da Casa-Prefix.pch */ = {isa = PBXFileReference; fileEncoding = 4; lastKnownFileType = sourcecode.c.h; path = "Prata da Casa-Prefix.pch"; sourceTree = "<group>"; };
		6AFF5BF81D6E424B00AB3073 /* CDVLaunchScreen.storyboard */ = {isa = PBXFileReference; fileEncoding = 4; lastKnownFileType = file.storyboard; name = CDVLaunchScreen.storyboard; path = "Prata da Casa/CDVLaunchScreen.storyboard"; sourceTree = SOURCE_ROOT; };
		8D1107310486CEB800E47090 /* Prata da Casa-Info.plist */ = {isa = PBXFileReference; fileEncoding = 4; lastKnownFileType = text.plist.xml; name = "Prata da Casa-Info.plist"; path = "Prata da Casa/Prata da Casa-Info.plist"; plistStructureDefinitionIdentifier = "com.apple.xcode.plist.structure-definition.iphone.info-plist"; sourceTree = SOURCE_ROOT; };
		EB87FDF31871DA8E0020F90C /* www */ = {isa = PBXFileReference; lastKnownFileType = folder; name = www; path = ../../www; sourceTree = "<group>"; };
		EB87FDF41871DAF40020F90C /* config.xml */ = {isa = PBXFileReference; lastKnownFileType = text.xml; name = config.xml; path = ../../config.xml; sourceTree = "<group>"; };
		F840E1F0165FE0F500CFE078 /* config.xml */ = {isa = PBXFileReference; lastKnownFileType = text.xml; name = config.xml; path = "Prata da Casa/config.xml"; sourceTree = "<group>"; };
		ED33DF2A687741AEAF9F8254 /* Bridging-Header.h */ = {isa = PBXFileReference; fileEncoding = 4; lastKnownFileType = sourcecode.c.h; name = "Bridging-Header.h"; path = "Bridging-Header.h"; sourceTree = "<group>"; };
		740B096CCDB74284B1618A1A /* CDVDevice.m */ = {isa = PBXFileReference; name = "CDVDevice.m"; path = "cordova-plugin-device/CDVDevice.m"; sourceTree = "<group>"; fileEncoding = 4; lastKnownFileType = sourcecode.c.objc; explicitFileType = undefined; includeInIndex = 0; };
		0FF786FB1DD6426493E18436 /* CDVDevice.h */ = {isa = PBXFileReference; name = "CDVDevice.h"; path = "cordova-plugin-device/CDVDevice.h"; sourceTree = "<group>"; fileEncoding = 4; lastKnownFileType = sourcecode.c.h; explicitFileType = undefined; includeInIndex = 0; };
		7327B0C3BA4548D9942EC526 /* libz.tbd */ = {isa = PBXFileReference; name = "libz.tbd"; path = "usr/lib/libz.tbd"; sourceTree = SDKROOT; fileEncoding = undefined; lastKnownFileType = sourcecode.text-based-dylib-definition; explicitFileType = undefined; includeInIndex = 0; };
		206F0AB01A834D29AD8506FB /* FCMPlugin.m */ = {isa = PBXFileReference; name = "FCMPlugin.m"; path = "cordova-plugin-fcm/FCMPlugin.m"; sourceTree = "<group>"; fileEncoding = 4; lastKnownFileType = sourcecode.c.objc; explicitFileType = undefined; includeInIndex = 0; };
		CFFC96F9F5D44D3D8048191F /* AppDelegate+FCMPlugin.m */ = {isa = PBXFileReference; name = "AppDelegate+FCMPlugin.m"; path = "cordova-plugin-fcm/AppDelegate+FCMPlugin.m"; sourceTree = "<group>"; fileEncoding = 4; lastKnownFileType = sourcecode.c.objc; explicitFileType = undefined; includeInIndex = 0; };
		659D1B1D99294D8E9D7B1C2F /* FCMPlugin.h */ = {isa = PBXFileReference; name = "FCMPlugin.h"; path = "cordova-plugin-fcm/FCMPlugin.h"; sourceTree = "<group>"; fileEncoding = 4; lastKnownFileType = sourcecode.c.h; explicitFileType = undefined; includeInIndex = 0; };
		E34A83D02E5A4966A8809F32 /* AppDelegate+FCMPlugin.h */ = {isa = PBXFileReference; name = "AppDelegate+FCMPlugin.h"; path = "cordova-plugin-fcm/AppDelegate+FCMPlugin.h"; sourceTree = "<group>"; fileEncoding = 4; lastKnownFileType = sourcecode.c.h; explicitFileType = undefined; includeInIndex = 0; };
		4AE761866F7C44C1ABB82E1A /* Firebase.h */ = {isa = PBXFileReference; name = "Firebase.h"; path = "cordova-plugin-fcm/Firebase.h"; sourceTree = "<group>"; fileEncoding = 4; lastKnownFileType = sourcecode.c.h; explicitFileType = undefined; includeInIndex = 0; };
		9E947E7222F84D0EAF71D202 /* GoogleService-Info.plist */ = {isa = PBXFileReference; name = "GoogleService-Info.plist"; path = "Resources/GoogleService-Info.plist"; sourceTree = "<group>"; fileEncoding = 4; lastKnownFileType = text.plist.xml; explicitFileType = undefined; includeInIndex = 0; };
		BF5493AC6B1547C490570819 /* FirebaseAnalytics.framework */ = {isa = PBXFileReference; name = "FirebaseAnalytics.framework"; path = "Prata da Casa/Plugins/cordova-plugin-fcm/FirebaseAnalytics.framework"; sourceTree = "<group>"; fileEncoding = undefined; lastKnownFileType = wrapper.framework; explicitFileType = undefined; includeInIndex = 0; };
		FDFBEBEFC6F0472B9BB388F5 /* FirebaseCore.framework */ = {isa = PBXFileReference; name = "FirebaseCore.framework"; path = "Prata da Casa/Plugins/cordova-plugin-fcm/FirebaseCore.framework"; sourceTree = "<group>"; fileEncoding = undefined; lastKnownFileType = wrapper.framework; explicitFileType = undefined; includeInIndex = 0; };
		327B280D4A004FB1B27822B6 /* FirebaseInstanceID.framework */ = {isa = PBXFileReference; name = "FirebaseInstanceID.framework"; path = "Prata da Casa/Plugins/cordova-plugin-fcm/FirebaseInstanceID.framework"; sourceTree = "<group>"; fileEncoding = undefined; lastKnownFileType = wrapper.framework; explicitFileType = undefined; includeInIndex = 0; };
		FDDD1BE6FADD4EECAB618E89 /* FirebaseMessaging.framework */ = {isa = PBXFileReference; name = "FirebaseMessaging.framework"; path = "Prata da Casa/Plugins/cordova-plugin-fcm/FirebaseMessaging.framework"; sourceTree = "<group>"; fileEncoding = undefined; lastKnownFileType = wrapper.framework; explicitFileType = undefined; includeInIndex = 0; };
		DEB37FD16D1444899951FC3E /* GoogleInterchangeUtilities.framework */ = {isa = PBXFileReference; name = "GoogleInterchangeUtilities.framework"; path = "Prata da Casa/Plugins/cordova-plugin-fcm/GoogleInterchangeUtilities.framework"; sourceTree = "<group>"; fileEncoding = undefined; lastKnownFileType = wrapper.framework; explicitFileType = undefined; includeInIndex = 0; };
		1A50D7089C8E482E9CFB0E85 /* GoogleIPhoneUtilities.framework */ = {isa = PBXFileReference; name = "GoogleIPhoneUtilities.framework"; path = "Prata da Casa/Plugins/cordova-plugin-fcm/GoogleIPhoneUtilities.framework"; sourceTree = "<group>"; fileEncoding = undefined; lastKnownFileType = wrapper.framework; explicitFileType = undefined; includeInIndex = 0; };
		F23BC30993A24A958A139F66 /* GoogleSymbolUtilities.framework */ = {isa = PBXFileReference; name = "GoogleSymbolUtilities.framework"; path = "Prata da Casa/Plugins/cordova-plugin-fcm/GoogleSymbolUtilities.framework"; sourceTree = "<group>"; fileEncoding = undefined; lastKnownFileType = wrapper.framework; explicitFileType = undefined; includeInIndex = 0; };
		7F7389DB720C4573905B0629 /* GoogleUtilities.framework */ = {isa = PBXFileReference; name = "GoogleUtilities.framework"; path = "Prata da Casa/Plugins/cordova-plugin-fcm/GoogleUtilities.framework"; sourceTree = "<group>"; fileEncoding = undefined; lastKnownFileType = wrapper.framework; explicitFileType = undefined; includeInIndex = 0; };
		C440B0712D6E4C6081D6AD02 /* libc++.tbd */ = {isa = PBXFileReference; name = "libc++.tbd"; path = "usr/lib/libc++.tbd"; sourceTree = SDKROOT; fileEncoding = undefined; lastKnownFileType = sourcecode.text-based-dylib-definition; explicitFileType = undefined; includeInIndex = 0; };
		EBDCF4DD5E55471193662596 /* AddressBook.framework */ = {isa = PBXFileReference; name = "AddressBook.framework"; path = "System/Library/Frameworks/AddressBook.framework"; sourceTree = SDKROOT; fileEncoding = undefined; lastKnownFileType = wrapper.framework; explicitFileType = undefined; includeInIndex = 0; };
		13F644F6ADDE4F979BE2A519 /* libsqlite3.0.tbd */ = {isa = PBXFileReference; name = "libsqlite3.0.tbd"; path = "usr/lib/libsqlite3.0.tbd"; sourceTree = SDKROOT; fileEncoding = undefined; lastKnownFileType = sourcecode.text-based-dylib-definition; explicitFileType = undefined; includeInIndex = 0; };
		F966CBBE4BE64870B7AC02E9 /* Security.framework */ = {isa = PBXFileReference; name = "Security.framework"; path = "System/Library/Frameworks/Security.framework"; sourceTree = SDKROOT; fileEncoding = undefined; lastKnownFileType = wrapper.framework; explicitFileType = undefined; includeInIndex = 0; };
		51DC9DD7B38648A4A5C3D3AC /* CDVInAppBrowser.m */ = {isa = PBXFileReference; name = "CDVInAppBrowser.m"; path = "cordova-plugin-inappbrowser/CDVInAppBrowser.m"; sourceTree = "<group>"; fileEncoding = 4; lastKnownFileType = sourcecode.c.objc; explicitFileType = undefined; includeInIndex = 0; };
		401C2493F2D640418A6603A9 /* CDVInAppBrowser.h */ = {isa = PBXFileReference; name = "CDVInAppBrowser.h"; path = "cordova-plugin-inappbrowser/CDVInAppBrowser.h"; sourceTree = "<group>"; fileEncoding = 4; lastKnownFileType = sourcecode.c.h; explicitFileType = undefined; includeInIndex = 0; };
		0EA8C6405B484A7FAE191395 /* CDVIonicKeyboard.m */ = {isa = PBXFileReference; name = "CDVIonicKeyboard.m"; path = "cordova-plugin-ionic-keyboard/CDVIonicKeyboard.m"; sourceTree = "<group>"; fileEncoding = 4; lastKnownFileType = sourcecode.c.objc; explicitFileType = undefined; includeInIndex = 0; };
		4C0A38658A0844188F967F82 /* CDVIonicKeyboard.h */ = {isa = PBXFileReference; name = "CDVIonicKeyboard.h"; path = "cordova-plugin-ionic-keyboard/CDVIonicKeyboard.h"; sourceTree = "<group>"; fileEncoding = 4; lastKnownFileType = sourcecode.c.h; explicitFileType = undefined; includeInIndex = 0; };
		783F5B5824184690A2945B33 /* CDVWKWebViewEngine.m */ = {isa = PBXFileReference; name = "CDVWKWebViewEngine.m"; path = "cordova-plugin-ionic-webview/CDVWKWebViewEngine.m"; sourceTree = "<group>"; fileEncoding = 4; lastKnownFileType = sourcecode.c.objc; explicitFileType = undefined; includeInIndex = 0; };
		8CCC907D9F304CE494B4C7DA /* CDVWKWebViewUIDelegate.m */ = {isa = PBXFileReference; name = "CDVWKWebViewUIDelegate.m"; path = "cordova-plugin-ionic-webview/CDVWKWebViewUIDelegate.m"; sourceTree = "<group>"; fileEncoding = 4; lastKnownFileType = sourcecode.c.objc; explicitFileType = undefined; includeInIndex = 0; };
		6AE3AC30A1AC4964A4CACDEA /* CDVWKProcessPoolFactory.m */ = {isa = PBXFileReference; name = "CDVWKProcessPoolFactory.m"; path = "cordova-plugin-ionic-webview/CDVWKProcessPoolFactory.m"; sourceTree = "<group>"; fileEncoding = 4; lastKnownFileType = sourcecode.c.objc; explicitFileType = undefined; includeInIndex = 0; };
		91F4A3CF75D94731A69B01C7 /* GCDWebServer.m */ = {isa = PBXFileReference; name = "GCDWebServer.m"; path = "cordova-plugin-ionic-webview/GCDWebServer.m"; sourceTree = "<group>"; fileEncoding = 4; lastKnownFileType = sourcecode.c.objc; explicitFileType = undefined; includeInIndex = 0; };
		2FEF08E9CD5C4A4983CB3620 /* GCDWebServerConnection.m */ = {isa = PBXFileReference; name = "GCDWebServerConnection.m"; path = "cordova-plugin-ionic-webview/GCDWebServerConnection.m"; sourceTree = "<group>"; fileEncoding = 4; lastKnownFileType = sourcecode.c.objc; explicitFileType = undefined; includeInIndex = 0; };
		5F3DEB32F9A847ED9B16334F /* GCDWebServerFunctions.m */ = {isa = PBXFileReference; name = "GCDWebServerFunctions.m"; path = "cordova-plugin-ionic-webview/GCDWebServerFunctions.m"; sourceTree = "<group>"; fileEncoding = 4; lastKnownFileType = sourcecode.c.objc; explicitFileType = undefined; includeInIndex = 0; };
		AEA87F46CCD44C7CACE84E65 /* GCDWebServerRequest.m */ = {isa = PBXFileReference; name = "GCDWebServerRequest.m"; path = "cordova-plugin-ionic-webview/GCDWebServerRequest.m"; sourceTree = "<group>"; fileEncoding = 4; lastKnownFileType = sourcecode.c.objc; explicitFileType = undefined; includeInIndex = 0; };
		234088BD1E4F43259662FDCC /* GCDWebServerResponse.m */ = {isa = PBXFileReference; name = "GCDWebServerResponse.m"; path = "cordova-plugin-ionic-webview/GCDWebServerResponse.m"; sourceTree = "<group>"; fileEncoding = 4; lastKnownFileType = sourcecode.c.objc; explicitFileType = undefined; includeInIndex = 0; };
		B3E5448F37D046B585A66656 /* GCDWebServerDataRequest.m */ = {isa = PBXFileReference; name = "GCDWebServerDataRequest.m"; path = "cordova-plugin-ionic-webview/GCDWebServerDataRequest.m"; sourceTree = "<group>"; fileEncoding = 4; lastKnownFileType = sourcecode.c.objc; explicitFileType = undefined; includeInIndex = 0; };
		98EA6E7E3B1843B48848B565 /* GCDWebServerFileRequest.m */ = {isa = PBXFileReference; name = "GCDWebServerFileRequest.m"; path = "cordova-plugin-ionic-webview/GCDWebServerFileRequest.m"; sourceTree = "<group>"; fileEncoding = 4; lastKnownFileType = sourcecode.c.objc; explicitFileType = undefined; includeInIndex = 0; };
		C19C276C93644E3FA5A4A961 /* GCDWebServerMultiPartFormRequest.m */ = {isa = PBXFileReference; name = "GCDWebServerMultiPartFormRequest.m"; path = "cordova-plugin-ionic-webview/GCDWebServerMultiPartFormRequest.m"; sourceTree = "<group>"; fileEncoding = 4; lastKnownFileType = sourcecode.c.objc; explicitFileType = undefined; includeInIndex = 0; };
		C09A1A8975C44D248C204002 /* GCDWebServerURLEncodedFormRequest.m */ = {isa = PBXFileReference; name = "GCDWebServerURLEncodedFormRequest.m"; path = "cordova-plugin-ionic-webview/GCDWebServerURLEncodedFormRequest.m"; sourceTree = "<group>"; fileEncoding = 4; lastKnownFileType = sourcecode.c.objc; explicitFileType = undefined; includeInIndex = 0; };
		C31E1F86A8604522A22DD361 /* GCDWebServerDataResponse.m */ = {isa = PBXFileReference; name = "GCDWebServerDataResponse.m"; path = "cordova-plugin-ionic-webview/GCDWebServerDataResponse.m"; sourceTree = "<group>"; fileEncoding = 4; lastKnownFileType = sourcecode.c.objc; explicitFileType = undefined; includeInIndex = 0; };
		AF82EC3B75F948DD932B6FDD /* GCDWebServerErrorResponse.m */ = {isa = PBXFileReference; name = "GCDWebServerErrorResponse.m"; path = "cordova-plugin-ionic-webview/GCDWebServerErrorResponse.m"; sourceTree = "<group>"; fileEncoding = 4; lastKnownFileType = sourcecode.c.objc; explicitFileType = undefined; includeInIndex = 0; };
		1B04912CA1054D82A7E20B1E /* GCDWebServerFileResponse.m */ = {isa = PBXFileReference; name = "GCDWebServerFileResponse.m"; path = "cordova-plugin-ionic-webview/GCDWebServerFileResponse.m"; sourceTree = "<group>"; fileEncoding = 4; lastKnownFileType = sourcecode.c.objc; explicitFileType = undefined; includeInIndex = 0; };
		5628D5A9CC9740CA88A84CD1 /* GCDWebServerStreamedResponse.m */ = {isa = PBXFileReference; name = "GCDWebServerStreamedResponse.m"; path = "cordova-plugin-ionic-webview/GCDWebServerStreamedResponse.m"; sourceTree = "<group>"; fileEncoding = 4; lastKnownFileType = sourcecode.c.objc; explicitFileType = undefined; includeInIndex = 0; };
		0D2E6583C43B47819A2BB7DA /* CDVWKWebViewEngine.h */ = {isa = PBXFileReference; name = "CDVWKWebViewEngine.h"; path = "cordova-plugin-ionic-webview/CDVWKWebViewEngine.h"; sourceTree = "<group>"; fileEncoding = 4; lastKnownFileType = sourcecode.c.h; explicitFileType = undefined; includeInIndex = 0; };
		797614A7ECD84B509AFBE5BF /* CDVWKWebViewUIDelegate.h */ = {isa = PBXFileReference; name = "CDVWKWebViewUIDelegate.h"; path = "cordova-plugin-ionic-webview/CDVWKWebViewUIDelegate.h"; sourceTree = "<group>"; fileEncoding = 4; lastKnownFileType = sourcecode.c.h; explicitFileType = undefined; includeInIndex = 0; };
		46798016F4C145759CA9EDE8 /* CDVWKProcessPoolFactory.h */ = {isa = PBXFileReference; name = "CDVWKProcessPoolFactory.h"; path = "cordova-plugin-ionic-webview/CDVWKProcessPoolFactory.h"; sourceTree = "<group>"; fileEncoding = 4; lastKnownFileType = sourcecode.c.h; explicitFileType = undefined; includeInIndex = 0; };
		75E4972FF78B4686B392F1E2 /* GCDWebServer.h */ = {isa = PBXFileReference; name = "GCDWebServer.h"; path = "cordova-plugin-ionic-webview/GCDWebServer.h"; sourceTree = "<group>"; fileEncoding = 4; lastKnownFileType = sourcecode.c.h; explicitFileType = undefined; includeInIndex = 0; };
		28545CFECE934E049C683170 /* GCDWebServerConnection.h */ = {isa = PBXFileReference; name = "GCDWebServerConnection.h"; path = "cordova-plugin-ionic-webview/GCDWebServerConnection.h"; sourceTree = "<group>"; fileEncoding = 4; lastKnownFileType = sourcecode.c.h; explicitFileType = undefined; includeInIndex = 0; };
		0CE91450BFC747A494E9A1D3 /* GCDWebServerFunctions.h */ = {isa = PBXFileReference; name = "GCDWebServerFunctions.h"; path = "cordova-plugin-ionic-webview/GCDWebServerFunctions.h"; sourceTree = "<group>"; fileEncoding = 4; lastKnownFileType = sourcecode.c.h; explicitFileType = undefined; includeInIndex = 0; };
		689B262F96FB4DEEACD2F0C0 /* GCDWebServerHTTPStatusCodes.h */ = {isa = PBXFileReference; name = "GCDWebServerHTTPStatusCodes.h"; path = "cordova-plugin-ionic-webview/GCDWebServerHTTPStatusCodes.h"; sourceTree = "<group>"; fileEncoding = 4; lastKnownFileType = sourcecode.c.h; explicitFileType = undefined; includeInIndex = 0; };
		AA98E99ABC0949DDB9710272 /* GCDWebServerPrivate.h */ = {isa = PBXFileReference; name = "GCDWebServerPrivate.h"; path = "cordova-plugin-ionic-webview/GCDWebServerPrivate.h"; sourceTree = "<group>"; fileEncoding = 4; lastKnownFileType = sourcecode.c.h; explicitFileType = undefined; includeInIndex = 0; };
		A161B3DD116D4925A6388F99 /* GCDWebServerRequest.h */ = {isa = PBXFileReference; name = "GCDWebServerRequest.h"; path = "cordova-plugin-ionic-webview/GCDWebServerRequest.h"; sourceTree = "<group>"; fileEncoding = 4; lastKnownFileType = sourcecode.c.h; explicitFileType = undefined; includeInIndex = 0; };
		597B9C0B19AC4409B7031F8F /* GCDWebServerResponse.h */ = {isa = PBXFileReference; name = "GCDWebServerResponse.h"; path = "cordova-plugin-ionic-webview/GCDWebServerResponse.h"; sourceTree = "<group>"; fileEncoding = 4; lastKnownFileType = sourcecode.c.h; explicitFileType = undefined; includeInIndex = 0; };
		BDF8ACD80ADE4799BFFCC776 /* GCDWebServerDataRequest.h */ = {isa = PBXFileReference; name = "GCDWebServerDataRequest.h"; path = "cordova-plugin-ionic-webview/GCDWebServerDataRequest.h"; sourceTree = "<group>"; fileEncoding = 4; lastKnownFileType = sourcecode.c.h; explicitFileType = undefined; includeInIndex = 0; };
		EA50C3852F484ED39FA05AF1 /* GCDWebServerFileRequest.h */ = {isa = PBXFileReference; name = "GCDWebServerFileRequest.h"; path = "cordova-plugin-ionic-webview/GCDWebServerFileRequest.h"; sourceTree = "<group>"; fileEncoding = 4; lastKnownFileType = sourcecode.c.h; explicitFileType = undefined; includeInIndex = 0; };
		4B9F6FF635EE4FB296D6FDE6 /* GCDWebServerMultiPartFormRequest.h */ = {isa = PBXFileReference; name = "GCDWebServerMultiPartFormRequest.h"; path = "cordova-plugin-ionic-webview/GCDWebServerMultiPartFormRequest.h"; sourceTree = "<group>"; fileEncoding = 4; lastKnownFileType = sourcecode.c.h; explicitFileType = undefined; includeInIndex = 0; };
		DC0E65FDDFEC4A129A62DEA8 /* GCDWebServerURLEncodedFormRequest.h */ = {isa = PBXFileReference; name = "GCDWebServerURLEncodedFormRequest.h"; path = "cordova-plugin-ionic-webview/GCDWebServerURLEncodedFormRequest.h"; sourceTree = "<group>"; fileEncoding = 4; lastKnownFileType = sourcecode.c.h; explicitFileType = undefined; includeInIndex = 0; };
		D6F1CAE6A7E44AFFA17E1712 /* GCDWebServerDataResponse.h */ = {isa = PBXFileReference; name = "GCDWebServerDataResponse.h"; path = "cordova-plugin-ionic-webview/GCDWebServerDataResponse.h"; sourceTree = "<group>"; fileEncoding = 4; lastKnownFileType = sourcecode.c.h; explicitFileType = undefined; includeInIndex = 0; };
		B276CF8801A44BEAA1411244 /* GCDWebServerErrorResponse.h */ = {isa = PBXFileReference; name = "GCDWebServerErrorResponse.h"; path = "cordova-plugin-ionic-webview/GCDWebServerErrorResponse.h"; sourceTree = "<group>"; fileEncoding = 4; lastKnownFileType = sourcecode.c.h; explicitFileType = undefined; includeInIndex = 0; };
		DC17F8D6DA364DF09541A718 /* GCDWebServerFileResponse.h */ = {isa = PBXFileReference; name = "GCDWebServerFileResponse.h"; path = "cordova-plugin-ionic-webview/GCDWebServerFileResponse.h"; sourceTree = "<group>"; fileEncoding = 4; lastKnownFileType = sourcecode.c.h; explicitFileType = undefined; includeInIndex = 0; };
		2A4B3CA2C8A2461FAB494176 /* GCDWebServerStreamedResponse.h */ = {isa = PBXFileReference; name = "GCDWebServerStreamedResponse.h"; path = "cordova-plugin-ionic-webview/GCDWebServerStreamedResponse.h"; sourceTree = "<group>"; fileEncoding = 4; lastKnownFileType = sourcecode.c.h; explicitFileType = undefined; includeInIndex = 0; };
		80C7A3277CE24074A6AACBE3 /* WebKit.framework */ = {isa = PBXFileReference; name = "WebKit.framework"; path = "System/Library/Frameworks/WebKit.framework"; sourceTree = SDKROOT; fileEncoding = undefined; lastKnownFileType = wrapper.framework; explicitFileType = undefined; includeInIndex = 0; };
		9624D23550E243019CF57DEA /* CDVSplashScreen.m */ = {isa = PBXFileReference; name = "CDVSplashScreen.m"; path = "cordova-plugin-splashscreen/CDVSplashScreen.m"; sourceTree = "<group>"; fileEncoding = 4; lastKnownFileType = sourcecode.c.objc; explicitFileType = undefined; includeInIndex = 0; };
		A3655F66E35646B28FD97FA3 /* CDVViewController+SplashScreen.m */ = {isa = PBXFileReference; name = "CDVViewController+SplashScreen.m"; path = "cordova-plugin-splashscreen/CDVViewController+SplashScreen.m"; sourceTree = "<group>"; fileEncoding = 4; lastKnownFileType = sourcecode.c.objc; explicitFileType = undefined; includeInIndex = 0; };
		09D18F045BBE4A9B8A9FDCD9 /* CDVSplashScreen.h */ = {isa = PBXFileReference; name = "CDVSplashScreen.h"; path = "cordova-plugin-splashscreen/CDVSplashScreen.h"; sourceTree = "<group>"; fileEncoding = 4; lastKnownFileType = sourcecode.c.h; explicitFileType = undefined; includeInIndex = 0; };
		BAD4D2F428314379A1AC18C3 /* CDVViewController+SplashScreen.h */ = {isa = PBXFileReference; name = "CDVViewController+SplashScreen.h"; path = "cordova-plugin-splashscreen/CDVViewController+SplashScreen.h"; sourceTree = "<group>"; fileEncoding = 4; lastKnownFileType = sourcecode.c.h; explicitFileType = undefined; includeInIndex = 0; };
/* End PBXFileReference section */

/* Begin PBXFrameworksBuildPhase section */
		1D60588F0D05DD3D006BFB54 /* Frameworks */ = {
			isa = PBXFrameworksBuildPhase;
			buildActionMask = 2147483647;
			files = (
				301BF552109A68D80062928A /* libCordova.a in Frameworks */,
				8DDAD59E2B384586AA54FD09 /* libz.tbd in Frameworks */,
				81262E85C0EF41BA9BDA0D67 /* FirebaseAnalytics.framework in Frameworks */,
				02661C5303C4458F8DFC23EA /* FirebaseCore.framework in Frameworks */,
				C66BBA0B84574822BB92A379 /* FirebaseInstanceID.framework in Frameworks */,
				20991D8821C143689337242C /* FirebaseMessaging.framework in Frameworks */,
				DCDCB9A07D9646238D62E35D /* GoogleInterchangeUtilities.framework in Frameworks */,
				F5E7C96496EF42C8952A2CBF /* GoogleIPhoneUtilities.framework in Frameworks */,
				33BAEC4030CE4CAE8A326985 /* GoogleSymbolUtilities.framework in Frameworks */,
				30F9F1CE1CC5409E87B3B7A7 /* GoogleUtilities.framework in Frameworks */,
				A3702BB81D2C4D059DA292FF /* libc++.tbd in Frameworks */,
				35EEEA46594945729DAB9F7F /* AddressBook.framework in Frameworks */,
				0E6946CCC3464BFE84C35F9D /* libsqlite3.0.tbd in Frameworks */,
				732AA09C7B7844B7996DC797 /* Security.framework in Frameworks */,
				1B810CF31CF4473790954DF5 /* WebKit.framework in Frameworks */,
			);
			runOnlyForDeploymentPostprocessing = 0;
		};
/* End PBXFrameworksBuildPhase section */

/* Begin PBXGroup section */
		080E96DDFE201D6D7F000001 /* Classes */ = {
			isa = PBXGroup;
			children = (
				302D95EE14D2391D003F00A1 /* MainViewController.h */,
				302D95EF14D2391D003F00A1 /* MainViewController.m */,
				302D95F014D2391D003F00A1 /* MainViewController.xib */,
				1D3623240D0F684500981E51 /* AppDelegate.h */,
				1D3623250D0F684500981E51 /* AppDelegate.m */,
			);
			name = Classes;
			path = "Prata da Casa/Classes";
			sourceTree = SOURCE_ROOT;
		};
		19C28FACFE9D520D11CA2CBB /* Products */ = {
			isa = PBXGroup;
			children = (
				1D6058910D05DD3D006BFB54 /* Prata da Casa.app */,
			);
			name = Products;
			sourceTree = "<group>";
		};
		29B97314FDCFA39411CA2CEA /* CustomTemplate */ = {
			isa = PBXGroup;
			children = (
				EB87FDF41871DAF40020F90C /* config.xml */,
				EB87FDF31871DA8E0020F90C /* www */,
				EB87FDF11871DA420020F90C /* Staging */,
				301BF52D109A57CC0062928A /* CordovaLib.xcodeproj */,
				080E96DDFE201D6D7F000001 /* Classes */,
				307C750510C5A3420062BCA9 /* Plugins */,
				29B97315FDCFA39411CA2CEA /* Other Sources */,
				29B97317FDCFA39411CA2CEA /* Resources */,
				29B97323FDCFA39411CA2CEA /* Frameworks */,
				19C28FACFE9D520D11CA2CBB /* Products */,
			);
			name = CustomTemplate;
			sourceTree = "<group>";
		};
		29B97315FDCFA39411CA2CEA /* Other Sources */ = {
			isa = PBXGroup;
			children = (
				32CA4F630368D1EE00C91783 /* Prata da Casa-Prefix.pch */,
				29B97316FDCFA39411CA2CEA /* main.m */,
				ED33DF2A687741AEAF9F8254 /* Bridging-Header.h */,
			);
			name = "Other Sources";
			path = "Prata da Casa";
			sourceTree = "<group>";
		};
		29B97317FDCFA39411CA2CEA /* Resources */ = {
			isa = PBXGroup;
			children = (
				0207DA571B56EA530066E2B4 /* Images.xcassets */,
				3047A50E1AB8057F00498E2A /* config */,
				8D1107310486CEB800E47090 /* Prata da Casa-Info.plist */,
				6AFF5BF81D6E424B00AB3073 /* CDVLaunchScreen.storyboard */,
				9E947E7222F84D0EAF71D202 /* GoogleService-Info.plist */,
			);
			name = Resources;
			path = "Prata da Casa/Resources";
			sourceTree = "<group>";
		};
		29B97323FDCFA39411CA2CEA /* Frameworks */ = {
			isa = PBXGroup;
			children = (
				7327B0C3BA4548D9942EC526 /* libz.tbd */,
				BF5493AC6B1547C490570819 /* FirebaseAnalytics.framework */,
				FDFBEBEFC6F0472B9BB388F5 /* FirebaseCore.framework */,
				327B280D4A004FB1B27822B6 /* FirebaseInstanceID.framework */,
				FDDD1BE6FADD4EECAB618E89 /* FirebaseMessaging.framework */,
				DEB37FD16D1444899951FC3E /* GoogleInterchangeUtilities.framework */,
				1A50D7089C8E482E9CFB0E85 /* GoogleIPhoneUtilities.framework */,
				F23BC30993A24A958A139F66 /* GoogleSymbolUtilities.framework */,
				7F7389DB720C4573905B0629 /* GoogleUtilities.framework */,
				C440B0712D6E4C6081D6AD02 /* libc++.tbd */,
				EBDCF4DD5E55471193662596 /* AddressBook.framework */,
				13F644F6ADDE4F979BE2A519 /* libsqlite3.0.tbd */,
				F966CBBE4BE64870B7AC02E9 /* Security.framework */,
				80C7A3277CE24074A6AACBE3 /* WebKit.framework */,
			);
			name = Frameworks;
			sourceTree = "<group>";
		};
		301BF52E109A57CC0062928A /* Products */ = {
			isa = PBXGroup;
			children = (
				301BF535109A57CC0062928A /* libCordova.a */,
			);
			name = Products;
			sourceTree = "<group>";
		};
		3047A50E1AB8057F00498E2A /* config */ = {
			isa = PBXGroup;
			children = (
				3047A50F1AB8059700498E2A /* build-debug.xcconfig */,
				3047A5101AB8059700498E2A /* build-release.xcconfig */,
				3047A5111AB8059700498E2A /* build.xcconfig */,
			);
			name = config;
			sourceTree = "<group>";
		};
		307C750510C5A3420062BCA9 /* Plugins */ = {
			isa = PBXGroup;
			children = (
				740B096CCDB74284B1618A1A /* CDVDevice.m */,
				0FF786FB1DD6426493E18436 /* CDVDevice.h */,
				206F0AB01A834D29AD8506FB /* FCMPlugin.m */,
				CFFC96F9F5D44D3D8048191F /* AppDelegate+FCMPlugin.m */,
				659D1B1D99294D8E9D7B1C2F /* FCMPlugin.h */,
				E34A83D02E5A4966A8809F32 /* AppDelegate+FCMPlugin.h */,
				4AE761866F7C44C1ABB82E1A /* Firebase.h */,
				51DC9DD7B38648A4A5C3D3AC /* CDVInAppBrowser.m */,
				401C2493F2D640418A6603A9 /* CDVInAppBrowser.h */,
				0EA8C6405B484A7FAE191395 /* CDVIonicKeyboard.m */,
				4C0A38658A0844188F967F82 /* CDVIonicKeyboard.h */,
				783F5B5824184690A2945B33 /* CDVWKWebViewEngine.m */,
				8CCC907D9F304CE494B4C7DA /* CDVWKWebViewUIDelegate.m */,
				6AE3AC30A1AC4964A4CACDEA /* CDVWKProcessPoolFactory.m */,
				91F4A3CF75D94731A69B01C7 /* GCDWebServer.m */,
				2FEF08E9CD5C4A4983CB3620 /* GCDWebServerConnection.m */,
				5F3DEB32F9A847ED9B16334F /* GCDWebServerFunctions.m */,
				AEA87F46CCD44C7CACE84E65 /* GCDWebServerRequest.m */,
				234088BD1E4F43259662FDCC /* GCDWebServerResponse.m */,
				B3E5448F37D046B585A66656 /* GCDWebServerDataRequest.m */,
				98EA6E7E3B1843B48848B565 /* GCDWebServerFileRequest.m */,
				C19C276C93644E3FA5A4A961 /* GCDWebServerMultiPartFormRequest.m */,
				C09A1A8975C44D248C204002 /* GCDWebServerURLEncodedFormRequest.m */,
				C31E1F86A8604522A22DD361 /* GCDWebServerDataResponse.m */,
				AF82EC3B75F948DD932B6FDD /* GCDWebServerErrorResponse.m */,
				1B04912CA1054D82A7E20B1E /* GCDWebServerFileResponse.m */,
				5628D5A9CC9740CA88A84CD1 /* GCDWebServerStreamedResponse.m */,
				0D2E6583C43B47819A2BB7DA /* CDVWKWebViewEngine.h */,
				797614A7ECD84B509AFBE5BF /* CDVWKWebViewUIDelegate.h */,
				46798016F4C145759CA9EDE8 /* CDVWKProcessPoolFactory.h */,
				75E4972FF78B4686B392F1E2 /* GCDWebServer.h */,
				28545CFECE934E049C683170 /* GCDWebServerConnection.h */,
				0CE91450BFC747A494E9A1D3 /* GCDWebServerFunctions.h */,
				689B262F96FB4DEEACD2F0C0 /* GCDWebServerHTTPStatusCodes.h */,
				AA98E99ABC0949DDB9710272 /* GCDWebServerPrivate.h */,
				A161B3DD116D4925A6388F99 /* GCDWebServerRequest.h */,
				597B9C0B19AC4409B7031F8F /* GCDWebServerResponse.h */,
				BDF8ACD80ADE4799BFFCC776 /* GCDWebServerDataRequest.h */,
				EA50C3852F484ED39FA05AF1 /* GCDWebServerFileRequest.h */,
				4B9F6FF635EE4FB296D6FDE6 /* GCDWebServerMultiPartFormRequest.h */,
				DC0E65FDDFEC4A129A62DEA8 /* GCDWebServerURLEncodedFormRequest.h */,
				D6F1CAE6A7E44AFFA17E1712 /* GCDWebServerDataResponse.h */,
				B276CF8801A44BEAA1411244 /* GCDWebServerErrorResponse.h */,
				DC17F8D6DA364DF09541A718 /* GCDWebServerFileResponse.h */,
				2A4B3CA2C8A2461FAB494176 /* GCDWebServerStreamedResponse.h */,
				9624D23550E243019CF57DEA /* CDVSplashScreen.m */,
				A3655F66E35646B28FD97FA3 /* CDVViewController+SplashScreen.m */,
				09D18F045BBE4A9B8A9FDCD9 /* CDVSplashScreen.h */,
				BAD4D2F428314379A1AC18C3 /* CDVViewController+SplashScreen.h */,
			);
			name = Plugins;
			path = "Prata da Casa/Plugins";
			sourceTree = SOURCE_ROOT;
		};
		EB87FDF11871DA420020F90C /* Staging */ = {
			isa = PBXGroup;
			children = (
				F840E1F0165FE0F500CFE078 /* config.xml */,
				301BF56E109A69640062928A /* www */,
			);
			name = Staging;
			sourceTree = "<group>";
		};
/* End PBXGroup section */

/* Begin PBXNativeTarget section */
		1D6058900D05DD3D006BFB54 /* Prata da Casa */ = {
			isa = PBXNativeTarget;
			buildConfigurationList = 1D6058960D05DD3E006BFB54 /* Build configuration list for PBXNativeTarget "Prata da Casa" */;
			buildPhases = (
				304B58A110DAC018002A0835 /* Copy www directory */,
				1D60588D0D05DD3D006BFB54 /* Resources */,
				1D60588E0D05DD3D006BFB54 /* Sources */,
				1D60588F0D05DD3D006BFB54 /* Frameworks */,
			);
			buildRules = (
			);
			dependencies = (
				301BF551109A68C00062928A /* PBXTargetDependency */,
			);
			name = "Prata da Casa";
			productName = "Prata da Casa";
			productReference = 1D6058910D05DD3D006BFB54 /* Prata da Casa.app */;
			productType = "com.apple.product-type.application";
		};
/* End PBXNativeTarget section */

/* Begin PBXProject section */
		29B97313FDCFA39411CA2CEA /* Project object */ = {
			isa = PBXProject;
			attributes = {
				LastUpgradeCheck = 510;
			};
			buildConfigurationList = C01FCF4E08A954540054247B /* Build configuration list for PBXProject "__NON-CLI__" */;
			compatibilityVersion = "Xcode 3.2";
			developmentRegion = English;
			hasScannedForEncodings = 1;
			mainGroup = 29B97314FDCFA39411CA2CEA /* CustomTemplate */;
			projectDirPath = "";
			projectReferences = (
				{
					ProductGroup = 301BF52E109A57CC0062928A /* Products */;
					ProjectRef = 301BF52D109A57CC0062928A /* CordovaLib.xcodeproj */;
				},
			);
			projectRoot = "";
			targets = (
				1D6058900D05DD3D006BFB54 /* Prata da Casa */,
			);
		};
/* End PBXProject section */

/* Begin PBXReferenceProxy section */
		301BF535109A57CC0062928A /* libCordova.a */ = {
			isa = PBXReferenceProxy;
			fileType = archive.ar;
			path = libCordova.a;
			remoteRef = 301BF534109A57CC0062928A /* PBXContainerItemProxy */;
			sourceTree = BUILT_PRODUCTS_DIR;
		};
/* End PBXReferenceProxy section */

/* Begin PBXResourcesBuildPhase section */
		1D60588D0D05DD3D006BFB54 /* Resources */ = {
			isa = PBXResourcesBuildPhase;
			buildActionMask = 2147483647;
			files = (
				302D95F214D2391D003F00A1 /* MainViewController.xib in Resources */,
				0207DA581B56EA530066E2B4 /* Images.xcassets in Resources */,
				6AFF5BF91D6E424B00AB3073 /* CDVLaunchScreen.storyboard in Resources */,
				917CBEA7CC114BFC8A263E2B /* GoogleService-Info.plist in Resources */,
			);
			runOnlyForDeploymentPostprocessing = 0;
		};
/* End PBXResourcesBuildPhase section */

/* Begin PBXShellScriptBuildPhase section */
		304B58A110DAC018002A0835 /* Copy www directory */ = {
			isa = PBXShellScriptBuildPhase;
			buildActionMask = 2147483647;
			files = (
			);
			inputPaths = (
			);
			name = "Copy www directory";
			outputPaths = (
			);
			runOnlyForDeploymentPostprocessing = 0;
			shellPath = /bin/sh;
			shellScript = "NODEJS_PATH=/usr/local/bin; NVM_NODE_PATH=~/.nvm/versions/node/`nvm version 2>/dev/null`/bin; N_NODE_PATH=`find /usr/local/n/versions/node/* -maxdepth 0 -type d 2>/dev/null | tail -1`/bin; XCODE_NODE_PATH=`xcode-select --print-path`/usr/share/xcs/Node/bin; PATH=$NODEJS_PATH:$NVM_NODE_PATH:$N_NODE_PATH:$XCODE_NODE_PATH:$PATH && node cordova/lib/copy-www-build-step.js";
			showEnvVarsInLog = 0;
		};
/* End PBXShellScriptBuildPhase section */

/* Begin PBXSourcesBuildPhase section */
		1D60588E0D05DD3D006BFB54 /* Sources */ = {
			isa = PBXSourcesBuildPhase;
			buildActionMask = 2147483647;
			files = (
				1D60589B0D05DD56006BFB54 /* main.m in Sources */,
				1D3623260D0F684500981E51 /* AppDelegate.m in Sources */,
				302D95F114D2391D003F00A1 /* MainViewController.m in Sources */,
				86628CEEB434421E93C6705D /* CDVDevice.m in Sources */,
				1FDE894793104AAE9FD11168 /* FCMPlugin.m in Sources */,
				00F52ACA1DC444C1BFF80603 /* AppDelegate+FCMPlugin.m in Sources */,
				B918EA6436C046D89D845D73 /* CDVInAppBrowser.m in Sources */,
				54D9C3E3FD464515AD3B517F /* CDVIonicKeyboard.m in Sources */,
				FC62A94F6DD54B01AABBAFCC /* CDVWKWebViewEngine.m in Sources */,
				F13DBFF7B3424CF091C789DE /* CDVWKWebViewUIDelegate.m in Sources */,
				2E26D8D544F84E99B5BB16CE /* CDVWKProcessPoolFactory.m in Sources */,
				B4D25B89C4B14A4EB6AEBE09 /* GCDWebServer.m in Sources */,
				2FB4386E5E6645BDA7B6A908 /* GCDWebServerConnection.m in Sources */,
				4E02C88E59E44040B35D5BCF /* GCDWebServerFunctions.m in Sources */,
				E574C5F67B8747DDA7CC391F /* GCDWebServerRequest.m in Sources */,
				2FC89B37A9474A2E8F83FEDF /* GCDWebServerResponse.m in Sources */,
				9D81EB815B294A1E9E3286DD /* GCDWebServerDataRequest.m in Sources */,
				A992C699A228430194EC2A68 /* GCDWebServerFileRequest.m in Sources */,
				BA0B9DD93C4747C48F669318 /* GCDWebServerMultiPartFormRequest.m in Sources */,
				6117DD8209D846EB837031C9 /* GCDWebServerURLEncodedFormRequest.m in Sources */,
				897C8C1156D5434BB728320F /* GCDWebServerDataResponse.m in Sources */,
				4806714A002C479CB03D6512 /* GCDWebServerErrorResponse.m in Sources */,
				0B4D607264924E0584097C27 /* GCDWebServerFileResponse.m in Sources */,
				5963AD05F0294255A53D4978 /* GCDWebServerStreamedResponse.m in Sources */,
				07007C05F8224E359C462DA4 /* CDVSplashScreen.m in Sources */,
				73995F3B5F5B4CE79906C810 /* CDVViewController+SplashScreen.m in Sources */,
			);
			runOnlyForDeploymentPostprocessing = 0;
		};
/* End PBXSourcesBuildPhase section */

/* Begin PBXTargetDependency section */
		301BF551109A68C00062928A /* PBXTargetDependency */ = {
			isa = PBXTargetDependency;
			name = CordovaLib;
			targetProxy = 301BF550109A68C00062928A /* PBXContainerItemProxy */;
		};
/* End PBXTargetDependency section */

/* Begin XCBuildConfiguration section */
		1D6058940D05DD3E006BFB54 /* Debug */ = {
			isa = XCBuildConfiguration;
			baseConfigurationReference = 3047A50F1AB8059700498E2A /* build-debug.xcconfig */;
			buildSettings = {
				ALWAYS_SEARCH_USER_PATHS = NO;
				ASSETCATALOG_COMPILER_APPICON_NAME = AppIcon;
				ASSETCATALOG_COMPILER_LAUNCHIMAGE_NAME = LaunchImage;
				CLANG_ENABLE_MODULES = YES;
				CLANG_ENABLE_OBJC_ARC = YES;
				COPY_PHASE_STRIP = NO;
				GCC_DYNAMIC_NO_PIC = NO;
				GCC_OPTIMIZATION_LEVEL = 0;
				GCC_PRECOMPILE_PREFIX_HEADER = YES;
				GCC_PREFIX_HEADER = "Prata da Casa/Prata da Casa-Prefix.pch";
				GCC_THUMB_SUPPORT = NO;
				GCC_VERSION = "";
				INFOPLIST_FILE = "Prata da Casa/Prata da Casa-Info.plist";
				IPHONEOS_DEPLOYMENT_TARGET = 9.0;
				LD_RUNPATH_SEARCH_PATHS = "@executable_path/Frameworks";
				TARGETED_DEVICE_FAMILY = "1,2";
				PRODUCT_NAME = "Prata da Casa";
				FRAMEWORK_SEARCH_PATHS = (
					"$(inherited)",
					"\"Prata da Casa/Plugins/cordova-plugin-fcm\"",
					"\"Prata da Casa/Plugins/cordova-plugin-fcm\"",
					"\"Prata da Casa/Plugins/cordova-plugin-fcm\"",
					"\"Prata da Casa/Plugins/cordova-plugin-fcm\"",
					"\"Prata da Casa/Plugins/cordova-plugin-fcm\"",
					"\"Prata da Casa/Plugins/cordova-plugin-fcm\"",
					"\"Prata da Casa/Plugins/cordova-plugin-fcm\"",
					"\"Prata da Casa/Plugins/cordova-plugin-fcm\"",
				);
			};
			name = Debug;
		};
		1D6058950D05DD3E006BFB54 /* Release */ = {
			isa = XCBuildConfiguration;
			baseConfigurationReference = 3047A5101AB8059700498E2A /* build-release.xcconfig */;
			buildSettings = {
				ALWAYS_SEARCH_USER_PATHS = NO;
				ASSETCATALOG_COMPILER_APPICON_NAME = AppIcon;
				ASSETCATALOG_COMPILER_LAUNCHIMAGE_NAME = LaunchImage;
				CLANG_ENABLE_MODULES = YES;
				CLANG_ENABLE_OBJC_ARC = YES;
				COPY_PHASE_STRIP = YES;
				GCC_PRECOMPILE_PREFIX_HEADER = YES;
				GCC_PREFIX_HEADER = "Prata da Casa/Prata da Casa-Prefix.pch";
				GCC_THUMB_SUPPORT = NO;
				GCC_VERSION = "";
				INFOPLIST_FILE = "Prata da Casa/Prata da Casa-Info.plist";
				IPHONEOS_DEPLOYMENT_TARGET = 9.0;
				LD_RUNPATH_SEARCH_PATHS = "@executable_path/Frameworks";
				TARGETED_DEVICE_FAMILY = "1,2";
				PRODUCT_NAME = "Prata da Casa";
				FRAMEWORK_SEARCH_PATHS = (
					"$(inherited)",
					"\"Prata da Casa/Plugins/cordova-plugin-fcm\"",
					"\"Prata da Casa/Plugins/cordova-plugin-fcm\"",
					"\"Prata da Casa/Plugins/cordova-plugin-fcm\"",
					"\"Prata da Casa/Plugins/cordova-plugin-fcm\"",
					"\"Prata da Casa/Plugins/cordova-plugin-fcm\"",
					"\"Prata da Casa/Plugins/cordova-plugin-fcm\"",
					"\"Prata da Casa/Plugins/cordova-plugin-fcm\"",
					"\"Prata da Casa/Plugins/cordova-plugin-fcm\"",
				);
			};
			name = Release;
		};
		C01FCF4F08A954540054247B /* Debug */ = {
			isa = XCBuildConfiguration;
			baseConfigurationReference = 3047A5111AB8059700498E2A /* build.xcconfig */;
			buildSettings = {
				CLANG_ENABLE_MODULES = YES;
				CLANG_ENABLE_OBJC_ARC = YES;
				CLANG_WARN_BOOL_CONVERSION = YES;
				CLANG_WARN_CONSTANT_CONVERSION = YES;
				CLANG_WARN_EMPTY_BODY = YES;
				CLANG_WARN_ENUM_CONVERSION = YES;
				CLANG_WARN_INT_CONVERSION = YES;
				CLANG_WARN__DUPLICATE_METHOD_MATCH = YES;
				GCC_C_LANGUAGE_STANDARD = c99;
				GCC_THUMB_SUPPORT = NO;
				GCC_VERSION = "";
				GCC_WARN_ABOUT_RETURN_TYPE = YES;
				GCC_WARN_UNDECLARED_SELECTOR = YES;
				GCC_WARN_UNINITIALIZED_AUTOS = YES;
				GCC_WARN_UNUSED_FUNCTION = YES;
				GCC_WARN_UNUSED_VARIABLE = YES;
				ONLY_ACTIVE_ARCH = YES;
				SDKROOT = iphoneos;
				SKIP_INSTALL = NO;
			};
			name = Debug;
		};
		C01FCF5008A954540054247B /* Release */ = {
			isa = XCBuildConfiguration;
			baseConfigurationReference = 3047A5111AB8059700498E2A /* build.xcconfig */;
			buildSettings = {
				CLANG_ENABLE_MODULES = YES;
				CLANG_ENABLE_OBJC_ARC = YES;
				CLANG_WARN_BOOL_CONVERSION = YES;
				CLANG_WARN_CONSTANT_CONVERSION = YES;
				CLANG_WARN_EMPTY_BODY = YES;
				CLANG_WARN_ENUM_CONVERSION = YES;
				CLANG_WARN_INT_CONVERSION = YES;
				CLANG_WARN__DUPLICATE_METHOD_MATCH = YES;
				GCC_C_LANGUAGE_STANDARD = c99;
				GCC_THUMB_SUPPORT = NO;
				GCC_VERSION = "";
				GCC_WARN_ABOUT_RETURN_TYPE = YES;
				GCC_WARN_UNDECLARED_SELECTOR = YES;
				GCC_WARN_UNINITIALIZED_AUTOS = YES;
				GCC_WARN_UNUSED_FUNCTION = YES;
				GCC_WARN_UNUSED_VARIABLE = YES;
				SDKROOT = iphoneos;
				SKIP_INSTALL = NO;
			};
			name = Release;
		};
/* End XCBuildConfiguration section */

/* Begin XCConfigurationList section */
		1D6058960D05DD3E006BFB54 /* Build configuration list for PBXNativeTarget "Prata da Casa" */ = {
			isa = XCConfigurationList;
			buildConfigurations = (
				1D6058940D05DD3E006BFB54 /* Debug */,
				1D6058950D05DD3E006BFB54 /* Release */,
			);
			defaultConfigurationIsVisible = 0;
			defaultConfigurationName = Release;
		};
		C01FCF4E08A954540054247B /* Build configuration list for PBXProject "__NON-CLI__" */ = {
			isa = XCConfigurationList;
			buildConfigurations = (
				C01FCF4F08A954540054247B /* Debug */,
				C01FCF5008A954540054247B /* Release */,
			);
			defaultConfigurationIsVisible = 0;
			defaultConfigurationName = Release;
		};
/* End XCConfigurationList section */
	};
	rootObject = 29B97313FDCFA39411CA2CEA /* Project object */;
}
