// !$*UTF8*$!
{
	archiveVersion = 1;
	classes = {
	};
	objectVersion = 46;
	objects = {
/* Begin PBXBuildFile section */
		0207DA581B56EA530066E2B4 /* Images.xcassets in Resources */ = {isa = PBXBuildFile; fileRef = 0207DA571B56EA530066E2B4 /* Images.xcassets */; };
		1D3623260D0F684500981E51 /* AppDelegate.m in Sources */ = {isa = PBXBuildFile; fileRef = 1D3623250D0F684500981E51 /* AppDelegate.m */; };
		1D60589B0D05DD56006BFB54 /* main.m in Sources */ = {isa = PBXBuildFile; fileRef = 29B97316FDCFA39411CA2CEA /* main.m */; };
		301BF552109A68D80062928A /* libCordova.a in Frameworks */ = {isa = PBXBuildFile; fileRef = 301BF535109A57CC0062928A /* libCordova.a */; };
		302D95F114D2391D003F00A1 /* MainViewController.m in Sources */ = {isa = PBXBuildFile; fileRef = 302D95EF14D2391D003F00A1 /* MainViewController.m */; };
		302D95F214D2391D003F00A1 /* MainViewController.xib in Resources */ = {isa = PBXBuildFile; fileRef = 302D95F014D2391D003F00A1 /* MainViewController.xib */; };
		3047A5121AB8059700498E2A /* build-debug.xcconfig in Resources */ = {isa = PBXBuildFile; fileRef = 3047A50F1AB8059700498E2A /* build-debug.xcconfig */; };
		3047A5131AB8059700498E2A /* build-release.xcconfig in Resources */ = {isa = PBXBuildFile; fileRef = 3047A5101AB8059700498E2A /* build-release.xcconfig */; };
		3047A5141AB8059700498E2A /* build.xcconfig in Resources */ = {isa = PBXBuildFile; fileRef = 3047A5111AB8059700498E2A /* build.xcconfig */; };
		6AFF5BF91D6E424B00AB3073 /* CDVLaunchScreen.storyboard in Resources */ = {isa = PBXBuildFile; fileRef = 6AFF5BF81D6E424B00AB3073 /* CDVLaunchScreen.storyboard */; };
		7E7FDE0F8994447BB9F4C107 /* CDVDevice.m in Sources */ = {isa = PBXBuildFile; fileRef = E1E6D3CDB4B14F968D4FCB54 /* CDVDevice.m */; };
		072F34E559D44FAB84FFC232 /* libz.tbd in Frameworks */ = {isa = PBXBuildFile; fileRef = AD8095FBE15845708C812930 /* libz.tbd */; };
		B8FB399F7E8F4C6592B06857 /* FCMPlugin.m in Sources */ = {isa = PBXBuildFile; fileRef = 4A8EA5D786674AA4A370E55D /* FCMPlugin.m */; };
		F1AC4FA082454CC3916EA667 /* AppDelegate+FCMPlugin.m in Sources */ = {isa = PBXBuildFile; fileRef = F4A8CD42675743E186ED7C71 /* AppDelegate+FCMPlugin.m */; };
		48AE6A41A9CB4731A106B77F /* GoogleService-Info.plist in Resources */ = {isa = PBXBuildFile; fileRef = 79E8F18B20264E78AF0F11EA /* GoogleService-Info.plist */; };
		563EE2252B674FF7A6301269 /* FirebaseAnalytics.framework in Frameworks */ = {isa = PBXBuildFile; fileRef = 103EA6BD95524A61B909252D /* FirebaseAnalytics.framework */; };
		795C6C7FA04546DF8D11640E /* FirebaseCore.framework in Frameworks */ = {isa = PBXBuildFile; fileRef = 1D578A648EB84C1AAD6F94A4 /* FirebaseCore.framework */; };
		6F78AEAC4D1D4BB9A73C862E /* FirebaseInstanceID.framework in Frameworks */ = {isa = PBXBuildFile; fileRef = BC29F1D0EF1E44D2A467AB98 /* FirebaseInstanceID.framework */; };
		7A32AC1F0757488E9139B283 /* FirebaseMessaging.framework in Frameworks */ = {isa = PBXBuildFile; fileRef = 669899F994F84CC9AD0A6C3F /* FirebaseMessaging.framework */; };
		A72B887F620B4ED7BF7800B7 /* GoogleInterchangeUtilities.framework in Frameworks */ = {isa = PBXBuildFile; fileRef = 03C4BE279184457B899B2021 /* GoogleInterchangeUtilities.framework */; };
		99CBF4059FA44AB88642B45D /* GoogleIPhoneUtilities.framework in Frameworks */ = {isa = PBXBuildFile; fileRef = 60FC6763CDBA46F5A1F47690 /* GoogleIPhoneUtilities.framework */; };
		9D209686682A441084988C0A /* GoogleSymbolUtilities.framework in Frameworks */ = {isa = PBXBuildFile; fileRef = 97504409E45543ACB6314EFC /* GoogleSymbolUtilities.framework */; };
		840971F266AD404EBBBB3EA1 /* GoogleUtilities.framework in Frameworks */ = {isa = PBXBuildFile; fileRef = DA36870BA5E544E18CA1C39A /* GoogleUtilities.framework */; };
		95F7BCF90C054038ACE98472 /* libc++.tbd in Frameworks */ = {isa = PBXBuildFile; fileRef = D33375F48488444B8159CC6C /* libc++.tbd */; };
		D2277858778345139B51EBBC /* AddressBook.framework in Frameworks */ = {isa = PBXBuildFile; fileRef = D1B8E2B0B0C74385872EFA54 /* AddressBook.framework */; };
		41B471EC00E94D2BA66D0863 /* libsqlite3.0.tbd in Frameworks */ = {isa = PBXBuildFile; fileRef = 2F3626838EA5486896F079AD /* libsqlite3.0.tbd */; };
		BCA5F635252C44218CF3E414 /* Security.framework in Frameworks */ = {isa = PBXBuildFile; fileRef = BF01AC3C5275404DB0248E31 /* Security.framework */; };
		1D47916092314EDEAD00EB6F /* CDVInAppBrowser.m in Sources */ = {isa = PBXBuildFile; fileRef = BF8408E6180741BABF80294B /* CDVInAppBrowser.m */; };
		D2EE0C4EAB304134903D7FD7 /* CDVIonicKeyboard.m in Sources */ = {isa = PBXBuildFile; fileRef = BDB6CD3B1831473D8E71FF57 /* CDVIonicKeyboard.m */; };
		E7AAB88C1BD64F76B7FD03EE /* CDVWKWebViewEngine.m in Sources */ = {isa = PBXBuildFile; fileRef = 0B2F1E989DF04E93B01DA160 /* CDVWKWebViewEngine.m */; };
		746298442C8644189BE4A7BB /* CDVWKWebViewUIDelegate.m in Sources */ = {isa = PBXBuildFile; fileRef = 335CC57285F147DBBE486CE3 /* CDVWKWebViewUIDelegate.m */; };
		E686943A0EAC4AF5A36CDE43 /* CDVWKProcessPoolFactory.m in Sources */ = {isa = PBXBuildFile; fileRef = 8739153929B54B7894CCA2C8 /* CDVWKProcessPoolFactory.m */; };
		C3FACD673C994736B334F02E /* GCDWebServer.m in Sources */ = {isa = PBXBuildFile; fileRef = C4BB83154F6E479597E8C4BD /* GCDWebServer.m */; };
		4C8AFE72E1134BBF80DB8201 /* GCDWebServerConnection.m in Sources */ = {isa = PBXBuildFile; fileRef = 052760F7F3C341F6911EBA0A /* GCDWebServerConnection.m */; };
		8CDB4CB8259141BC9EAA8C74 /* GCDWebServerFunctions.m in Sources */ = {isa = PBXBuildFile; fileRef = F6C0E45BF828484ABE755154 /* GCDWebServerFunctions.m */; };
		67E97B39128A409E9F556C8D /* GCDWebServerRequest.m in Sources */ = {isa = PBXBuildFile; fileRef = A2DD5B91DCA04439B9AD8443 /* GCDWebServerRequest.m */; };
		5D464F153C544FD8B56EB1A6 /* GCDWebServerResponse.m in Sources */ = {isa = PBXBuildFile; fileRef = C97B87FCDB9842D5BC265DB6 /* GCDWebServerResponse.m */; };
		ABA1B9CE8EE546D2ABA31BBD /* GCDWebServerDataRequest.m in Sources */ = {isa = PBXBuildFile; fileRef = 63EA54EC8F4C4F9E816263FA /* GCDWebServerDataRequest.m */; };
		9A9E9B45E15F439481501AB8 /* GCDWebServerFileRequest.m in Sources */ = {isa = PBXBuildFile; fileRef = B44BD5D43DB447F6AAEFE59B /* GCDWebServerFileRequest.m */; };
		C7342CB33C86463BA4EDB9FD /* GCDWebServerMultiPartFormRequest.m in Sources */ = {isa = PBXBuildFile; fileRef = 18603B0A35CA4BCF8A7C37C1 /* GCDWebServerMultiPartFormRequest.m */; };
		44D305F50A7F4D999E948DA8 /* GCDWebServerURLEncodedFormRequest.m in Sources */ = {isa = PBXBuildFile; fileRef = 3ABE235FC5714DA28AD629BE /* GCDWebServerURLEncodedFormRequest.m */; };
		29D9AFC2BFBC4B42A8EE3FAE /* GCDWebServerDataResponse.m in Sources */ = {isa = PBXBuildFile; fileRef = D572D80343AF4DBCA5D4B7F8 /* GCDWebServerDataResponse.m */; };
		95C1E2FEBB274C18AF0B222F /* GCDWebServerErrorResponse.m in Sources */ = {isa = PBXBuildFile; fileRef = 2CAF73B7CEEB44FF8678FB2F /* GCDWebServerErrorResponse.m */; };
		D38756CF054D4CC2B35D98AC /* GCDWebServerFileResponse.m in Sources */ = {isa = PBXBuildFile; fileRef = 6993186D43AD4350B1D3C514 /* GCDWebServerFileResponse.m */; };
		7B879CC6C1A140E59BDD04F9 /* GCDWebServerStreamedResponse.m in Sources */ = {isa = PBXBuildFile; fileRef = 1601EE1E612D4D02A79D6AAC /* GCDWebServerStreamedResponse.m */; };
		D3E51640066D4AFA9CC29167 /* WebKit.framework in Frameworks */ = {isa = PBXBuildFile; fileRef = F3F5FA253D3B4D5BA902BF98 /* WebKit.framework */; settings = {ATTRIBUTES = (Weak, ); }; };
		387A27F49A084A288588D442 /* CDVSplashScreen.m in Sources */ = {isa = PBXBuildFile; fileRef = F0D313286C694A7EB02C31E8 /* CDVSplashScreen.m */; };
		ADDD550D14794CFEB332405C /* CDVViewController+SplashScreen.m in Sources */ = {isa = PBXBuildFile; fileRef = D2E0C0BB233B4EDBABCB08C5 /* CDVViewController+SplashScreen.m */; };
/* End PBXBuildFile section */

/* Begin PBXContainerItemProxy section */
		301BF534109A57CC0062928A /* PBXContainerItemProxy */ = {
			isa = PBXContainerItemProxy;
			containerPortal = 301BF52D109A57CC0062928A /* CordovaLib.xcodeproj */;
			proxyType = 2;
			remoteGlobalIDString = D2AAC07E0554694100DB518D;
			remoteInfo = CordovaLib;
		};
		301BF550109A68C00062928A /* PBXContainerItemProxy */ = {
			isa = PBXContainerItemProxy;
			containerPortal = 301BF52D109A57CC0062928A /* CordovaLib.xcodeproj */;
			proxyType = 1;
			remoteGlobalIDString = D2AAC07D0554694100DB518D;
			remoteInfo = CordovaLib;
		};
/* End PBXContainerItemProxy section */

/* Begin PBXFileReference section */
		0207DA571B56EA530066E2B4 /* Images.xcassets */ = {isa = PBXFileReference; lastKnownFileType = folder.assetcatalog; name = Images.xcassets; path = "Prata da Casa/Images.xcassets"; sourceTree = SOURCE_ROOT; };
		1D3623240D0F684500981E51 /* AppDelegate.h */ = {isa = PBXFileReference; fileEncoding = 4; lastKnownFileType = sourcecode.c.h; path = AppDelegate.h; sourceTree = "<group>"; };
		1D3623250D0F684500981E51 /* AppDelegate.m */ = {isa = PBXFileReference; fileEncoding = 4; lastKnownFileType = sourcecode.c.objc; path = AppDelegate.m; sourceTree = "<group>"; };
		1D6058910D05DD3D006BFB54 /* Prata da Casa.app */ = {isa = PBXFileReference; explicitFileType = wrapper.application; includeInIndex = 0; path = "Prata da Casa.app"; sourceTree = BUILT_PRODUCTS_DIR; };
		29B97316FDCFA39411CA2CEA /* main.m */ = {isa = PBXFileReference; fileEncoding = 4; lastKnownFileType = sourcecode.c.objc; path = main.m; sourceTree = "<group>"; };
		301BF52D109A57CC0062928A /* CordovaLib.xcodeproj */ = {isa = PBXFileReference; lastKnownFileType = "wrapper.pb-project"; path = CordovaLib/CordovaLib.xcodeproj; sourceTree = "<group>"; };
		301BF56E109A69640062928A /* www */ = {isa = PBXFileReference; lastKnownFileType = folder; path = www; sourceTree = SOURCE_ROOT; };
		302D95EE14D2391D003F00A1 /* MainViewController.h */ = {isa = PBXFileReference; fileEncoding = 4; lastKnownFileType = sourcecode.c.h; path = MainViewController.h; sourceTree = "<group>"; };
		302D95EF14D2391D003F00A1 /* MainViewController.m */ = {isa = PBXFileReference; fileEncoding = 4; lastKnownFileType = sourcecode.c.objc; path = MainViewController.m; sourceTree = "<group>"; };
		302D95F014D2391D003F00A1 /* MainViewController.xib */ = {isa = PBXFileReference; fileEncoding = 4; lastKnownFileType = file.xib; path = MainViewController.xib; sourceTree = "<group>"; };
		3047A50F1AB8059700498E2A /* build-debug.xcconfig */ = {isa = PBXFileReference; fileEncoding = 4; lastKnownFileType = text.xcconfig; name = "build-debug.xcconfig"; path = cordova/build-debug.xcconfig; sourceTree = SOURCE_ROOT; };
		3047A5101AB8059700498E2A /* build-release.xcconfig */ = {isa = PBXFileReference; fileEncoding = 4; lastKnownFileType = text.xcconfig; name = "build-release.xcconfig"; path = cordova/build-release.xcconfig; sourceTree = SOURCE_ROOT; };
		3047A5111AB8059700498E2A /* build.xcconfig */ = {isa = PBXFileReference; fileEncoding = 4; lastKnownFileType = text.xcconfig; name = build.xcconfig; path = cordova/build.xcconfig; sourceTree = SOURCE_ROOT; };
		32CA4F630368D1EE00C91783 /* Prata da Casa-Prefix.pch */ = {isa = PBXFileReference; fileEncoding = 4; lastKnownFileType = sourcecode.c.h; path = "Prata da Casa-Prefix.pch"; sourceTree = "<group>"; };
		6AFF5BF81D6E424B00AB3073 /* CDVLaunchScreen.storyboard */ = {isa = PBXFileReference; fileEncoding = 4; lastKnownFileType = file.storyboard; name = CDVLaunchScreen.storyboard; path = "Prata da Casa/CDVLaunchScreen.storyboard"; sourceTree = SOURCE_ROOT; };
		8D1107310486CEB800E47090 /* Prata da Casa-Info.plist */ = {isa = PBXFileReference; fileEncoding = 4; lastKnownFileType = text.plist.xml; name = "Prata da Casa-Info.plist"; path = "Prata da Casa/Prata da Casa-Info.plist"; plistStructureDefinitionIdentifier = "com.apple.xcode.plist.structure-definition.iphone.info-plist"; sourceTree = SOURCE_ROOT; };
		EB87FDF31871DA8E0020F90C /* www */ = {isa = PBXFileReference; lastKnownFileType = folder; name = www; path = ../../www; sourceTree = "<group>"; };
		EB87FDF41871DAF40020F90C /* config.xml */ = {isa = PBXFileReference; lastKnownFileType = text.xml; name = config.xml; path = ../../config.xml; sourceTree = "<group>"; };
		F840E1F0165FE0F500CFE078 /* config.xml */ = {isa = PBXFileReference; lastKnownFileType = text.xml; name = config.xml; path = "Prata da Casa/config.xml"; sourceTree = "<group>"; };
		ED33DF2A687741AEAF9F8254 /* Bridging-Header.h */ = {isa = PBXFileReference; fileEncoding = 4; lastKnownFileType = sourcecode.c.h; name = "Bridging-Header.h"; path = "Bridging-Header.h"; sourceTree = "<group>"; };
		E1E6D3CDB4B14F968D4FCB54 /* CDVDevice.m */ = {isa = PBXFileReference; name = "CDVDevice.m"; path = "cordova-plugin-device/CDVDevice.m"; sourceTree = "<group>"; fileEncoding = 4; lastKnownFileType = sourcecode.c.objc; explicitFileType = undefined; includeInIndex = 0; };
		C19A0ACAF7BD4F8397D4B587 /* CDVDevice.h */ = {isa = PBXFileReference; name = "CDVDevice.h"; path = "cordova-plugin-device/CDVDevice.h"; sourceTree = "<group>"; fileEncoding = 4; lastKnownFileType = sourcecode.c.h; explicitFileType = undefined; includeInIndex = 0; };
		AD8095FBE15845708C812930 /* libz.tbd */ = {isa = PBXFileReference; name = "libz.tbd"; path = "usr/lib/libz.tbd"; sourceTree = SDKROOT; fileEncoding = undefined; lastKnownFileType = sourcecode.text-based-dylib-definition; explicitFileType = undefined; includeInIndex = 0; };
		4A8EA5D786674AA4A370E55D /* FCMPlugin.m */ = {isa = PBXFileReference; name = "FCMPlugin.m"; path = "cordova-plugin-fcm/FCMPlugin.m"; sourceTree = "<group>"; fileEncoding = 4; lastKnownFileType = sourcecode.c.objc; explicitFileType = undefined; includeInIndex = 0; };
		F4A8CD42675743E186ED7C71 /* AppDelegate+FCMPlugin.m */ = {isa = PBXFileReference; name = "AppDelegate+FCMPlugin.m"; path = "cordova-plugin-fcm/AppDelegate+FCMPlugin.m"; sourceTree = "<group>"; fileEncoding = 4; lastKnownFileType = sourcecode.c.objc; explicitFileType = undefined; includeInIndex = 0; };
		BA388AE179BA461292BDED5A /* FCMPlugin.h */ = {isa = PBXFileReference; name = "FCMPlugin.h"; path = "cordova-plugin-fcm/FCMPlugin.h"; sourceTree = "<group>"; fileEncoding = 4; lastKnownFileType = sourcecode.c.h; explicitFileType = undefined; includeInIndex = 0; };
		08DFBB777236457D976B360F /* AppDelegate+FCMPlugin.h */ = {isa = PBXFileReference; name = "AppDelegate+FCMPlugin.h"; path = "cordova-plugin-fcm/AppDelegate+FCMPlugin.h"; sourceTree = "<group>"; fileEncoding = 4; lastKnownFileType = sourcecode.c.h; explicitFileType = undefined; includeInIndex = 0; };
		054FBAC6AB174083AF71D152 /* Firebase.h */ = {isa = PBXFileReference; name = "Firebase.h"; path = "cordova-plugin-fcm/Firebase.h"; sourceTree = "<group>"; fileEncoding = 4; lastKnownFileType = sourcecode.c.h; explicitFileType = undefined; includeInIndex = 0; };
		79E8F18B20264E78AF0F11EA /* GoogleService-Info.plist */ = {isa = PBXFileReference; name = "GoogleService-Info.plist"; path = "Resources/GoogleService-Info.plist"; sourceTree = "<group>"; fileEncoding = 4; lastKnownFileType = text.plist.xml; explicitFileType = undefined; includeInIndex = 0; };
		103EA6BD95524A61B909252D /* FirebaseAnalytics.framework */ = {isa = PBXFileReference; name = "FirebaseAnalytics.framework"; path = "Prata da Casa/Plugins/cordova-plugin-fcm/FirebaseAnalytics.framework"; sourceTree = "<group>"; fileEncoding = undefined; lastKnownFileType = wrapper.framework; explicitFileType = undefined; includeInIndex = 0; };
		1D578A648EB84C1AAD6F94A4 /* FirebaseCore.framework */ = {isa = PBXFileReference; name = "FirebaseCore.framework"; path = "Prata da Casa/Plugins/cordova-plugin-fcm/FirebaseCore.framework"; sourceTree = "<group>"; fileEncoding = undefined; lastKnownFileType = wrapper.framework; explicitFileType = undefined; includeInIndex = 0; };
		BC29F1D0EF1E44D2A467AB98 /* FirebaseInstanceID.framework */ = {isa = PBXFileReference; name = "FirebaseInstanceID.framework"; path = "Prata da Casa/Plugins/cordova-plugin-fcm/FirebaseInstanceID.framework"; sourceTree = "<group>"; fileEncoding = undefined; lastKnownFileType = wrapper.framework; explicitFileType = undefined; includeInIndex = 0; };
		669899F994F84CC9AD0A6C3F /* FirebaseMessaging.framework */ = {isa = PBXFileReference; name = "FirebaseMessaging.framework"; path = "Prata da Casa/Plugins/cordova-plugin-fcm/FirebaseMessaging.framework"; sourceTree = "<group>"; fileEncoding = undefined; lastKnownFileType = wrapper.framework; explicitFileType = undefined; includeInIndex = 0; };
		03C4BE279184457B899B2021 /* GoogleInterchangeUtilities.framework */ = {isa = PBXFileReference; name = "GoogleInterchangeUtilities.framework"; path = "Prata da Casa/Plugins/cordova-plugin-fcm/GoogleInterchangeUtilities.framework"; sourceTree = "<group>"; fileEncoding = undefined; lastKnownFileType = wrapper.framework; explicitFileType = undefined; includeInIndex = 0; };
		60FC6763CDBA46F5A1F47690 /* GoogleIPhoneUtilities.framework */ = {isa = PBXFileReference; name = "GoogleIPhoneUtilities.framework"; path = "Prata da Casa/Plugins/cordova-plugin-fcm/GoogleIPhoneUtilities.framework"; sourceTree = "<group>"; fileEncoding = undefined; lastKnownFileType = wrapper.framework; explicitFileType = undefined; includeInIndex = 0; };
		97504409E45543ACB6314EFC /* GoogleSymbolUtilities.framework */ = {isa = PBXFileReference; name = "GoogleSymbolUtilities.framework"; path = "Prata da Casa/Plugins/cordova-plugin-fcm/GoogleSymbolUtilities.framework"; sourceTree = "<group>"; fileEncoding = undefined; lastKnownFileType = wrapper.framework; explicitFileType = undefined; includeInIndex = 0; };
		DA36870BA5E544E18CA1C39A /* GoogleUtilities.framework */ = {isa = PBXFileReference; name = "GoogleUtilities.framework"; path = "Prata da Casa/Plugins/cordova-plugin-fcm/GoogleUtilities.framework"; sourceTree = "<group>"; fileEncoding = undefined; lastKnownFileType = wrapper.framework; explicitFileType = undefined; includeInIndex = 0; };
		D33375F48488444B8159CC6C /* libc++.tbd */ = {isa = PBXFileReference; name = "libc++.tbd"; path = "usr/lib/libc++.tbd"; sourceTree = SDKROOT; fileEncoding = undefined; lastKnownFileType = sourcecode.text-based-dylib-definition; explicitFileType = undefined; includeInIndex = 0; };
		D1B8E2B0B0C74385872EFA54 /* AddressBook.framework */ = {isa = PBXFileReference; name = "AddressBook.framework"; path = "System/Library/Frameworks/AddressBook.framework"; sourceTree = SDKROOT; fileEncoding = undefined; lastKnownFileType = wrapper.framework; explicitFileType = undefined; includeInIndex = 0; };
		2F3626838EA5486896F079AD /* libsqlite3.0.tbd */ = {isa = PBXFileReference; name = "libsqlite3.0.tbd"; path = "usr/lib/libsqlite3.0.tbd"; sourceTree = SDKROOT; fileEncoding = undefined; lastKnownFileType = sourcecode.text-based-dylib-definition; explicitFileType = undefined; includeInIndex = 0; };
		BF01AC3C5275404DB0248E31 /* Security.framework */ = {isa = PBXFileReference; name = "Security.framework"; path = "System/Library/Frameworks/Security.framework"; sourceTree = SDKROOT; fileEncoding = undefined; lastKnownFileType = wrapper.framework; explicitFileType = undefined; includeInIndex = 0; };
		BF8408E6180741BABF80294B /* CDVInAppBrowser.m */ = {isa = PBXFileReference; name = "CDVInAppBrowser.m"; path = "cordova-plugin-inappbrowser/CDVInAppBrowser.m"; sourceTree = "<group>"; fileEncoding = 4; lastKnownFileType = sourcecode.c.objc; explicitFileType = undefined; includeInIndex = 0; };
		D9670C4AF3E44F049A3B7102 /* CDVInAppBrowser.h */ = {isa = PBXFileReference; name = "CDVInAppBrowser.h"; path = "cordova-plugin-inappbrowser/CDVInAppBrowser.h"; sourceTree = "<group>"; fileEncoding = 4; lastKnownFileType = sourcecode.c.h; explicitFileType = undefined; includeInIndex = 0; };
		BDB6CD3B1831473D8E71FF57 /* CDVIonicKeyboard.m */ = {isa = PBXFileReference; name = "CDVIonicKeyboard.m"; path = "cordova-plugin-ionic-keyboard/CDVIonicKeyboard.m"; sourceTree = "<group>"; fileEncoding = 4; lastKnownFileType = sourcecode.c.objc; explicitFileType = undefined; includeInIndex = 0; };
		D5B3BE22099E4208AC848246 /* CDVIonicKeyboard.h */ = {isa = PBXFileReference; name = "CDVIonicKeyboard.h"; path = "cordova-plugin-ionic-keyboard/CDVIonicKeyboard.h"; sourceTree = "<group>"; fileEncoding = 4; lastKnownFileType = sourcecode.c.h; explicitFileType = undefined; includeInIndex = 0; };
		0B2F1E989DF04E93B01DA160 /* CDVWKWebViewEngine.m */ = {isa = PBXFileReference; name = "CDVWKWebViewEngine.m"; path = "cordova-plugin-ionic-webview/CDVWKWebViewEngine.m"; sourceTree = "<group>"; fileEncoding = 4; lastKnownFileType = sourcecode.c.objc; explicitFileType = undefined; includeInIndex = 0; };
		335CC57285F147DBBE486CE3 /* CDVWKWebViewUIDelegate.m */ = {isa = PBXFileReference; name = "CDVWKWebViewUIDelegate.m"; path = "cordova-plugin-ionic-webview/CDVWKWebViewUIDelegate.m"; sourceTree = "<group>"; fileEncoding = 4; lastKnownFileType = sourcecode.c.objc; explicitFileType = undefined; includeInIndex = 0; };
		8739153929B54B7894CCA2C8 /* CDVWKProcessPoolFactory.m */ = {isa = PBXFileReference; name = "CDVWKProcessPoolFactory.m"; path = "cordova-plugin-ionic-webview/CDVWKProcessPoolFactory.m"; sourceTree = "<group>"; fileEncoding = 4; lastKnownFileType = sourcecode.c.objc; explicitFileType = undefined; includeInIndex = 0; };
		C4BB83154F6E479597E8C4BD /* GCDWebServer.m */ = {isa = PBXFileReference; name = "GCDWebServer.m"; path = "cordova-plugin-ionic-webview/GCDWebServer.m"; sourceTree = "<group>"; fileEncoding = 4; lastKnownFileType = sourcecode.c.objc; explicitFileType = undefined; includeInIndex = 0; };
		052760F7F3C341F6911EBA0A /* GCDWebServerConnection.m */ = {isa = PBXFileReference; name = "GCDWebServerConnection.m"; path = "cordova-plugin-ionic-webview/GCDWebServerConnection.m"; sourceTree = "<group>"; fileEncoding = 4; lastKnownFileType = sourcecode.c.objc; explicitFileType = undefined; includeInIndex = 0; };
		F6C0E45BF828484ABE755154 /* GCDWebServerFunctions.m */ = {isa = PBXFileReference; name = "GCDWebServerFunctions.m"; path = "cordova-plugin-ionic-webview/GCDWebServerFunctions.m"; sourceTree = "<group>"; fileEncoding = 4; lastKnownFileType = sourcecode.c.objc; explicitFileType = undefined; includeInIndex = 0; };
		A2DD5B91DCA04439B9AD8443 /* GCDWebServerRequest.m */ = {isa = PBXFileReference; name = "GCDWebServerRequest.m"; path = "cordova-plugin-ionic-webview/GCDWebServerRequest.m"; sourceTree = "<group>"; fileEncoding = 4; lastKnownFileType = sourcecode.c.objc; explicitFileType = undefined; includeInIndex = 0; };
		C97B87FCDB9842D5BC265DB6 /* GCDWebServerResponse.m */ = {isa = PBXFileReference; name = "GCDWebServerResponse.m"; path = "cordova-plugin-ionic-webview/GCDWebServerResponse.m"; sourceTree = "<group>"; fileEncoding = 4; lastKnownFileType = sourcecode.c.objc; explicitFileType = undefined; includeInIndex = 0; };
		63EA54EC8F4C4F9E816263FA /* GCDWebServerDataRequest.m */ = {isa = PBXFileReference; name = "GCDWebServerDataRequest.m"; path = "cordova-plugin-ionic-webview/GCDWebServerDataRequest.m"; sourceTree = "<group>"; fileEncoding = 4; lastKnownFileType = sourcecode.c.objc; explicitFileType = undefined; includeInIndex = 0; };
		B44BD5D43DB447F6AAEFE59B /* GCDWebServerFileRequest.m */ = {isa = PBXFileReference; name = "GCDWebServerFileRequest.m"; path = "cordova-plugin-ionic-webview/GCDWebServerFileRequest.m"; sourceTree = "<group>"; fileEncoding = 4; lastKnownFileType = sourcecode.c.objc; explicitFileType = undefined; includeInIndex = 0; };
		18603B0A35CA4BCF8A7C37C1 /* GCDWebServerMultiPartFormRequest.m */ = {isa = PBXFileReference; name = "GCDWebServerMultiPartFormRequest.m"; path = "cordova-plugin-ionic-webview/GCDWebServerMultiPartFormRequest.m"; sourceTree = "<group>"; fileEncoding = 4; lastKnownFileType = sourcecode.c.objc; explicitFileType = undefined; includeInIndex = 0; };
		3ABE235FC5714DA28AD629BE /* GCDWebServerURLEncodedFormRequest.m */ = {isa = PBXFileReference; name = "GCDWebServerURLEncodedFormRequest.m"; path = "cordova-plugin-ionic-webview/GCDWebServerURLEncodedFormRequest.m"; sourceTree = "<group>"; fileEncoding = 4; lastKnownFileType = sourcecode.c.objc; explicitFileType = undefined; includeInIndex = 0; };
		D572D80343AF4DBCA5D4B7F8 /* GCDWebServerDataResponse.m */ = {isa = PBXFileReference; name = "GCDWebServerDataResponse.m"; path = "cordova-plugin-ionic-webview/GCDWebServerDataResponse.m"; sourceTree = "<group>"; fileEncoding = 4; lastKnownFileType = sourcecode.c.objc; explicitFileType = undefined; includeInIndex = 0; };
		2CAF73B7CEEB44FF8678FB2F /* GCDWebServerErrorResponse.m */ = {isa = PBXFileReference; name = "GCDWebServerErrorResponse.m"; path = "cordova-plugin-ionic-webview/GCDWebServerErrorResponse.m"; sourceTree = "<group>"; fileEncoding = 4; lastKnownFileType = sourcecode.c.objc; explicitFileType = undefined; includeInIndex = 0; };
		6993186D43AD4350B1D3C514 /* GCDWebServerFileResponse.m */ = {isa = PBXFileReference; name = "GCDWebServerFileResponse.m"; path = "cordova-plugin-ionic-webview/GCDWebServerFileResponse.m"; sourceTree = "<group>"; fileEncoding = 4; lastKnownFileType = sourcecode.c.objc; explicitFileType = undefined; includeInIndex = 0; };
		1601EE1E612D4D02A79D6AAC /* GCDWebServerStreamedResponse.m */ = {isa = PBXFileReference; name = "GCDWebServerStreamedResponse.m"; path = "cordova-plugin-ionic-webview/GCDWebServerStreamedResponse.m"; sourceTree = "<group>"; fileEncoding = 4; lastKnownFileType = sourcecode.c.objc; explicitFileType = undefined; includeInIndex = 0; };
		574799CF37D84FA499D24016 /* CDVWKWebViewEngine.h */ = {isa = PBXFileReference; name = "CDVWKWebViewEngine.h"; path = "cordova-plugin-ionic-webview/CDVWKWebViewEngine.h"; sourceTree = "<group>"; fileEncoding = 4; lastKnownFileType = sourcecode.c.h; explicitFileType = undefined; includeInIndex = 0; };
		7AD824430BB94DB08CAE3C66 /* CDVWKWebViewUIDelegate.h */ = {isa = PBXFileReference; name = "CDVWKWebViewUIDelegate.h"; path = "cordova-plugin-ionic-webview/CDVWKWebViewUIDelegate.h"; sourceTree = "<group>"; fileEncoding = 4; lastKnownFileType = sourcecode.c.h; explicitFileType = undefined; includeInIndex = 0; };
		30BF40D1F1F04AE0B4232B5B /* CDVWKProcessPoolFactory.h */ = {isa = PBXFileReference; name = "CDVWKProcessPoolFactory.h"; path = "cordova-plugin-ionic-webview/CDVWKProcessPoolFactory.h"; sourceTree = "<group>"; fileEncoding = 4; lastKnownFileType = sourcecode.c.h; explicitFileType = undefined; includeInIndex = 0; };
		D4FA81574BF347838441A12D /* GCDWebServer.h */ = {isa = PBXFileReference; name = "GCDWebServer.h"; path = "cordova-plugin-ionic-webview/GCDWebServer.h"; sourceTree = "<group>"; fileEncoding = 4; lastKnownFileType = sourcecode.c.h; explicitFileType = undefined; includeInIndex = 0; };
		AF83849781824BEE99FA5C32 /* GCDWebServerConnection.h */ = {isa = PBXFileReference; name = "GCDWebServerConnection.h"; path = "cordova-plugin-ionic-webview/GCDWebServerConnection.h"; sourceTree = "<group>"; fileEncoding = 4; lastKnownFileType = sourcecode.c.h; explicitFileType = undefined; includeInIndex = 0; };
		C5AF4B8C55B34BFBA24CD325 /* GCDWebServerFunctions.h */ = {isa = PBXFileReference; name = "GCDWebServerFunctions.h"; path = "cordova-plugin-ionic-webview/GCDWebServerFunctions.h"; sourceTree = "<group>"; fileEncoding = 4; lastKnownFileType = sourcecode.c.h; explicitFileType = undefined; includeInIndex = 0; };
		4EAD9E0DD97F466B89E4D088 /* GCDWebServerHTTPStatusCodes.h */ = {isa = PBXFileReference; name = "GCDWebServerHTTPStatusCodes.h"; path = "cordova-plugin-ionic-webview/GCDWebServerHTTPStatusCodes.h"; sourceTree = "<group>"; fileEncoding = 4; lastKnownFileType = sourcecode.c.h; explicitFileType = undefined; includeInIndex = 0; };
		D21CBA8A093B4EFEB5BD852C /* GCDWebServerPrivate.h */ = {isa = PBXFileReference; name = "GCDWebServerPrivate.h"; path = "cordova-plugin-ionic-webview/GCDWebServerPrivate.h"; sourceTree = "<group>"; fileEncoding = 4; lastKnownFileType = sourcecode.c.h; explicitFileType = undefined; includeInIndex = 0; };
		F612EEFF2E584964A4F57B1D /* GCDWebServerRequest.h */ = {isa = PBXFileReference; name = "GCDWebServerRequest.h"; path = "cordova-plugin-ionic-webview/GCDWebServerRequest.h"; sourceTree = "<group>"; fileEncoding = 4; lastKnownFileType = sourcecode.c.h; explicitFileType = undefined; includeInIndex = 0; };
		E7C5FBDC38284E4980727A45 /* GCDWebServerResponse.h */ = {isa = PBXFileReference; name = "GCDWebServerResponse.h"; path = "cordova-plugin-ionic-webview/GCDWebServerResponse.h"; sourceTree = "<group>"; fileEncoding = 4; lastKnownFileType = sourcecode.c.h; explicitFileType = undefined; includeInIndex = 0; };
		AB01CEA393BD425D870B6492 /* GCDWebServerDataRequest.h */ = {isa = PBXFileReference; name = "GCDWebServerDataRequest.h"; path = "cordova-plugin-ionic-webview/GCDWebServerDataRequest.h"; sourceTree = "<group>"; fileEncoding = 4; lastKnownFileType = sourcecode.c.h; explicitFileType = undefined; includeInIndex = 0; };
		05ECE282A9594167BE1306B3 /* GCDWebServerFileRequest.h */ = {isa = PBXFileReference; name = "GCDWebServerFileRequest.h"; path = "cordova-plugin-ionic-webview/GCDWebServerFileRequest.h"; sourceTree = "<group>"; fileEncoding = 4; lastKnownFileType = sourcecode.c.h; explicitFileType = undefined; includeInIndex = 0; };
		D806780FAFD84C91917424EB /* GCDWebServerMultiPartFormRequest.h */ = {isa = PBXFileReference; name = "GCDWebServerMultiPartFormRequest.h"; path = "cordova-plugin-ionic-webview/GCDWebServerMultiPartFormRequest.h"; sourceTree = "<group>"; fileEncoding = 4; lastKnownFileType = sourcecode.c.h; explicitFileType = undefined; includeInIndex = 0; };
		F40ED20505D5462FA338923A /* GCDWebServerURLEncodedFormRequest.h */ = {isa = PBXFileReference; name = "GCDWebServerURLEncodedFormRequest.h"; path = "cordova-plugin-ionic-webview/GCDWebServerURLEncodedFormRequest.h"; sourceTree = "<group>"; fileEncoding = 4; lastKnownFileType = sourcecode.c.h; explicitFileType = undefined; includeInIndex = 0; };
		2428549D106F4B40AD124316 /* GCDWebServerDataResponse.h */ = {isa = PBXFileReference; name = "GCDWebServerDataResponse.h"; path = "cordova-plugin-ionic-webview/GCDWebServerDataResponse.h"; sourceTree = "<group>"; fileEncoding = 4; lastKnownFileType = sourcecode.c.h; explicitFileType = undefined; includeInIndex = 0; };
		00EA2236B8034F208250A4F5 /* GCDWebServerErrorResponse.h */ = {isa = PBXFileReference; name = "GCDWebServerErrorResponse.h"; path = "cordova-plugin-ionic-webview/GCDWebServerErrorResponse.h"; sourceTree = "<group>"; fileEncoding = 4; lastKnownFileType = sourcecode.c.h; explicitFileType = undefined; includeInIndex = 0; };
		80FAFB117F8B4E4983C5D4BC /* GCDWebServerFileResponse.h */ = {isa = PBXFileReference; name = "GCDWebServerFileResponse.h"; path = "cordova-plugin-ionic-webview/GCDWebServerFileResponse.h"; sourceTree = "<group>"; fileEncoding = 4; lastKnownFileType = sourcecode.c.h; explicitFileType = undefined; includeInIndex = 0; };
		E1C1E5DD37794761855E3A0D /* GCDWebServerStreamedResponse.h */ = {isa = PBXFileReference; name = "GCDWebServerStreamedResponse.h"; path = "cordova-plugin-ionic-webview/GCDWebServerStreamedResponse.h"; sourceTree = "<group>"; fileEncoding = 4; lastKnownFileType = sourcecode.c.h; explicitFileType = undefined; includeInIndex = 0; };
		F3F5FA253D3B4D5BA902BF98 /* WebKit.framework */ = {isa = PBXFileReference; name = "WebKit.framework"; path = "System/Library/Frameworks/WebKit.framework"; sourceTree = SDKROOT; fileEncoding = undefined; lastKnownFileType = wrapper.framework; explicitFileType = undefined; includeInIndex = 0; };
		F0D313286C694A7EB02C31E8 /* CDVSplashScreen.m */ = {isa = PBXFileReference; name = "CDVSplashScreen.m"; path = "cordova-plugin-splashscreen/CDVSplashScreen.m"; sourceTree = "<group>"; fileEncoding = 4; lastKnownFileType = sourcecode.c.objc; explicitFileType = undefined; includeInIndex = 0; };
		D2E0C0BB233B4EDBABCB08C5 /* CDVViewController+SplashScreen.m */ = {isa = PBXFileReference; name = "CDVViewController+SplashScreen.m"; path = "cordova-plugin-splashscreen/CDVViewController+SplashScreen.m"; sourceTree = "<group>"; fileEncoding = 4; lastKnownFileType = sourcecode.c.objc; explicitFileType = undefined; includeInIndex = 0; };
		905E89514F43495EA5F74D12 /* CDVSplashScreen.h */ = {isa = PBXFileReference; name = "CDVSplashScreen.h"; path = "cordova-plugin-splashscreen/CDVSplashScreen.h"; sourceTree = "<group>"; fileEncoding = 4; lastKnownFileType = sourcecode.c.h; explicitFileType = undefined; includeInIndex = 0; };
		198C0AEE85894C9FB2D91356 /* CDVViewController+SplashScreen.h */ = {isa = PBXFileReference; name = "CDVViewController+SplashScreen.h"; path = "cordova-plugin-splashscreen/CDVViewController+SplashScreen.h"; sourceTree = "<group>"; fileEncoding = 4; lastKnownFileType = sourcecode.c.h; explicitFileType = undefined; includeInIndex = 0; };
/* End PBXFileReference section */

/* Begin PBXFrameworksBuildPhase section */
		1D60588F0D05DD3D006BFB54 /* Frameworks */ = {
			isa = PBXFrameworksBuildPhase;
			buildActionMask = 2147483647;
			files = (
				301BF552109A68D80062928A /* libCordova.a in Frameworks */,
				072F34E559D44FAB84FFC232 /* libz.tbd in Frameworks */,
				563EE2252B674FF7A6301269 /* FirebaseAnalytics.framework in Frameworks */,
				795C6C7FA04546DF8D11640E /* FirebaseCore.framework in Frameworks */,
				6F78AEAC4D1D4BB9A73C862E /* FirebaseInstanceID.framework in Frameworks */,
				7A32AC1F0757488E9139B283 /* FirebaseMessaging.framework in Frameworks */,
				A72B887F620B4ED7BF7800B7 /* GoogleInterchangeUtilities.framework in Frameworks */,
				99CBF4059FA44AB88642B45D /* GoogleIPhoneUtilities.framework in Frameworks */,
				9D209686682A441084988C0A /* GoogleSymbolUtilities.framework in Frameworks */,
				840971F266AD404EBBBB3EA1 /* GoogleUtilities.framework in Frameworks */,
				95F7BCF90C054038ACE98472 /* libc++.tbd in Frameworks */,
				D2277858778345139B51EBBC /* AddressBook.framework in Frameworks */,
				41B471EC00E94D2BA66D0863 /* libsqlite3.0.tbd in Frameworks */,
				BCA5F635252C44218CF3E414 /* Security.framework in Frameworks */,
				D3E51640066D4AFA9CC29167 /* WebKit.framework in Frameworks */,
			);
			runOnlyForDeploymentPostprocessing = 0;
		};
/* End PBXFrameworksBuildPhase section */

/* Begin PBXGroup section */
		080E96DDFE201D6D7F000001 /* Classes */ = {
			isa = PBXGroup;
			children = (
				302D95EE14D2391D003F00A1 /* MainViewController.h */,
				302D95EF14D2391D003F00A1 /* MainViewController.m */,
				302D95F014D2391D003F00A1 /* MainViewController.xib */,
				1D3623240D0F684500981E51 /* AppDelegate.h */,
				1D3623250D0F684500981E51 /* AppDelegate.m */,
			);
			name = Classes;
			path = "Prata da Casa/Classes";
			sourceTree = SOURCE_ROOT;
		};
		19C28FACFE9D520D11CA2CBB /* Products */ = {
			isa = PBXGroup;
			children = (
				1D6058910D05DD3D006BFB54 /* Prata da Casa.app */,
			);
			name = Products;
			sourceTree = "<group>";
		};
		29B97314FDCFA39411CA2CEA /* CustomTemplate */ = {
			isa = PBXGroup;
			children = (
				EB87FDF41871DAF40020F90C /* config.xml */,
				EB87FDF31871DA8E0020F90C /* www */,
				EB87FDF11871DA420020F90C /* Staging */,
				301BF52D109A57CC0062928A /* CordovaLib.xcodeproj */,
				080E96DDFE201D6D7F000001 /* Classes */,
				307C750510C5A3420062BCA9 /* Plugins */,
				29B97315FDCFA39411CA2CEA /* Other Sources */,
				29B97317FDCFA39411CA2CEA /* Resources */,
				29B97323FDCFA39411CA2CEA /* Frameworks */,
				19C28FACFE9D520D11CA2CBB /* Products */,
			);
			name = CustomTemplate;
			sourceTree = "<group>";
		};
		29B97315FDCFA39411CA2CEA /* Other Sources */ = {
			isa = PBXGroup;
			children = (
				32CA4F630368D1EE00C91783 /* Prata da Casa-Prefix.pch */,
				29B97316FDCFA39411CA2CEA /* main.m */,
				ED33DF2A687741AEAF9F8254 /* Bridging-Header.h */,
			);
			name = "Other Sources";
			path = "Prata da Casa";
			sourceTree = "<group>";
		};
		29B97317FDCFA39411CA2CEA /* Resources */ = {
			isa = PBXGroup;
			children = (
				0207DA571B56EA530066E2B4 /* Images.xcassets */,
				3047A50E1AB8057F00498E2A /* config */,
				8D1107310486CEB800E47090 /* Prata da Casa-Info.plist */,
				6AFF5BF81D6E424B00AB3073 /* CDVLaunchScreen.storyboard */,
				79E8F18B20264E78AF0F11EA /* GoogleService-Info.plist */,
			);
			name = Resources;
			path = "Prata da Casa/Resources";
			sourceTree = "<group>";
		};
		29B97323FDCFA39411CA2CEA /* Frameworks */ = {
			isa = PBXGroup;
			children = (
				AD8095FBE15845708C812930 /* libz.tbd */,
				103EA6BD95524A61B909252D /* FirebaseAnalytics.framework */,
				1D578A648EB84C1AAD6F94A4 /* FirebaseCore.framework */,
				BC29F1D0EF1E44D2A467AB98 /* FirebaseInstanceID.framework */,
				669899F994F84CC9AD0A6C3F /* FirebaseMessaging.framework */,
				03C4BE279184457B899B2021 /* GoogleInterchangeUtilities.framework */,
				60FC6763CDBA46F5A1F47690 /* GoogleIPhoneUtilities.framework */,
				97504409E45543ACB6314EFC /* GoogleSymbolUtilities.framework */,
				DA36870BA5E544E18CA1C39A /* GoogleUtilities.framework */,
				D33375F48488444B8159CC6C /* libc++.tbd */,
				D1B8E2B0B0C74385872EFA54 /* AddressBook.framework */,
				2F3626838EA5486896F079AD /* libsqlite3.0.tbd */,
				BF01AC3C5275404DB0248E31 /* Security.framework */,
				F3F5FA253D3B4D5BA902BF98 /* WebKit.framework */,
			);
			name = Frameworks;
			sourceTree = "<group>";
		};
		301BF52E109A57CC0062928A /* Products */ = {
			isa = PBXGroup;
			children = (
				301BF535109A57CC0062928A /* libCordova.a */,
			);
			name = Products;
			sourceTree = "<group>";
		};
		3047A50E1AB8057F00498E2A /* config */ = {
			isa = PBXGroup;
			children = (
				3047A50F1AB8059700498E2A /* build-debug.xcconfig */,
				3047A5101AB8059700498E2A /* build-release.xcconfig */,
				3047A5111AB8059700498E2A /* build.xcconfig */,
			);
			name = config;
			sourceTree = "<group>";
		};
		307C750510C5A3420062BCA9 /* Plugins */ = {
			isa = PBXGroup;
			children = (
				E1E6D3CDB4B14F968D4FCB54 /* CDVDevice.m */,
				C19A0ACAF7BD4F8397D4B587 /* CDVDevice.h */,
				4A8EA5D786674AA4A370E55D /* FCMPlugin.m */,
				F4A8CD42675743E186ED7C71 /* AppDelegate+FCMPlugin.m */,
				BA388AE179BA461292BDED5A /* FCMPlugin.h */,
				08DFBB777236457D976B360F /* AppDelegate+FCMPlugin.h */,
				054FBAC6AB174083AF71D152 /* Firebase.h */,
				BF8408E6180741BABF80294B /* CDVInAppBrowser.m */,
				D9670C4AF3E44F049A3B7102 /* CDVInAppBrowser.h */,
				BDB6CD3B1831473D8E71FF57 /* CDVIonicKeyboard.m */,
				D5B3BE22099E4208AC848246 /* CDVIonicKeyboard.h */,
				0B2F1E989DF04E93B01DA160 /* CDVWKWebViewEngine.m */,
				335CC57285F147DBBE486CE3 /* CDVWKWebViewUIDelegate.m */,
				8739153929B54B7894CCA2C8 /* CDVWKProcessPoolFactory.m */,
				C4BB83154F6E479597E8C4BD /* GCDWebServer.m */,
				052760F7F3C341F6911EBA0A /* GCDWebServerConnection.m */,
				F6C0E45BF828484ABE755154 /* GCDWebServerFunctions.m */,
				A2DD5B91DCA04439B9AD8443 /* GCDWebServerRequest.m */,
				C97B87FCDB9842D5BC265DB6 /* GCDWebServerResponse.m */,
				63EA54EC8F4C4F9E816263FA /* GCDWebServerDataRequest.m */,
				B44BD5D43DB447F6AAEFE59B /* GCDWebServerFileRequest.m */,
				18603B0A35CA4BCF8A7C37C1 /* GCDWebServerMultiPartFormRequest.m */,
				3ABE235FC5714DA28AD629BE /* GCDWebServerURLEncodedFormRequest.m */,
				D572D80343AF4DBCA5D4B7F8 /* GCDWebServerDataResponse.m */,
				2CAF73B7CEEB44FF8678FB2F /* GCDWebServerErrorResponse.m */,
				6993186D43AD4350B1D3C514 /* GCDWebServerFileResponse.m */,
				1601EE1E612D4D02A79D6AAC /* GCDWebServerStreamedResponse.m */,
				574799CF37D84FA499D24016 /* CDVWKWebViewEngine.h */,
				7AD824430BB94DB08CAE3C66 /* CDVWKWebViewUIDelegate.h */,
				30BF40D1F1F04AE0B4232B5B /* CDVWKProcessPoolFactory.h */,
				D4FA81574BF347838441A12D /* GCDWebServer.h */,
				AF83849781824BEE99FA5C32 /* GCDWebServerConnection.h */,
				C5AF4B8C55B34BFBA24CD325 /* GCDWebServerFunctions.h */,
				4EAD9E0DD97F466B89E4D088 /* GCDWebServerHTTPStatusCodes.h */,
				D21CBA8A093B4EFEB5BD852C /* GCDWebServerPrivate.h */,
				F612EEFF2E584964A4F57B1D /* GCDWebServerRequest.h */,
				E7C5FBDC38284E4980727A45 /* GCDWebServerResponse.h */,
				AB01CEA393BD425D870B6492 /* GCDWebServerDataRequest.h */,
				05ECE282A9594167BE1306B3 /* GCDWebServerFileRequest.h */,
				D806780FAFD84C91917424EB /* GCDWebServerMultiPartFormRequest.h */,
				F40ED20505D5462FA338923A /* GCDWebServerURLEncodedFormRequest.h */,
				2428549D106F4B40AD124316 /* GCDWebServerDataResponse.h */,
				00EA2236B8034F208250A4F5 /* GCDWebServerErrorResponse.h */,
				80FAFB117F8B4E4983C5D4BC /* GCDWebServerFileResponse.h */,
				E1C1E5DD37794761855E3A0D /* GCDWebServerStreamedResponse.h */,
				F0D313286C694A7EB02C31E8 /* CDVSplashScreen.m */,
				D2E0C0BB233B4EDBABCB08C5 /* CDVViewController+SplashScreen.m */,
				905E89514F43495EA5F74D12 /* CDVSplashScreen.h */,
				198C0AEE85894C9FB2D91356 /* CDVViewController+SplashScreen.h */,
			);
			name = Plugins;
			path = "Prata da Casa/Plugins";
			sourceTree = SOURCE_ROOT;
		};
		EB87FDF11871DA420020F90C /* Staging */ = {
			isa = PBXGroup;
			children = (
				F840E1F0165FE0F500CFE078 /* config.xml */,
				301BF56E109A69640062928A /* www */,
			);
			name = Staging;
			sourceTree = "<group>";
		};
/* End PBXGroup section */

/* Begin PBXNativeTarget section */
		1D6058900D05DD3D006BFB54 /* Prata da Casa */ = {
			isa = PBXNativeTarget;
			buildConfigurationList = 1D6058960D05DD3E006BFB54 /* Build configuration list for PBXNativeTarget "Prata da Casa" */;
			buildPhases = (
				304B58A110DAC018002A0835 /* Copy www directory */,
				1D60588D0D05DD3D006BFB54 /* Resources */,
				1D60588E0D05DD3D006BFB54 /* Sources */,
				1D60588F0D05DD3D006BFB54 /* Frameworks */,
			);
			buildRules = (
			);
			dependencies = (
				301BF551109A68C00062928A /* PBXTargetDependency */,
			);
			name = "Prata da Casa";
			productName = "Prata da Casa";
			productReference = 1D6058910D05DD3D006BFB54 /* Prata da Casa.app */;
			productType = "com.apple.product-type.application";
		};
/* End PBXNativeTarget section */

/* Begin PBXProject section */
		29B97313FDCFA39411CA2CEA /* Project object */ = {
			isa = PBXProject;
			attributes = {
				LastUpgradeCheck = 510;
			};
			buildConfigurationList = C01FCF4E08A954540054247B /* Build configuration list for PBXProject "__NON-CLI__" */;
			compatibilityVersion = "Xcode 3.2";
			developmentRegion = English;
			hasScannedForEncodings = 1;
			mainGroup = 29B97314FDCFA39411CA2CEA /* CustomTemplate */;
			projectDirPath = "";
			projectReferences = (
				{
					ProductGroup = 301BF52E109A57CC0062928A /* Products */;
					ProjectRef = 301BF52D109A57CC0062928A /* CordovaLib.xcodeproj */;
				},
			);
			projectRoot = "";
			targets = (
				1D6058900D05DD3D006BFB54 /* Prata da Casa */,
			);
		};
/* End PBXProject section */

/* Begin PBXReferenceProxy section */
		301BF535109A57CC0062928A /* libCordova.a */ = {
			isa = PBXReferenceProxy;
			fileType = archive.ar;
			path = libCordova.a;
			remoteRef = 301BF534109A57CC0062928A /* PBXContainerItemProxy */;
			sourceTree = BUILT_PRODUCTS_DIR;
		};
/* End PBXReferenceProxy section */

/* Begin PBXResourcesBuildPhase section */
		1D60588D0D05DD3D006BFB54 /* Resources */ = {
			isa = PBXResourcesBuildPhase;
			buildActionMask = 2147483647;
			files = (
				302D95F214D2391D003F00A1 /* MainViewController.xib in Resources */,
				0207DA581B56EA530066E2B4 /* Images.xcassets in Resources */,
				6AFF5BF91D6E424B00AB3073 /* CDVLaunchScreen.storyboard in Resources */,
				48AE6A41A9CB4731A106B77F /* GoogleService-Info.plist in Resources */,
			);
			runOnlyForDeploymentPostprocessing = 0;
		};
/* End PBXResourcesBuildPhase section */

/* Begin PBXShellScriptBuildPhase section */
		304B58A110DAC018002A0835 /* Copy www directory */ = {
			isa = PBXShellScriptBuildPhase;
			buildActionMask = 2147483647;
			files = (
			);
			inputPaths = (
			);
			name = "Copy www directory";
			outputPaths = (
			);
			runOnlyForDeploymentPostprocessing = 0;
			shellPath = /bin/sh;
			shellScript = "NODEJS_PATH=/usr/local/bin; NVM_NODE_PATH=~/.nvm/versions/node/`nvm version 2>/dev/null`/bin; N_NODE_PATH=`find /usr/local/n/versions/node/* -maxdepth 0 -type d 2>/dev/null | tail -1`/bin; XCODE_NODE_PATH=`xcode-select --print-path`/usr/share/xcs/Node/bin; PATH=$NODEJS_PATH:$NVM_NODE_PATH:$N_NODE_PATH:$XCODE_NODE_PATH:$PATH && node cordova/lib/copy-www-build-step.js";
			showEnvVarsInLog = 0;
		};
/* End PBXShellScriptBuildPhase section */

/* Begin PBXSourcesBuildPhase section */
		1D60588E0D05DD3D006BFB54 /* Sources */ = {
			isa = PBXSourcesBuildPhase;
			buildActionMask = 2147483647;
			files = (
				1D60589B0D05DD56006BFB54 /* main.m in Sources */,
				1D3623260D0F684500981E51 /* AppDelegate.m in Sources */,
				302D95F114D2391D003F00A1 /* MainViewController.m in Sources */,
				7E7FDE0F8994447BB9F4C107 /* CDVDevice.m in Sources */,
				B8FB399F7E8F4C6592B06857 /* FCMPlugin.m in Sources */,
				F1AC4FA082454CC3916EA667 /* AppDelegate+FCMPlugin.m in Sources */,
				1D47916092314EDEAD00EB6F /* CDVInAppBrowser.m in Sources */,
				D2EE0C4EAB304134903D7FD7 /* CDVIonicKeyboard.m in Sources */,
				E7AAB88C1BD64F76B7FD03EE /* CDVWKWebViewEngine.m in Sources */,
				746298442C8644189BE4A7BB /* CDVWKWebViewUIDelegate.m in Sources */,
				E686943A0EAC4AF5A36CDE43 /* CDVWKProcessPoolFactory.m in Sources */,
				C3FACD673C994736B334F02E /* GCDWebServer.m in Sources */,
				4C8AFE72E1134BBF80DB8201 /* GCDWebServerConnection.m in Sources */,
				8CDB4CB8259141BC9EAA8C74 /* GCDWebServerFunctions.m in Sources */,
				67E97B39128A409E9F556C8D /* GCDWebServerRequest.m in Sources */,
				5D464F153C544FD8B56EB1A6 /* GCDWebServerResponse.m in Sources */,
				ABA1B9CE8EE546D2ABA31BBD /* GCDWebServerDataRequest.m in Sources */,
				9A9E9B45E15F439481501AB8 /* GCDWebServerFileRequest.m in Sources */,
				C7342CB33C86463BA4EDB9FD /* GCDWebServerMultiPartFormRequest.m in Sources */,
				44D305F50A7F4D999E948DA8 /* GCDWebServerURLEncodedFormRequest.m in Sources */,
				29D9AFC2BFBC4B42A8EE3FAE /* GCDWebServerDataResponse.m in Sources */,
				95C1E2FEBB274C18AF0B222F /* GCDWebServerErrorResponse.m in Sources */,
				D38756CF054D4CC2B35D98AC /* GCDWebServerFileResponse.m in Sources */,
				7B879CC6C1A140E59BDD04F9 /* GCDWebServerStreamedResponse.m in Sources */,
				387A27F49A084A288588D442 /* CDVSplashScreen.m in Sources */,
				ADDD550D14794CFEB332405C /* CDVViewController+SplashScreen.m in Sources */,
			);
			runOnlyForDeploymentPostprocessing = 0;
		};
/* End PBXSourcesBuildPhase section */

/* Begin PBXTargetDependency section */
		301BF551109A68C00062928A /* PBXTargetDependency */ = {
			isa = PBXTargetDependency;
			name = CordovaLib;
			targetProxy = 301BF550109A68C00062928A /* PBXContainerItemProxy */;
		};
/* End PBXTargetDependency section */

/* Begin XCBuildConfiguration section */
		1D6058940D05DD3E006BFB54 /* Debug */ = {
			isa = XCBuildConfiguration;
			baseConfigurationReference = 3047A50F1AB8059700498E2A /* build-debug.xcconfig */;
			buildSettings = {
				ALWAYS_SEARCH_USER_PATHS = NO;
				ASSETCATALOG_COMPILER_APPICON_NAME = AppIcon;
				ASSETCATALOG_COMPILER_LAUNCHIMAGE_NAME = LaunchImage;
				CLANG_ENABLE_MODULES = YES;
				CLANG_ENABLE_OBJC_ARC = YES;
				COPY_PHASE_STRIP = NO;
				GCC_DYNAMIC_NO_PIC = NO;
				GCC_OPTIMIZATION_LEVEL = 0;
				GCC_PRECOMPILE_PREFIX_HEADER = YES;
				GCC_PREFIX_HEADER = "Prata da Casa/Prata da Casa-Prefix.pch";
				GCC_THUMB_SUPPORT = NO;
				GCC_VERSION = "";
				INFOPLIST_FILE = "Prata da Casa/Prata da Casa-Info.plist";
				IPHONEOS_DEPLOYMENT_TARGET = 9.0;
				LD_RUNPATH_SEARCH_PATHS = "@executable_path/Frameworks";
				TARGETED_DEVICE_FAMILY = "1,2";
				PRODUCT_NAME = "Prata da Casa";
				FRAMEWORK_SEARCH_PATHS = (
					"$(inherited)",
					"\"Prata da Casa/Plugins/cordova-plugin-fcm\"",
					"\"Prata da Casa/Plugins/cordova-plugin-fcm\"",
					"\"Prata da Casa/Plugins/cordova-plugin-fcm\"",
					"\"Prata da Casa/Plugins/cordova-plugin-fcm\"",
					"\"Prata da Casa/Plugins/cordova-plugin-fcm\"",
					"\"Prata da Casa/Plugins/cordova-plugin-fcm\"",
					"\"Prata da Casa/Plugins/cordova-plugin-fcm\"",
					"\"Prata da Casa/Plugins/cordova-plugin-fcm\"",
				);
			};
			name = Debug;
		};
		1D6058950D05DD3E006BFB54 /* Release */ = {
			isa = XCBuildConfiguration;
			baseConfigurationReference = 3047A5101AB8059700498E2A /* build-release.xcconfig */;
			buildSettings = {
				ALWAYS_SEARCH_USER_PATHS = NO;
				ASSETCATALOG_COMPILER_APPICON_NAME = AppIcon;
				ASSETCATALOG_COMPILER_LAUNCHIMAGE_NAME = LaunchImage;
				CLANG_ENABLE_MODULES = YES;
				CLANG_ENABLE_OBJC_ARC = YES;
				COPY_PHASE_STRIP = YES;
				GCC_PRECOMPILE_PREFIX_HEADER = YES;
				GCC_PREFIX_HEADER = "Prata da Casa/Prata da Casa-Prefix.pch";
				GCC_THUMB_SUPPORT = NO;
				GCC_VERSION = "";
				INFOPLIST_FILE = "Prata da Casa/Prata da Casa-Info.plist";
				IPHONEOS_DEPLOYMENT_TARGET = 9.0;
				LD_RUNPATH_SEARCH_PATHS = "@executable_path/Frameworks";
				TARGETED_DEVICE_FAMILY = "1,2";
				PRODUCT_NAME = "Prata da Casa";
				FRAMEWORK_SEARCH_PATHS = (
					"$(inherited)",
					"\"Prata da Casa/Plugins/cordova-plugin-fcm\"",
					"\"Prata da Casa/Plugins/cordova-plugin-fcm\"",
					"\"Prata da Casa/Plugins/cordova-plugin-fcm\"",
					"\"Prata da Casa/Plugins/cordova-plugin-fcm\"",
					"\"Prata da Casa/Plugins/cordova-plugin-fcm\"",
					"\"Prata da Casa/Plugins/cordova-plugin-fcm\"",
					"\"Prata da Casa/Plugins/cordova-plugin-fcm\"",
					"\"Prata da Casa/Plugins/cordova-plugin-fcm\"",
				);
			};
			name = Release;
		};
		C01FCF4F08A954540054247B /* Debug */ = {
			isa = XCBuildConfiguration;
			baseConfigurationReference = 3047A5111AB8059700498E2A /* build.xcconfig */;
			buildSettings = {
				CLANG_ENABLE_MODULES = YES;
				CLANG_ENABLE_OBJC_ARC = YES;
				CLANG_WARN_BOOL_CONVERSION = YES;
				CLANG_WARN_CONSTANT_CONVERSION = YES;
				CLANG_WARN_EMPTY_BODY = YES;
				CLANG_WARN_ENUM_CONVERSION = YES;
				CLANG_WARN_INT_CONVERSION = YES;
				CLANG_WARN__DUPLICATE_METHOD_MATCH = YES;
				GCC_C_LANGUAGE_STANDARD = c99;
				GCC_THUMB_SUPPORT = NO;
				GCC_VERSION = "";
				GCC_WARN_ABOUT_RETURN_TYPE = YES;
				GCC_WARN_UNDECLARED_SELECTOR = YES;
				GCC_WARN_UNINITIALIZED_AUTOS = YES;
				GCC_WARN_UNUSED_FUNCTION = YES;
				GCC_WARN_UNUSED_VARIABLE = YES;
				ONLY_ACTIVE_ARCH = YES;
				SDKROOT = iphoneos;
				SKIP_INSTALL = NO;
			};
			name = Debug;
		};
		C01FCF5008A954540054247B /* Release */ = {
			isa = XCBuildConfiguration;
			baseConfigurationReference = 3047A5111AB8059700498E2A /* build.xcconfig */;
			buildSettings = {
				CLANG_ENABLE_MODULES = YES;
				CLANG_ENABLE_OBJC_ARC = YES;
				CLANG_WARN_BOOL_CONVERSION = YES;
				CLANG_WARN_CONSTANT_CONVERSION = YES;
				CLANG_WARN_EMPTY_BODY = YES;
				CLANG_WARN_ENUM_CONVERSION = YES;
				CLANG_WARN_INT_CONVERSION = YES;
				CLANG_WARN__DUPLICATE_METHOD_MATCH = YES;
				GCC_C_LANGUAGE_STANDARD = c99;
				GCC_THUMB_SUPPORT = NO;
				GCC_VERSION = "";
				GCC_WARN_ABOUT_RETURN_TYPE = YES;
				GCC_WARN_UNDECLARED_SELECTOR = YES;
				GCC_WARN_UNINITIALIZED_AUTOS = YES;
				GCC_WARN_UNUSED_FUNCTION = YES;
				GCC_WARN_UNUSED_VARIABLE = YES;
				SDKROOT = iphoneos;
				SKIP_INSTALL = NO;
			};
			name = Release;
		};
/* End XCBuildConfiguration section */

/* Begin XCConfigurationList section */
		1D6058960D05DD3E006BFB54 /* Build configuration list for PBXNativeTarget "Prata da Casa" */ = {
			isa = XCConfigurationList;
			buildConfigurations = (
				1D6058940D05DD3E006BFB54 /* Debug */,
				1D6058950D05DD3E006BFB54 /* Release */,
			);
			defaultConfigurationIsVisible = 0;
			defaultConfigurationName = Release;
		};
		C01FCF4E08A954540054247B /* Build configuration list for PBXProject "__NON-CLI__" */ = {
			isa = XCConfigurationList;
			buildConfigurations = (
				C01FCF4F08A954540054247B /* Debug */,
				C01FCF5008A954540054247B /* Release */,
			);
			defaultConfigurationIsVisible = 0;
			defaultConfigurationName = Release;
		};
/* End XCConfigurationList section */
	};
	rootObject = 29B97313FDCFA39411CA2CEA /* Project object */;
}
